
Microsoft Visual Studio Solution File, Format Version 12.00
# Visual Studio Version 16
VisualStudioVersion = 16.0.29215.179
MinimumVisualStudioVersion = 10.0.40219.1
Project("{FAE04EC0-301F-11D3-BF4B-00C04F79EFBC}") = "01-DefineAClassPerson", "01-DefineAClassPerson\01-DefineAClassPerson.csproj", "{2E68A24A-3FDB-4C55-92B7-DE99D65ED5BE}"
EndProject
Global
	GlobalSection(SolutionConfigurationPlatforms) = preSolution
		Debug|Any CPU = Debug|Any CPU
		Release|Any CPU = Release|Any CPU
	EndGlobalSection
	GlobalSection(ProjectConfigurationPlatforms) = postSolution
		{2E68A24A-3FDB-4C55-92B7-DE99D65ED5BE}.Debug|Any CPU.ActiveCfg = Debug|Any CPU
		{2E68A24A-3FDB-4C55-92B7-DE99D65ED5BE}.Debug|Any CPU.Build.0 = Debug|Any CPU
		{2E68A24A-3FDB-4C55-92B7-DE99D65ED5BE}.Release|Any CPU.ActiveCfg = Release|Any CPU
		{2E68A24A-3FDB-4C55-92B7-DE99D65ED5BE}.Release|Any CPU.Build.0 = Release|Any CPU
	EndGlobalSection
	GlobalSection(SolutionProperties) = preSolution
		HideSolutionNode = FALSE
	EndGlobalSection
	GlobalSection(ExtensibilityGlobals) = postSolution
		SolutionGuid = {CDE9C55D-79D0-4F31-99A2-C338E7A29CDA}
	EndGlobalSection
EndGlobal
