
Microsoft Visual Studio Solution File, Format Version 12.00
# Visual Studio 15
VisualStudioVersion = 15.0.28307.572
MinimumVisualStudioVersion = 10.0.40219.1
Project("{FAE04EC0-301F-11D3-BF4B-00C04F79EFBC}") = "14AprilFinalExam-Task02", "14AprilFinalExam-Task02\14AprilFinalExam-Task02.csproj", "{8CBC483B-94CA-4A92-A6D1-6124386C5217}"
EndProject
Global
	GlobalSection(SolutionConfigurationPlatforms) = preSolution
		Debug|Any CPU = Debug|Any CPU
		Release|Any CPU = Release|Any CPU
	EndGlobalSection
	GlobalSection(ProjectConfigurationPlatforms) = postSolution
		{8CBC483B-94CA-4A92-A6D1-6124386C5217}.Debug|Any CPU.ActiveCfg = Debug|Any CPU
		{8CBC483B-94CA-4A92-A6D1-6124386C5217}.Debug|Any CPU.Build.0 = Debug|Any CPU
		{8CBC483B-94CA-4A92-A6D1-6124386C5217}.Release|Any CPU.ActiveCfg = Release|Any CPU
		{8CBC483B-94CA-4A92-A6D1-6124386C5217}.Release|Any CPU.Build.0 = Release|Any CPU
	EndGlobalSection
	GlobalSection(SolutionProperties) = preSolution
		HideSolutionNode = FALSE
	EndGlobalSection
	GlobalSection(ExtensibilityGlobals) = postSolution
		SolutionGuid = {C8B4DD1D-0513-4F0D-91A6-A3940B0D0777}
	EndGlobalSection
EndGlobal
