
Microsoft Visual Studio Solution File, Format Version 12.00
# Visual Studio Version 16
VisualStudioVersion = 16.0.31624.102
MinimumVisualStudioVersion = 10.0.40219.1
Project("{FAE04EC0-301F-11D3-BF4B-00C04F79EFBC}") = "AnimalZooA1", "AnimalZooA1\AnimalZooA1.csproj", "{F79A90A6-766E-430A-812C-F5580857DE2E}"
EndProject
Global
	GlobalSection(SolutionConfigurationPlatforms) = preSolution
		Debug|Any CPU = Debug|Any CPU
		Release|Any CPU = Release|Any CPU
	EndGlobalSection
	GlobalSection(ProjectConfigurationPlatforms) = postSolution
		{F79A90A6-766E-430A-812C-F5580857DE2E}.Debug|Any CPU.ActiveCfg = Debug|Any CPU
		{F79A90A6-766E-430A-812C-F5580857DE2E}.Debug|Any CPU.Build.0 = Debug|Any CPU
		{F79A90A6-766E-430A-812C-F5580857DE2E}.Release|Any CPU.ActiveCfg = Release|Any CPU
		{F79A90A6-766E-430A-812C-F5580857DE2E}.Release|Any CPU.Build.0 = Release|Any CPU
	EndGlobalSection
	GlobalSection(SolutionProperties) = preSolution
		HideSolutionNode = FALSE
	EndGlobalSection
	GlobalSection(ExtensibilityGlobals) = postSolution
		SolutionGuid = {C9C4269E-59A9-4065-A7E1-D9982C539058}
	EndGlobalSection
EndGlobal
