
Microsoft Visual Studio Solution File, Format Version 12.00
# Visual Studio Version 16
VisualStudioVersion = 16.0.29215.179
MinimumVisualStudioVersion = 10.0.40219.1
Project("{FAE04EC0-301F-11D3-BF4B-00C04F79EFBC}") = "01-CustomListClass", "01-CustomListClass\01-CustomListClass.csproj", "{638D4B4D-2BFB-4688-9E18-DCAAA4830CF7}"
EndProject
Global
	GlobalSection(SolutionConfigurationPlatforms) = preSolution
		Debug|Any CPU = Debug|Any CPU
		Release|Any CPU = Release|Any CPU
	EndGlobalSection
	GlobalSection(ProjectConfigurationPlatforms) = postSolution
		{638D4B4D-2BFB-4688-9E18-DCAAA4830CF7}.Debug|Any CPU.ActiveCfg = Debug|Any CPU
		{638D4B4D-2BFB-4688-9E18-DCAAA4830CF7}.Debug|Any CPU.Build.0 = Debug|Any CPU
		{638D4B4D-2BFB-4688-9E18-DCAAA4830CF7}.Release|Any CPU.ActiveCfg = Release|Any CPU
		{638D4B4D-2BFB-4688-9E18-DCAAA4830CF7}.Release|Any CPU.Build.0 = Release|Any CPU
	EndGlobalSection
	GlobalSection(SolutionProperties) = preSolution
		HideSolutionNode = FALSE
	EndGlobalSection
	GlobalSection(ExtensibilityGlobals) = postSolution
		SolutionGuid = {9D75A8D0-1BEF-4A64-8880-C32A9121AE44}
	EndGlobalSection
EndGlobal
