
Microsoft Visual Studio Solution File, Format Version 12.00
# Visual Studio Version 16
VisualStudioVersion = 16.0.30309.148
MinimumVisualStudioVersion = 10.0.40219.1
Project("{FAE04EC0-301F-11D3-BF4B-00C04F79EFBC}") = "JsonDemo", "JsonDemo\JsonDemo.csproj", "{2AA2E0D9-4DE5-4565-A9A9-206BE68A1CCC}"
EndProject
Global
	GlobalSection(SolutionConfigurationPlatforms) = preSolution
		Debug|Any CPU = Debug|Any CPU
		Release|Any CPU = Release|Any CPU
	EndGlobalSection
	GlobalSection(ProjectConfigurationPlatforms) = postSolution
		{2AA2E0D9-4DE5-4565-A9A9-206BE68A1CCC}.Debug|Any CPU.ActiveCfg = Debug|Any CPU
		{2AA2E0D9-4DE5-4565-A9A9-206BE68A1CCC}.Debug|Any CPU.Build.0 = Debug|Any CPU
		{2AA2E0D9-4DE5-4565-A9A9-206BE68A1CCC}.Release|Any CPU.ActiveCfg = Release|Any CPU
		{2AA2E0D9-4DE5-4565-A9A9-206BE68A1CCC}.Release|Any CPU.Build.0 = Release|Any CPU
	EndGlobalSection
	GlobalSection(SolutionProperties) = preSolution
		HideSolutionNode = FALSE
	EndGlobalSection
	GlobalSection(ExtensibilityGlobals) = postSolution
		SolutionGuid = {8C55EDB8-F4E5-4F33-B52A-36AB1BD342F4}
	EndGlobalSection
EndGlobal
