
Microsoft Visual Studio Solution File, Format Version 12.00
# Visual Studio Version 16
VisualStudioVersion = 16.0.29418.71
MinimumVisualStudioVersion = 10.0.40219.1
Project("{FAE04EC0-301F-11D3-BF4B-00C04F79EFBC}") = "02-BookWorm", "02-BookWorm\02-BookWorm.csproj", "{CAFADD87-F7DF-4E0D-ADCC-07D6FFEADC10}"
EndProject
Global
	GlobalSection(SolutionConfigurationPlatforms) = preSolution
		Debug|Any CPU = Debug|Any CPU
		Release|Any CPU = Release|Any CPU
	EndGlobalSection
	GlobalSection(ProjectConfigurationPlatforms) = postSolution
		{CAFADD87-F7DF-4E0D-ADCC-07D6FFEADC10}.Debug|Any CPU.ActiveCfg = Debug|Any CPU
		{CAFADD87-F7DF-4E0D-ADCC-07D6FFEADC10}.Debug|Any CPU.Build.0 = Debug|Any CPU
		{CAFADD87-F7DF-4E0D-ADCC-07D6FFEADC10}.Release|Any CPU.ActiveCfg = Release|Any CPU
		{CAFADD87-F7DF-4E0D-ADCC-07D6FFEADC10}.Release|Any CPU.Build.0 = Release|Any CPU
	EndGlobalSection
	GlobalSection(SolutionProperties) = preSolution
		HideSolutionNode = FALSE
	EndGlobalSection
	GlobalSection(ExtensibilityGlobals) = postSolution
		SolutionGuid = {722692EA-F5C6-406D-B45A-9F1413DD23B7}
	EndGlobalSection
EndGlobal
