
Microsoft Visual Studio Solution File, Format Version 12.00
# Visual Studio Version 16
VisualStudioVersion = 16.0.29418.71
MinimumVisualStudioVersion = 10.0.40219.1
Project("{9A19103F-16F7-4668-BE54-9A1E7A4F7556}") = "01-MathOperations", "01-MathOperations\01-MathOperations.csproj", "{29B956E2-B086-46D4-8ED5-7F06A45CA957}"
EndProject
Project("{9A19103F-16F7-4668-BE54-9A1E7A4F7556}") = "02-Animals", "02-Animals\02-Animals.csproj", "{8F2AEB56-FBA0-4CC5-8528-28DEF1FAF571}"
EndProject
Project("{9A19103F-16F7-4668-BE54-9A1E7A4F7556}") = "03-Shapes", "03-Shapes\03-Shapes.csproj", "{0A8D9EDE-925C-44AC-A0EB-87B08B3F414D}"
EndProject
Project("{9A19103F-16F7-4668-BE54-9A1E7A4F7556}") = "01E-Vehicles", "01E-Vehicles\01E-Vehicles.csproj", "{E7018C26-CAC2-41DC-8B48-C646522BF487}"
EndProject
Project("{9A19103F-16F7-4668-BE54-9A1E7A4F7556}") = "02E-VehiclesExtension", "02E-VehiclesExtension\02E-VehiclesExtension.csproj", "{F613D4A4-DBCE-4345-980F-D0E58E322C91}"
EndProject
Project("{FAE04EC0-301F-11D3-BF4B-00C04F79EFBC}") = "03E-AnimalFarm", "03E-AnimalFarm\03E-AnimalFarm.csproj", "{E646F067-C866-4843-ACAF-9A199E663EB0}"
EndProject
Global
	GlobalSection(SolutionConfigurationPlatforms) = preSolution
		Debug|Any CPU = Debug|Any CPU
		Release|Any CPU = Release|Any CPU
	EndGlobalSection
	GlobalSection(ProjectConfigurationPlatforms) = postSolution
		{29B956E2-B086-46D4-8ED5-7F06A45CA957}.Debug|Any CPU.ActiveCfg = Debug|Any CPU
		{29B956E2-B086-46D4-8ED5-7F06A45CA957}.Debug|Any CPU.Build.0 = Debug|Any CPU
		{29B956E2-B086-46D4-8ED5-7F06A45CA957}.Release|Any CPU.ActiveCfg = Release|Any CPU
		{29B956E2-B086-46D4-8ED5-7F06A45CA957}.Release|Any CPU.Build.0 = Release|Any CPU
		{8F2AEB56-FBA0-4CC5-8528-28DEF1FAF571}.Debug|Any CPU.ActiveCfg = Debug|Any CPU
		{8F2AEB56-FBA0-4CC5-8528-28DEF1FAF571}.Debug|Any CPU.Build.0 = Debug|Any CPU
		{8F2AEB56-FBA0-4CC5-8528-28DEF1FAF571}.Release|Any CPU.ActiveCfg = Release|Any CPU
		{8F2AEB56-FBA0-4CC5-8528-28DEF1FAF571}.Release|Any CPU.Build.0 = Release|Any CPU
		{0A8D9EDE-925C-44AC-A0EB-87B08B3F414D}.Debug|Any CPU.ActiveCfg = Debug|Any CPU
		{0A8D9EDE-925C-44AC-A0EB-87B08B3F414D}.Debug|Any CPU.Build.0 = Debug|Any CPU
		{0A8D9EDE-925C-44AC-A0EB-87B08B3F414D}.Release|Any CPU.ActiveCfg = Release|Any CPU
		{0A8D9EDE-925C-44AC-A0EB-87B08B3F414D}.Release|Any CPU.Build.0 = Release|Any CPU
		{E7018C26-CAC2-41DC-8B48-C646522BF487}.Debug|Any CPU.ActiveCfg = Debug|Any CPU
		{E7018C26-CAC2-41DC-8B48-C646522BF487}.Debug|Any CPU.Build.0 = Debug|Any CPU
		{E7018C26-CAC2-41DC-8B48-C646522BF487}.Release|Any CPU.ActiveCfg = Release|Any CPU
		{E7018C26-CAC2-41DC-8B48-C646522BF487}.Release|Any CPU.Build.0 = Release|Any CPU
		{F613D4A4-DBCE-4345-980F-D0E58E322C91}.Debug|Any CPU.ActiveCfg = Debug|Any CPU
		{F613D4A4-DBCE-4345-980F-D0E58E322C91}.Debug|Any CPU.Build.0 = Debug|Any CPU
		{F613D4A4-DBCE-4345-980F-D0E58E322C91}.Release|Any CPU.ActiveCfg = Release|Any CPU
		{F613D4A4-DBCE-4345-980F-D0E58E322C91}.Release|Any CPU.Build.0 = Release|Any CPU
		{E646F067-C866-4843-ACAF-9A199E663EB0}.Debug|Any CPU.ActiveCfg = Debug|Any CPU
		{E646F067-C866-4843-ACAF-9A199E663EB0}.Debug|Any CPU.Build.0 = Debug|Any CPU
		{E646F067-C866-4843-ACAF-9A199E663EB0}.Release|Any CPU.ActiveCfg = Release|Any CPU
		{E646F067-C866-4843-ACAF-9A199E663EB0}.Release|Any CPU.Build.0 = Release|Any CPU
	EndGlobalSection
	GlobalSection(SolutionProperties) = preSolution
		HideSolutionNode = FALSE
	EndGlobalSection
	GlobalSection(ExtensibilityGlobals) = postSolution
		SolutionGuid = {9A814A7F-2C1B-46C2-BFDB-34E19B6D7C52}
	EndGlobalSection
EndGlobal
