
Microsoft Visual Studio Solution File, Format Version 12.00
# Visual Studio Version 16
VisualStudioVersion = 16.0.29519.87
MinimumVisualStudioVersion = 10.0.40219.1
Project("{9A19103F-16F7-4668-BE54-9A1E7A4F7556}") = "Sandbox", "Sandbox\Sandbox.csproj", "{145013B8-6E87-4560-BDED-FD9761C812C2}"
EndProject
Project("{9A19103F-16F7-4668-BE54-9A1E7A4F7556}") = "EgnHelper", "EgnHelper\EgnHelper.csproj", "{E7F7CAFE-5579-41FC-8D1C-3622B9F07233}"
EndProject
Project("{9A19103F-16F7-4668-BE54-9A1E7A4F7556}") = "EgnHelper.Tests", "EgnHelper.Tests\EgnHelper.Tests.csproj", "{632B9BF8-CDE2-4707-8F8E-DF49F7F2DEB3}"
EndProject
Project("{FAE04EC0-301F-11D3-BF4B-00C04F79EFBC}") = "Sandbox.Tests", "Sandbox.Tests\Sandbox.Tests.csproj", "{9FF12077-6A25-4B59-B4A4-B6DCE8D6C51F}"
EndProject
Global
	GlobalSection(SolutionConfigurationPlatforms) = preSolution
		Debug|Any CPU = Debug|Any CPU
		Release|Any CPU = Release|Any CPU
	EndGlobalSection
	GlobalSection(ProjectConfigurationPlatforms) = postSolution
		{145013B8-6E87-4560-BDED-FD9761C812C2}.Debug|Any CPU.ActiveCfg = Debug|Any CPU
		{145013B8-6E87-4560-BDED-FD9761C812C2}.Debug|Any CPU.Build.0 = Debug|Any CPU
		{145013B8-6E87-4560-BDED-FD9761C812C2}.Release|Any CPU.ActiveCfg = Release|Any CPU
		{145013B8-6E87-4560-BDED-FD9761C812C2}.Release|Any CPU.Build.0 = Release|Any CPU
		{E7F7CAFE-5579-41FC-8D1C-3622B9F07233}.Debug|Any CPU.ActiveCfg = Debug|Any CPU
		{E7F7CAFE-5579-41FC-8D1C-3622B9F07233}.Debug|Any CPU.Build.0 = Debug|Any CPU
		{E7F7CAFE-5579-41FC-8D1C-3622B9F07233}.Release|Any CPU.ActiveCfg = Release|Any CPU
		{E7F7CAFE-5579-41FC-8D1C-3622B9F07233}.Release|Any CPU.Build.0 = Release|Any CPU
		{632B9BF8-CDE2-4707-8F8E-DF49F7F2DEB3}.Debug|Any CPU.ActiveCfg = Debug|Any CPU
		{632B9BF8-CDE2-4707-8F8E-DF49F7F2DEB3}.Debug|Any CPU.Build.0 = Debug|Any CPU
		{632B9BF8-CDE2-4707-8F8E-DF49F7F2DEB3}.Release|Any CPU.ActiveCfg = Release|Any CPU
		{632B9BF8-CDE2-4707-8F8E-DF49F7F2DEB3}.Release|Any CPU.Build.0 = Release|Any CPU
		{9FF12077-6A25-4B59-B4A4-B6DCE8D6C51F}.Debug|Any CPU.ActiveCfg = Debug|Any CPU
		{9FF12077-6A25-4B59-B4A4-B6DCE8D6C51F}.Debug|Any CPU.Build.0 = Debug|Any CPU
		{9FF12077-6A25-4B59-B4A4-B6DCE8D6C51F}.Release|Any CPU.ActiveCfg = Release|Any CPU
		{9FF12077-6A25-4B59-B4A4-B6DCE8D6C51F}.Release|Any CPU.Build.0 = Release|Any CPU
	EndGlobalSection
	GlobalSection(SolutionProperties) = preSolution
		HideSolutionNode = FALSE
	EndGlobalSection
	GlobalSection(ExtensibilityGlobals) = postSolution
		SolutionGuid = {60D731B2-2B45-49E0-BBFC-CB376F266BD7}
	EndGlobalSection
EndGlobal
