
Microsoft Visual Studio Solution File, Format Version 12.00
# Visual Studio Version 16
VisualStudioVersion = 16.0.29201.188
MinimumVisualStudioVersion = 10.0.40219.1
Project("{9A19103F-16F7-4668-BE54-9A1E7A4F7556}") = "01-ReverseNumberWithAStack", "01-ReverseNumberWithAStack\01-ReverseNumberWithAStack.csproj", "{7E20E61F-755F-40E0-B237-BCAEA7237E48}"
EndProject
Project("{9A19103F-16F7-4668-BE54-9A1E7A4F7556}") = "05-CalculateSequenceWithQueue", "05-CalculateSequenceWithQueue\05-CalculateSequenceWithQueue.csproj", "{DA743B08-2B7F-4C4B-9F34-BBA1198AB37F}"
EndProject
Project("{9A19103F-16F7-4668-BE54-9A1E7A4F7556}") = "05-CalculateSequence-Daskal", "05-CalculateSequence-Daskal\05-CalculateSequence-Daskal.csproj", "{511760A6-7DB3-420F-A4C1-C041FD5FC704}"
EndProject
Project("{9A19103F-16F7-4668-BE54-9A1E7A4F7556}") = "08-BalancedParentheses", "07-BalancedParentheses\08-BalancedParentheses.csproj", "{7A4E538F-6772-477D-B0BD-BCCCB6123478}"
EndProject
Project("{9A19103F-16F7-4668-BE54-9A1E7A4F7556}") = "07-TruckTour", "06-TruckTour\07-TruckTour.csproj", "{0B5F2524-E2A7-4BB3-91BA-B8FFA3E26B15}"
EndProject
Project("{9A19103F-16F7-4668-BE54-9A1E7A4F7556}") = "06-AutoRepairAndService", "06-AutoRepairAndService\06-AutoRepairAndService.csproj", "{BC2C41F7-6BD7-4E29-A3F7-8E8C0D58271B}"
EndProject
Project("{9A19103F-16F7-4668-BE54-9A1E7A4F7556}") = "09-SimpleTextEditor", "09-SimpleTextEditor\09-SimpleTextEditor.csproj", "{FBC0133C-11EC-408A-950C-CBFAB4101529}"
EndProject
Project("{9A19103F-16F7-4668-BE54-9A1E7A4F7556}") = "09-BalancedParentheses-Daskal", "09-BalancedParentheses-Daskal\09-BalancedParentheses-Daskal.csproj", "{0FA48823-AC82-4112-9482-D1E331D40460}"
EndProject
Project("{9A19103F-16F7-4668-BE54-9A1E7A4F7556}") = "10-Crossroad", "10-Crossroad\10-Crossroad.csproj", "{CB4351FF-17BA-4880-ADB5-157B6F055DFF}"
EndProject
Project("{9A19103F-16F7-4668-BE54-9A1E7A4F7556}") = "10-Crossroad-v2", "10-Crossroad-v2\10-Crossroad-v2.csproj", "{DEFC2F4D-5764-43E0-8F2F-CD61A916E55F}"
EndProject
Project("{9A19103F-16F7-4668-BE54-9A1E7A4F7556}") = "10-Crossroad-Daskal", "10-Crossroad-Daskal\10-Crossroad-Daskal.csproj", "{557341FC-C974-4A3D-B04C-39A585DA2B16}"
EndProject
Project("{9A19103F-16F7-4668-BE54-9A1E7A4F7556}") = "04-FastFood", "04-FastFood\04-FastFood.csproj", "{1B8E5395-DDC8-4C3F-90EE-DC976B8943D8}"
EndProject
Project("{9A19103F-16F7-4668-BE54-9A1E7A4F7556}") = "03-MaximumAndMinimumElement", "03-MaximumAndMinimumElement\03-MaximumAndMinimumElement.csproj", "{3AFCEE95-79E0-4073-B57F-789ADEA50A52}"
EndProject
Project("{FAE04EC0-301F-11D3-BF4B-00C04F79EFBC}") = "11-KeyRevolver", "11-KeyRevolver\11-KeyRevolver.csproj", "{77C6A945-09BC-4971-9A33-DE62CC32E1E8}"
EndProject
Project("{FAE04EC0-301F-11D3-BF4B-00C04F79EFBC}") = "12-CupsAndBottles", "12-CupsAndBottles\12-CupsAndBottles.csproj", "{CF1D0F29-F3A5-46CF-9F55-4B860AEE4BCE}"
EndProject
Project("{FAE04EC0-301F-11D3-BF4B-00C04F79EFBC}") = "01-BasicStackOperations", "01-BasicStackOperations\01-BasicStackOperations.csproj", "{5C9A6EFC-86C7-40FB-A289-226BB2727814}"
EndProject
Project("{FAE04EC0-301F-11D3-BF4B-00C04F79EFBC}") = "02-BasicQueueOperations", "02-BasicQueueOperations\02-BasicQueueOperations.csproj", "{BB2D52F4-9581-4F62-98A5-C675E3236963}"
EndProject
Project("{FAE04EC0-301F-11D3-BF4B-00C04F79EFBC}") = "05-FashionBoutique", "05-FashionBoutique\05-FashionBoutique.csproj", "{5CDD9BF8-816A-4B6C-A63D-E9FC732C1DA3}"
EndProject
Global
	GlobalSection(SolutionConfigurationPlatforms) = preSolution
		Debug|Any CPU = Debug|Any CPU
		Release|Any CPU = Release|Any CPU
	EndGlobalSection
	GlobalSection(ProjectConfigurationPlatforms) = postSolution
		{7E20E61F-755F-40E0-B237-BCAEA7237E48}.Debug|Any CPU.ActiveCfg = Debug|Any CPU
		{7E20E61F-755F-40E0-B237-BCAEA7237E48}.Debug|Any CPU.Build.0 = Debug|Any CPU
		{7E20E61F-755F-40E0-B237-BCAEA7237E48}.Release|Any CPU.ActiveCfg = Release|Any CPU
		{7E20E61F-755F-40E0-B237-BCAEA7237E48}.Release|Any CPU.Build.0 = Release|Any CPU
		{DA743B08-2B7F-4C4B-9F34-BBA1198AB37F}.Debug|Any CPU.ActiveCfg = Debug|Any CPU
		{DA743B08-2B7F-4C4B-9F34-BBA1198AB37F}.Debug|Any CPU.Build.0 = Debug|Any CPU
		{DA743B08-2B7F-4C4B-9F34-BBA1198AB37F}.Release|Any CPU.ActiveCfg = Release|Any CPU
		{DA743B08-2B7F-4C4B-9F34-BBA1198AB37F}.Release|Any CPU.Build.0 = Release|Any CPU
		{511760A6-7DB3-420F-A4C1-C041FD5FC704}.Debug|Any CPU.ActiveCfg = Debug|Any CPU
		{511760A6-7DB3-420F-A4C1-C041FD5FC704}.Debug|Any CPU.Build.0 = Debug|Any CPU
		{511760A6-7DB3-420F-A4C1-C041FD5FC704}.Release|Any CPU.ActiveCfg = Release|Any CPU
		{511760A6-7DB3-420F-A4C1-C041FD5FC704}.Release|Any CPU.Build.0 = Release|Any CPU
		{7A4E538F-6772-477D-B0BD-BCCCB6123478}.Debug|Any CPU.ActiveCfg = Debug|Any CPU
		{7A4E538F-6772-477D-B0BD-BCCCB6123478}.Debug|Any CPU.Build.0 = Debug|Any CPU
		{7A4E538F-6772-477D-B0BD-BCCCB6123478}.Release|Any CPU.ActiveCfg = Release|Any CPU
		{7A4E538F-6772-477D-B0BD-BCCCB6123478}.Release|Any CPU.Build.0 = Release|Any CPU
		{0B5F2524-E2A7-4BB3-91BA-B8FFA3E26B15}.Debug|Any CPU.ActiveCfg = Debug|Any CPU
		{0B5F2524-E2A7-4BB3-91BA-B8FFA3E26B15}.Debug|Any CPU.Build.0 = Debug|Any CPU
		{0B5F2524-E2A7-4BB3-91BA-B8FFA3E26B15}.Release|Any CPU.ActiveCfg = Release|Any CPU
		{0B5F2524-E2A7-4BB3-91BA-B8FFA3E26B15}.Release|Any CPU.Build.0 = Release|Any CPU
		{BC2C41F7-6BD7-4E29-A3F7-8E8C0D58271B}.Debug|Any CPU.ActiveCfg = Debug|Any CPU
		{BC2C41F7-6BD7-4E29-A3F7-8E8C0D58271B}.Debug|Any CPU.Build.0 = Debug|Any CPU
		{BC2C41F7-6BD7-4E29-A3F7-8E8C0D58271B}.Release|Any CPU.ActiveCfg = Release|Any CPU
		{BC2C41F7-6BD7-4E29-A3F7-8E8C0D58271B}.Release|Any CPU.Build.0 = Release|Any CPU
		{FBC0133C-11EC-408A-950C-CBFAB4101529}.Debug|Any CPU.ActiveCfg = Debug|Any CPU
		{FBC0133C-11EC-408A-950C-CBFAB4101529}.Debug|Any CPU.Build.0 = Debug|Any CPU
		{FBC0133C-11EC-408A-950C-CBFAB4101529}.Release|Any CPU.ActiveCfg = Release|Any CPU
		{FBC0133C-11EC-408A-950C-CBFAB4101529}.Release|Any CPU.Build.0 = Release|Any CPU
		{0FA48823-AC82-4112-9482-D1E331D40460}.Debug|Any CPU.ActiveCfg = Debug|Any CPU
		{0FA48823-AC82-4112-9482-D1E331D40460}.Debug|Any CPU.Build.0 = Debug|Any CPU
		{0FA48823-AC82-4112-9482-D1E331D40460}.Release|Any CPU.ActiveCfg = Release|Any CPU
		{0FA48823-AC82-4112-9482-D1E331D40460}.Release|Any CPU.Build.0 = Release|Any CPU
		{CB4351FF-17BA-4880-ADB5-157B6F055DFF}.Debug|Any CPU.ActiveCfg = Debug|Any CPU
		{CB4351FF-17BA-4880-ADB5-157B6F055DFF}.Debug|Any CPU.Build.0 = Debug|Any CPU
		{CB4351FF-17BA-4880-ADB5-157B6F055DFF}.Release|Any CPU.ActiveCfg = Release|Any CPU
		{CB4351FF-17BA-4880-ADB5-157B6F055DFF}.Release|Any CPU.Build.0 = Release|Any CPU
		{DEFC2F4D-5764-43E0-8F2F-CD61A916E55F}.Debug|Any CPU.ActiveCfg = Debug|Any CPU
		{DEFC2F4D-5764-43E0-8F2F-CD61A916E55F}.Debug|Any CPU.Build.0 = Debug|Any CPU
		{DEFC2F4D-5764-43E0-8F2F-CD61A916E55F}.Release|Any CPU.ActiveCfg = Release|Any CPU
		{DEFC2F4D-5764-43E0-8F2F-CD61A916E55F}.Release|Any CPU.Build.0 = Release|Any CPU
		{557341FC-C974-4A3D-B04C-39A585DA2B16}.Debug|Any CPU.ActiveCfg = Debug|Any CPU
		{557341FC-C974-4A3D-B04C-39A585DA2B16}.Debug|Any CPU.Build.0 = Debug|Any CPU
		{557341FC-C974-4A3D-B04C-39A585DA2B16}.Release|Any CPU.ActiveCfg = Release|Any CPU
		{557341FC-C974-4A3D-B04C-39A585DA2B16}.Release|Any CPU.Build.0 = Release|Any CPU
		{1B8E5395-DDC8-4C3F-90EE-DC976B8943D8}.Debug|Any CPU.ActiveCfg = Debug|Any CPU
		{1B8E5395-DDC8-4C3F-90EE-DC976B8943D8}.Debug|Any CPU.Build.0 = Debug|Any CPU
		{1B8E5395-DDC8-4C3F-90EE-DC976B8943D8}.Release|Any CPU.ActiveCfg = Release|Any CPU
		{1B8E5395-DDC8-4C3F-90EE-DC976B8943D8}.Release|Any CPU.Build.0 = Release|Any CPU
		{3AFCEE95-79E0-4073-B57F-789ADEA50A52}.Debug|Any CPU.ActiveCfg = Debug|Any CPU
		{3AFCEE95-79E0-4073-B57F-789ADEA50A52}.Debug|Any CPU.Build.0 = Debug|Any CPU
		{3AFCEE95-79E0-4073-B57F-789ADEA50A52}.Release|Any CPU.ActiveCfg = Release|Any CPU
		{3AFCEE95-79E0-4073-B57F-789ADEA50A52}.Release|Any CPU.Build.0 = Release|Any CPU
		{77C6A945-09BC-4971-9A33-DE62CC32E1E8}.Debug|Any CPU.ActiveCfg = Debug|Any CPU
		{77C6A945-09BC-4971-9A33-DE62CC32E1E8}.Debug|Any CPU.Build.0 = Debug|Any CPU
		{77C6A945-09BC-4971-9A33-DE62CC32E1E8}.Release|Any CPU.ActiveCfg = Release|Any CPU
		{77C6A945-09BC-4971-9A33-DE62CC32E1E8}.Release|Any CPU.Build.0 = Release|Any CPU
		{CF1D0F29-F3A5-46CF-9F55-4B860AEE4BCE}.Debug|Any CPU.ActiveCfg = Debug|Any CPU
		{CF1D0F29-F3A5-46CF-9F55-4B860AEE4BCE}.Debug|Any CPU.Build.0 = Debug|Any CPU
		{CF1D0F29-F3A5-46CF-9F55-4B860AEE4BCE}.Release|Any CPU.ActiveCfg = Release|Any CPU
		{CF1D0F29-F3A5-46CF-9F55-4B860AEE4BCE}.Release|Any CPU.Build.0 = Release|Any CPU
		{5C9A6EFC-86C7-40FB-A289-226BB2727814}.Debug|Any CPU.ActiveCfg = Debug|Any CPU
		{5C9A6EFC-86C7-40FB-A289-226BB2727814}.Debug|Any CPU.Build.0 = Debug|Any CPU
		{5C9A6EFC-86C7-40FB-A289-226BB2727814}.Release|Any CPU.ActiveCfg = Release|Any CPU
		{5C9A6EFC-86C7-40FB-A289-226BB2727814}.Release|Any CPU.Build.0 = Release|Any CPU
		{BB2D52F4-9581-4F62-98A5-C675E3236963}.Debug|Any CPU.ActiveCfg = Debug|Any CPU
		{BB2D52F4-9581-4F62-98A5-C675E3236963}.Debug|Any CPU.Build.0 = Debug|Any CPU
		{BB2D52F4-9581-4F62-98A5-C675E3236963}.Release|Any CPU.ActiveCfg = Release|Any CPU
		{BB2D52F4-9581-4F62-98A5-C675E3236963}.Release|Any CPU.Build.0 = Release|Any CPU
		{5CDD9BF8-816A-4B6C-A63D-E9FC732C1DA3}.Debug|Any CPU.ActiveCfg = Debug|Any CPU
		{5CDD9BF8-816A-4B6C-A63D-E9FC732C1DA3}.Debug|Any CPU.Build.0 = Debug|Any CPU
		{5CDD9BF8-816A-4B6C-A63D-E9FC732C1DA3}.Release|Any CPU.ActiveCfg = Release|Any CPU
		{5CDD9BF8-816A-4B6C-A63D-E9FC732C1DA3}.Release|Any CPU.Build.0 = Release|Any CPU
	EndGlobalSection
	GlobalSection(SolutionProperties) = preSolution
		HideSolutionNode = FALSE
	EndGlobalSection
	GlobalSection(ExtensibilityGlobals) = postSolution
		SolutionGuid = {8D4A6FA7-5E77-4919-8E9A-9D1B84273AD0}
	EndGlobalSection
EndGlobal
