
Microsoft Visual Studio Solution File, Format Version 12.00
# Visual Studio 15
VisualStudioVersion = 15.0.28307.271
MinimumVisualStudioVersion = 10.0.40219.1
Project("{9A19103F-16F7-4668-BE54-9A1E7A4F7556}") = "UsDtoLeva", "SimpleOperationsAndCalculationsExercise\UsDtoLeva.csproj", "{74447D8E-3B94-4FB6-93DE-F2A8F81E3E92}"
EndProject
Project("{9A19103F-16F7-4668-BE54-9A1E7A4F7556}") = "RadiansToDegrees", "RadiansToDegrees\RadiansToDegrees.csproj", "{075A5480-E017-4D7B-8CD4-3F3AFAA03E29}"
EndProject
Project("{9A19103F-16F7-4668-BE54-9A1E7A4F7556}") = "2dRectangleArea", "2dRectangleArea\2dRectangleArea.csproj", "{D10A4B6B-171C-44AA-985B-3BA3E73709C1}"
EndProject
Project("{FAE04EC0-301F-11D3-BF4B-00C04F79EFBC}") = "TailoringWorkshop", "TailoringWorkshop\TailoringWorkshop.csproj", "{63E5AE3E-B5A0-4B60-B48D-752FA9EF0A4B}"
EndProject
Project("{FAE04EC0-301F-11D3-BF4B-00C04F79EFBC}") = "DanceHall", "DanceHall\DanceHall.csproj", "{11DDF362-4A17-40DD-8928-67B2C2A5C4E9}"
EndProject
Project("{FAE04EC0-301F-11D3-BF4B-00C04F79EFBC}") = "CharityCampaign", "CharityCampaign\CharityCampaign.csproj", "{05B9C4F4-06F4-4016-AB50-4E1BE4EB10C3}"
EndProject
Project("{FAE04EC0-301F-11D3-BF4B-00C04F79EFBC}") = "AlchocolMarket", "AlchocolMarket\AlchocolMarket.csproj", "{093B505B-06D0-441D-B885-817DB7BC5804}"
EndProject
Global
	GlobalSection(SolutionConfigurationPlatforms) = preSolution
		Debug|Any CPU = Debug|Any CPU
		Release|Any CPU = Release|Any CPU
	EndGlobalSection
	GlobalSection(ProjectConfigurationPlatforms) = postSolution
		{74447D8E-3B94-4FB6-93DE-F2A8F81E3E92}.Debug|Any CPU.ActiveCfg = Debug|Any CPU
		{74447D8E-3B94-4FB6-93DE-F2A8F81E3E92}.Debug|Any CPU.Build.0 = Debug|Any CPU
		{74447D8E-3B94-4FB6-93DE-F2A8F81E3E92}.Release|Any CPU.ActiveCfg = Release|Any CPU
		{74447D8E-3B94-4FB6-93DE-F2A8F81E3E92}.Release|Any CPU.Build.0 = Release|Any CPU
		{075A5480-E017-4D7B-8CD4-3F3AFAA03E29}.Debug|Any CPU.ActiveCfg = Debug|Any CPU
		{075A5480-E017-4D7B-8CD4-3F3AFAA03E29}.Debug|Any CPU.Build.0 = Debug|Any CPU
		{075A5480-E017-4D7B-8CD4-3F3AFAA03E29}.Release|Any CPU.ActiveCfg = Release|Any CPU
		{075A5480-E017-4D7B-8CD4-3F3AFAA03E29}.Release|Any CPU.Build.0 = Release|Any CPU
		{D10A4B6B-171C-44AA-985B-3BA3E73709C1}.Debug|Any CPU.ActiveCfg = Debug|Any CPU
		{D10A4B6B-171C-44AA-985B-3BA3E73709C1}.Debug|Any CPU.Build.0 = Debug|Any CPU
		{D10A4B6B-171C-44AA-985B-3BA3E73709C1}.Release|Any CPU.ActiveCfg = Release|Any CPU
		{D10A4B6B-171C-44AA-985B-3BA3E73709C1}.Release|Any CPU.Build.0 = Release|Any CPU
		{63E5AE3E-B5A0-4B60-B48D-752FA9EF0A4B}.Debug|Any CPU.ActiveCfg = Debug|Any CPU
		{63E5AE3E-B5A0-4B60-B48D-752FA9EF0A4B}.Debug|Any CPU.Build.0 = Debug|Any CPU
		{63E5AE3E-B5A0-4B60-B48D-752FA9EF0A4B}.Release|Any CPU.ActiveCfg = Release|Any CPU
		{63E5AE3E-B5A0-4B60-B48D-752FA9EF0A4B}.Release|Any CPU.Build.0 = Release|Any CPU
		{11DDF362-4A17-40DD-8928-67B2C2A5C4E9}.Debug|Any CPU.ActiveCfg = Debug|Any CPU
		{11DDF362-4A17-40DD-8928-67B2C2A5C4E9}.Debug|Any CPU.Build.0 = Debug|Any CPU
		{11DDF362-4A17-40DD-8928-67B2C2A5C4E9}.Release|Any CPU.ActiveCfg = Release|Any CPU
		{11DDF362-4A17-40DD-8928-67B2C2A5C4E9}.Release|Any CPU.Build.0 = Release|Any CPU
		{05B9C4F4-06F4-4016-AB50-4E1BE4EB10C3}.Debug|Any CPU.ActiveCfg = Debug|Any CPU
		{05B9C4F4-06F4-4016-AB50-4E1BE4EB10C3}.Debug|Any CPU.Build.0 = Debug|Any CPU
		{05B9C4F4-06F4-4016-AB50-4E1BE4EB10C3}.Release|Any CPU.ActiveCfg = Release|Any CPU
		{05B9C4F4-06F4-4016-AB50-4E1BE4EB10C3}.Release|Any CPU.Build.0 = Release|Any CPU
		{093B505B-06D0-441D-B885-817DB7BC5804}.Debug|Any CPU.ActiveCfg = Debug|Any CPU
		{093B505B-06D0-441D-B885-817DB7BC5804}.Debug|Any CPU.Build.0 = Debug|Any CPU
		{093B505B-06D0-441D-B885-817DB7BC5804}.Release|Any CPU.ActiveCfg = Release|Any CPU
		{093B505B-06D0-441D-B885-817DB7BC5804}.Release|Any CPU.Build.0 = Release|Any CPU
	EndGlobalSection
	GlobalSection(SolutionProperties) = preSolution
		HideSolutionNode = FALSE
	EndGlobalSection
	GlobalSection(ExtensibilityGlobals) = postSolution
		SolutionGuid = {88A587C1-8E5C-4AE9-8565-F82DF4FE18D9}
	EndGlobalSection
EndGlobal
