
Microsoft Visual Studio Solution File, Format Version 12.00
# Visual Studio Version 16
VisualStudioVersion = 16.0.29102.190
MinimumVisualStudioVersion = 10.0.40219.1
Project("{9A19103F-16F7-4668-BE54-9A1E7A4F7556}") = "01-Concert", "01-Concert\01-Concert.csproj", "{97FC1D2E-5AD6-4F06-9789-76CFB238646D}"
EndProject
Project("{9A19103F-16F7-4668-BE54-9A1E7A4F7556}") = "02-SongEncryption", "02-SongEncryption\02-SongEncryption.csproj", "{E38AF241-910C-4A09-A2D1-105BAF5D384F}"
EndProject
Project("{FAE04EC0-301F-11D3-BF4B-00C04F79EFBC}") = "03-TheIsleOfManTTRace", "03-TheIsleOfManTTRace\03-TheIsleOfManTTRace.csproj", "{15616F0F-AFC8-4029-9A83-EAC776AEF160}"
EndProject
Global
	GlobalSection(SolutionConfigurationPlatforms) = preSolution
		Debug|Any CPU = Debug|Any CPU
		Release|Any CPU = Release|Any CPU
	EndGlobalSection
	GlobalSection(ProjectConfigurationPlatforms) = postSolution
		{97FC1D2E-5AD6-4F06-9789-76CFB238646D}.Debug|Any CPU.ActiveCfg = Debug|Any CPU
		{97FC1D2E-5AD6-4F06-9789-76CFB238646D}.Debug|Any CPU.Build.0 = Debug|Any CPU
		{97FC1D2E-5AD6-4F06-9789-76CFB238646D}.Release|Any CPU.ActiveCfg = Release|Any CPU
		{97FC1D2E-5AD6-4F06-9789-76CFB238646D}.Release|Any CPU.Build.0 = Release|Any CPU
		{E38AF241-910C-4A09-A2D1-105BAF5D384F}.Debug|Any CPU.ActiveCfg = Debug|Any CPU
		{E38AF241-910C-4A09-A2D1-105BAF5D384F}.Debug|Any CPU.Build.0 = Debug|Any CPU
		{E38AF241-910C-4A09-A2D1-105BAF5D384F}.Release|Any CPU.ActiveCfg = Release|Any CPU
		{E38AF241-910C-4A09-A2D1-105BAF5D384F}.Release|Any CPU.Build.0 = Release|Any CPU
		{15616F0F-AFC8-4029-9A83-EAC776AEF160}.Debug|Any CPU.ActiveCfg = Debug|Any CPU
		{15616F0F-AFC8-4029-9A83-EAC776AEF160}.Debug|Any CPU.Build.0 = Debug|Any CPU
		{15616F0F-AFC8-4029-9A83-EAC776AEF160}.Release|Any CPU.ActiveCfg = Release|Any CPU
		{15616F0F-AFC8-4029-9A83-EAC776AEF160}.Release|Any CPU.Build.0 = Release|Any CPU
	EndGlobalSection
	GlobalSection(SolutionProperties) = preSolution
		HideSolutionNode = FALSE
	EndGlobalSection
	GlobalSection(ExtensibilityGlobals) = postSolution
		SolutionGuid = {0A1C61F6-843F-49AD-AE29-0B909A8A6062}
	EndGlobalSection
EndGlobal
