
Microsoft Visual Studio Solution File, Format Version 12.00
# Visual Studio Version 16
VisualStudioVersion = 16.0.29306.81
MinimumVisualStudioVersion = 10.0.40219.1
Project("{FAE04EC0-301F-11D3-BF4B-00C04F79EFBC}") = "01-SummerCocktails", "01-SummerCocktails\01-SummerCocktails.csproj", "{707CBD39-2FFF-4157-B309-0EEB4C139B06}"
EndProject
Project("{FAE04EC0-301F-11D3-BF4B-00C04F79EFBC}") = "02-SeashellTreasure", "02-SeashellTreasure\02-SeashellTreasure.csproj", "{F5EC03ED-B27E-465D-99CE-97F5F4DA731A}"
EndProject
Global
	GlobalSection(SolutionConfigurationPlatforms) = preSolution
		Debug|Any CPU = Debug|Any CPU
		Release|Any CPU = Release|Any CPU
	EndGlobalSection
	GlobalSection(ProjectConfigurationPlatforms) = postSolution
		{707CBD39-2FFF-4157-B309-0EEB4C139B06}.Debug|Any CPU.ActiveCfg = Debug|Any CPU
		{707CBD39-2FFF-4157-B309-0EEB4C139B06}.Debug|Any CPU.Build.0 = Debug|Any CPU
		{707CBD39-2FFF-4157-B309-0EEB4C139B06}.Release|Any CPU.ActiveCfg = Release|Any CPU
		{707CBD39-2FFF-4157-B309-0EEB4C139B06}.Release|Any CPU.Build.0 = Release|Any CPU
		{F5EC03ED-B27E-465D-99CE-97F5F4DA731A}.Debug|Any CPU.ActiveCfg = Debug|Any CPU
		{F5EC03ED-B27E-465D-99CE-97F5F4DA731A}.Debug|Any CPU.Build.0 = Debug|Any CPU
		{F5EC03ED-B27E-465D-99CE-97F5F4DA731A}.Release|Any CPU.ActiveCfg = Release|Any CPU
		{F5EC03ED-B27E-465D-99CE-97F5F4DA731A}.Release|Any CPU.Build.0 = Release|Any CPU
	EndGlobalSection
	GlobalSection(SolutionProperties) = preSolution
		HideSolutionNode = FALSE
	EndGlobalSection
	GlobalSection(ExtensibilityGlobals) = postSolution
		SolutionGuid = {76843945-5747-461A-82F9-87D1EC764012}
	EndGlobalSection
EndGlobal
