
Microsoft Visual Studio Solution File, Format Version 12.00
# Visual Studio Version 16
VisualStudioVersion = 16.0.30204.135
MinimumVisualStudioVersion = 10.0.40219.1
Project("{FAE04EC0-301F-11D3-BF4B-00C04F79EFBC}") = "EFCoreDemo_DBFirst", "EFCoreDemo\EFCoreDemo_DBFirst.csproj", "{BB734B85-CFF7-4477-9ED2-B3B8F41D303C}"
EndProject
Project("{FAE04EC0-301F-11D3-BF4B-00C04F79EFBC}") = "EFCoreDemo_CodeFirst", "EFCoreDemo_CodeFirst\EFCoreDemo_CodeFirst.csproj", "{F0D72A16-FEA9-40B1-A3DB-E263460582AC}"
EndProject
Global
	GlobalSection(SolutionConfigurationPlatforms) = preSolution
		Debug|Any CPU = Debug|Any CPU
		Release|Any CPU = Release|Any CPU
	EndGlobalSection
	GlobalSection(ProjectConfigurationPlatforms) = postSolution
		{BB734B85-CFF7-4477-9ED2-B3B8F41D303C}.Debug|Any CPU.ActiveCfg = Debug|Any CPU
		{BB734B85-CFF7-4477-9ED2-B3B8F41D303C}.Debug|Any CPU.Build.0 = Debug|Any CPU
		{BB734B85-CFF7-4477-9ED2-B3B8F41D303C}.Release|Any CPU.ActiveCfg = Release|Any CPU
		{BB734B85-CFF7-4477-9ED2-B3B8F41D303C}.Release|Any CPU.Build.0 = Release|Any CPU
		{F0D72A16-FEA9-40B1-A3DB-E263460582AC}.Debug|Any CPU.ActiveCfg = Debug|Any CPU
		{F0D72A16-FEA9-40B1-A3DB-E263460582AC}.Debug|Any CPU.Build.0 = Debug|Any CPU
		{F0D72A16-FEA9-40B1-A3DB-E263460582AC}.Release|Any CPU.ActiveCfg = Release|Any CPU
		{F0D72A16-FEA9-40B1-A3DB-E263460582AC}.Release|Any CPU.Build.0 = Release|Any CPU
	EndGlobalSection
	GlobalSection(SolutionProperties) = preSolution
		HideSolutionNode = FALSE
	EndGlobalSection
	GlobalSection(ExtensibilityGlobals) = postSolution
		SolutionGuid = {85026D71-A85A-4D67-94DA-F4065CBE5098}
	EndGlobalSection
EndGlobal
