
Microsoft Visual Studio Solution File, Format Version 12.00
# Visual Studio Version 16
VisualStudioVersion = 16.0.29009.5
MinimumVisualStudioVersion = 10.0.40219.1
Project("{9A19103F-16F7-4668-BE54-9A1E7A4F7556}") = "02-GaussTrick", "02-GaussTrick\02-GaussTrick.csproj", "{E908B3DC-977E-4EBD-AD5D-C6E5D6690FA4}"
EndProject
Project("{FAE04EC0-301F-11D3-BF4B-00C04F79EFBC}") = "02-GaussTrick-2", "02-GaussTrick-2\02-GaussTrick-2.csproj", "{8B2D5DF2-5971-4AD9-8413-F380A2E75EB5}"
EndProject
Project("{FAE04EC0-301F-11D3-BF4B-00C04F79EFBC}") = "03-MergingLists", "03-MergingLists\03-MergingLists.csproj", "{5EDAD912-DB23-4894-9245-921854F284D0}"
EndProject
Project("{FAE04EC0-301F-11D3-BF4B-00C04F79EFBC}") = "03-MergingLists-Daskal", "03-MergingLists-Daskal\03-MergingLists-Daskal.csproj", "{CD28E18C-9215-4028-8504-8BD2E686311B}"
EndProject
Project("{FAE04EC0-301F-11D3-BF4B-00C04F79EFBC}") = "05-RemoveNegativesAndReverse", "05-RemoveNegativesAndReverse\05-RemoveNegativesAndReverse.csproj", "{AB9F1818-6156-47E9-8310-56BF90369886}"
EndProject
Global
	GlobalSection(SolutionConfigurationPlatforms) = preSolution
		Debug|Any CPU = Debug|Any CPU
		Release|Any CPU = Release|Any CPU
	EndGlobalSection
	GlobalSection(ProjectConfigurationPlatforms) = postSolution
		{E908B3DC-977E-4EBD-AD5D-C6E5D6690FA4}.Debug|Any CPU.ActiveCfg = Debug|Any CPU
		{E908B3DC-977E-4EBD-AD5D-C6E5D6690FA4}.Debug|Any CPU.Build.0 = Debug|Any CPU
		{E908B3DC-977E-4EBD-AD5D-C6E5D6690FA4}.Release|Any CPU.ActiveCfg = Release|Any CPU
		{E908B3DC-977E-4EBD-AD5D-C6E5D6690FA4}.Release|Any CPU.Build.0 = Release|Any CPU
		{8B2D5DF2-5971-4AD9-8413-F380A2E75EB5}.Debug|Any CPU.ActiveCfg = Debug|Any CPU
		{8B2D5DF2-5971-4AD9-8413-F380A2E75EB5}.Debug|Any CPU.Build.0 = Debug|Any CPU
		{8B2D5DF2-5971-4AD9-8413-F380A2E75EB5}.Release|Any CPU.ActiveCfg = Release|Any CPU
		{8B2D5DF2-5971-4AD9-8413-F380A2E75EB5}.Release|Any CPU.Build.0 = Release|Any CPU
		{5EDAD912-DB23-4894-9245-921854F284D0}.Debug|Any CPU.ActiveCfg = Debug|Any CPU
		{5EDAD912-DB23-4894-9245-921854F284D0}.Debug|Any CPU.Build.0 = Debug|Any CPU
		{5EDAD912-DB23-4894-9245-921854F284D0}.Release|Any CPU.ActiveCfg = Release|Any CPU
		{5EDAD912-DB23-4894-9245-921854F284D0}.Release|Any CPU.Build.0 = Release|Any CPU
		{CD28E18C-9215-4028-8504-8BD2E686311B}.Debug|Any CPU.ActiveCfg = Debug|Any CPU
		{CD28E18C-9215-4028-8504-8BD2E686311B}.Debug|Any CPU.Build.0 = Debug|Any CPU
		{CD28E18C-9215-4028-8504-8BD2E686311B}.Release|Any CPU.ActiveCfg = Release|Any CPU
		{CD28E18C-9215-4028-8504-8BD2E686311B}.Release|Any CPU.Build.0 = Release|Any CPU
		{AB9F1818-6156-47E9-8310-56BF90369886}.Debug|Any CPU.ActiveCfg = Debug|Any CPU
		{AB9F1818-6156-47E9-8310-56BF90369886}.Debug|Any CPU.Build.0 = Debug|Any CPU
		{AB9F1818-6156-47E9-8310-56BF90369886}.Release|Any CPU.ActiveCfg = Release|Any CPU
		{AB9F1818-6156-47E9-8310-56BF90369886}.Release|Any CPU.Build.0 = Release|Any CPU
	EndGlobalSection
	GlobalSection(SolutionProperties) = preSolution
		HideSolutionNode = FALSE
	EndGlobalSection
	GlobalSection(ExtensibilityGlobals) = postSolution
		SolutionGuid = {5C011B13-2670-428D-8E62-C08F154DEF25}
	EndGlobalSection
EndGlobal
