
Microsoft Visual Studio Solution File, Format Version 12.00
# Visual Studio 15
VisualStudioVersion = 15.0.28307.489
MinimumVisualStudioVersion = 10.0.40219.1
Project("{9A19103F-16F7-4668-BE54-9A1E7A4F7556}") = "Test", "Methods\Test.csproj", "{E8E6B007-CB9B-4705-8338-100D9CC82BF6}"
EndProject
Project("{9A19103F-16F7-4668-BE54-9A1E7A4F7556}") = "01SignOfIntegerNumber", "01SignOfIntegerNumber\01SignOfIntegerNumber.csproj", "{17D3788B-5B76-4B37-B12F-C39817D05205}"
EndProject
Project("{9A19103F-16F7-4668-BE54-9A1E7A4F7556}") = "04PrintingTriangle", "04PrintingTriangle\04PrintingTriangle.csproj", "{2E2FBA63-A58F-4E3D-B381-3A600FE82CED}"
EndProject
Project("{9A19103F-16F7-4668-BE54-9A1E7A4F7556}") = "PrintingTriangle-Daskal", "PrintingTriangle-Daskal\PrintingTriangle-Daskal.csproj", "{F1603A32-3576-482D-90F4-060A0B28EF0D}"
EndProject
Project("{9A19103F-16F7-4668-BE54-9A1E7A4F7556}") = "06CalculateRectangleArea", "06CalculateRectangleArea\06CalculateRectangleArea.csproj", "{4CE98A04-6253-4FFD-99D6-5AB8442607C2}"
EndProject
Project("{9A19103F-16F7-4668-BE54-9A1E7A4F7556}") = "07RepeatString", "07RepeatString\07RepeatString.csproj", "{B1238B7C-FDFC-4685-8D56-EBA516E2A96C}"
EndProject
Project("{9A19103F-16F7-4668-BE54-9A1E7A4F7556}") = "09GreaterOfTwoValues", "09GreaterOfTwoValues\09GreaterOfTwoValues.csproj", "{262F10D0-0D03-4F36-B040-C0A051C1032B}"
EndProject
Project("{9A19103F-16F7-4668-BE54-9A1E7A4F7556}") = "02Grades", "02Grades\02Grades.csproj", "{8438F221-AC07-44E5-AEAE-4E2F97781597}"
EndProject
Project("{9A19103F-16F7-4668-BE54-9A1E7A4F7556}") = "03Calculations", "03Calculations\03Calculations.csproj", "{283E7725-F254-4DB3-8B30-2FE307EA9183}"
EndProject
Project("{9A19103F-16F7-4668-BE54-9A1E7A4F7556}") = "05Orders", "05Orders\05Orders.csproj", "{5394EB7B-6857-4CAF-860B-D3D97CBDF200}"
EndProject
Project("{9A19103F-16F7-4668-BE54-9A1E7A4F7556}") = "08MathPower", "08MathPower\08MathPower.csproj", "{EC0DFA52-CCBE-4DC6-9008-E31078FA833A}"
EndProject
Project("{9A19103F-16F7-4668-BE54-9A1E7A4F7556}") = "10MultiplyEvenByOdds", "10MultiplyEvenByOdds\10MultiplyEvenByOdds.csproj", "{256F0CB1-2219-4C56-BA28-9CD59BFB0F25}"
EndProject
Project("{9A19103F-16F7-4668-BE54-9A1E7A4F7556}") = "11MathOperations", "11MathOperations\11MathOperations.csproj", "{6E67401C-B860-4F53-989D-86D6624395B8}"
EndProject
Project("{FAE04EC0-301F-11D3-BF4B-00C04F79EFBC}") = "09Greater-StringCompare", "09Greater-StringCompare\09Greater-StringCompare.csproj", "{9079E40C-580B-4EDD-A4A3-F2F20E7276F4}"
EndProject
Global
	GlobalSection(SolutionConfigurationPlatforms) = preSolution
		Debug|Any CPU = Debug|Any CPU
		Release|Any CPU = Release|Any CPU
	EndGlobalSection
	GlobalSection(ProjectConfigurationPlatforms) = postSolution
		{E8E6B007-CB9B-4705-8338-100D9CC82BF6}.Debug|Any CPU.ActiveCfg = Debug|Any CPU
		{E8E6B007-CB9B-4705-8338-100D9CC82BF6}.Debug|Any CPU.Build.0 = Debug|Any CPU
		{E8E6B007-CB9B-4705-8338-100D9CC82BF6}.Release|Any CPU.ActiveCfg = Release|Any CPU
		{E8E6B007-CB9B-4705-8338-100D9CC82BF6}.Release|Any CPU.Build.0 = Release|Any CPU
		{17D3788B-5B76-4B37-B12F-C39817D05205}.Debug|Any CPU.ActiveCfg = Debug|Any CPU
		{17D3788B-5B76-4B37-B12F-C39817D05205}.Debug|Any CPU.Build.0 = Debug|Any CPU
		{17D3788B-5B76-4B37-B12F-C39817D05205}.Release|Any CPU.ActiveCfg = Release|Any CPU
		{17D3788B-5B76-4B37-B12F-C39817D05205}.Release|Any CPU.Build.0 = Release|Any CPU
		{2E2FBA63-A58F-4E3D-B381-3A600FE82CED}.Debug|Any CPU.ActiveCfg = Debug|Any CPU
		{2E2FBA63-A58F-4E3D-B381-3A600FE82CED}.Debug|Any CPU.Build.0 = Debug|Any CPU
		{2E2FBA63-A58F-4E3D-B381-3A600FE82CED}.Release|Any CPU.ActiveCfg = Release|Any CPU
		{2E2FBA63-A58F-4E3D-B381-3A600FE82CED}.Release|Any CPU.Build.0 = Release|Any CPU
		{F1603A32-3576-482D-90F4-060A0B28EF0D}.Debug|Any CPU.ActiveCfg = Debug|Any CPU
		{F1603A32-3576-482D-90F4-060A0B28EF0D}.Debug|Any CPU.Build.0 = Debug|Any CPU
		{F1603A32-3576-482D-90F4-060A0B28EF0D}.Release|Any CPU.ActiveCfg = Release|Any CPU
		{F1603A32-3576-482D-90F4-060A0B28EF0D}.Release|Any CPU.Build.0 = Release|Any CPU
		{4CE98A04-6253-4FFD-99D6-5AB8442607C2}.Debug|Any CPU.ActiveCfg = Debug|Any CPU
		{4CE98A04-6253-4FFD-99D6-5AB8442607C2}.Debug|Any CPU.Build.0 = Debug|Any CPU
		{4CE98A04-6253-4FFD-99D6-5AB8442607C2}.Release|Any CPU.ActiveCfg = Release|Any CPU
		{4CE98A04-6253-4FFD-99D6-5AB8442607C2}.Release|Any CPU.Build.0 = Release|Any CPU
		{B1238B7C-FDFC-4685-8D56-EBA516E2A96C}.Debug|Any CPU.ActiveCfg = Debug|Any CPU
		{B1238B7C-FDFC-4685-8D56-EBA516E2A96C}.Debug|Any CPU.Build.0 = Debug|Any CPU
		{B1238B7C-FDFC-4685-8D56-EBA516E2A96C}.Release|Any CPU.ActiveCfg = Release|Any CPU
		{B1238B7C-FDFC-4685-8D56-EBA516E2A96C}.Release|Any CPU.Build.0 = Release|Any CPU
		{262F10D0-0D03-4F36-B040-C0A051C1032B}.Debug|Any CPU.ActiveCfg = Debug|Any CPU
		{262F10D0-0D03-4F36-B040-C0A051C1032B}.Debug|Any CPU.Build.0 = Debug|Any CPU
		{262F10D0-0D03-4F36-B040-C0A051C1032B}.Release|Any CPU.ActiveCfg = Release|Any CPU
		{262F10D0-0D03-4F36-B040-C0A051C1032B}.Release|Any CPU.Build.0 = Release|Any CPU
		{8438F221-AC07-44E5-AEAE-4E2F97781597}.Debug|Any CPU.ActiveCfg = Debug|Any CPU
		{8438F221-AC07-44E5-AEAE-4E2F97781597}.Debug|Any CPU.Build.0 = Debug|Any CPU
		{8438F221-AC07-44E5-AEAE-4E2F97781597}.Release|Any CPU.ActiveCfg = Release|Any CPU
		{8438F221-AC07-44E5-AEAE-4E2F97781597}.Release|Any CPU.Build.0 = Release|Any CPU
		{283E7725-F254-4DB3-8B30-2FE307EA9183}.Debug|Any CPU.ActiveCfg = Debug|Any CPU
		{283E7725-F254-4DB3-8B30-2FE307EA9183}.Debug|Any CPU.Build.0 = Debug|Any CPU
		{283E7725-F254-4DB3-8B30-2FE307EA9183}.Release|Any CPU.ActiveCfg = Release|Any CPU
		{283E7725-F254-4DB3-8B30-2FE307EA9183}.Release|Any CPU.Build.0 = Release|Any CPU
		{5394EB7B-6857-4CAF-860B-D3D97CBDF200}.Debug|Any CPU.ActiveCfg = Debug|Any CPU
		{5394EB7B-6857-4CAF-860B-D3D97CBDF200}.Debug|Any CPU.Build.0 = Debug|Any CPU
		{5394EB7B-6857-4CAF-860B-D3D97CBDF200}.Release|Any CPU.ActiveCfg = Release|Any CPU
		{5394EB7B-6857-4CAF-860B-D3D97CBDF200}.Release|Any CPU.Build.0 = Release|Any CPU
		{EC0DFA52-CCBE-4DC6-9008-E31078FA833A}.Debug|Any CPU.ActiveCfg = Debug|Any CPU
		{EC0DFA52-CCBE-4DC6-9008-E31078FA833A}.Debug|Any CPU.Build.0 = Debug|Any CPU
		{EC0DFA52-CCBE-4DC6-9008-E31078FA833A}.Release|Any CPU.ActiveCfg = Release|Any CPU
		{EC0DFA52-CCBE-4DC6-9008-E31078FA833A}.Release|Any CPU.Build.0 = Release|Any CPU
		{256F0CB1-2219-4C56-BA28-9CD59BFB0F25}.Debug|Any CPU.ActiveCfg = Debug|Any CPU
		{256F0CB1-2219-4C56-BA28-9CD59BFB0F25}.Debug|Any CPU.Build.0 = Debug|Any CPU
		{256F0CB1-2219-4C56-BA28-9CD59BFB0F25}.Release|Any CPU.ActiveCfg = Release|Any CPU
		{256F0CB1-2219-4C56-BA28-9CD59BFB0F25}.Release|Any CPU.Build.0 = Release|Any CPU
		{6E67401C-B860-4F53-989D-86D6624395B8}.Debug|Any CPU.ActiveCfg = Debug|Any CPU
		{6E67401C-B860-4F53-989D-86D6624395B8}.Debug|Any CPU.Build.0 = Debug|Any CPU
		{6E67401C-B860-4F53-989D-86D6624395B8}.Release|Any CPU.ActiveCfg = Release|Any CPU
		{6E67401C-B860-4F53-989D-86D6624395B8}.Release|Any CPU.Build.0 = Release|Any CPU
		{9079E40C-580B-4EDD-A4A3-F2F20E7276F4}.Debug|Any CPU.ActiveCfg = Debug|Any CPU
		{9079E40C-580B-4EDD-A4A3-F2F20E7276F4}.Debug|Any CPU.Build.0 = Debug|Any CPU
		{9079E40C-580B-4EDD-A4A3-F2F20E7276F4}.Release|Any CPU.ActiveCfg = Release|Any CPU
		{9079E40C-580B-4EDD-A4A3-F2F20E7276F4}.Release|Any CPU.Build.0 = Release|Any CPU
	EndGlobalSection
	GlobalSection(SolutionProperties) = preSolution
		HideSolutionNode = FALSE
	EndGlobalSection
	GlobalSection(ExtensibilityGlobals) = postSolution
		SolutionGuid = {032684D6-0C30-416C-9339-3DF71C9D24EB}
	EndGlobalSection
EndGlobal
