
Microsoft Visual Studio Solution File, Format Version 12.00
# Visual Studio Version 16
VisualStudioVersion = 16.0.29009.5
MinimumVisualStudioVersion = 10.0.40219.1
Project("{9A19103F-16F7-4668-BE54-9A1E7A4F7556}") = "01-DayOfWeek", "01-DayOfWeek\01-DayOfWeek.csproj", "{F60CDCA9-A261-47AD-A27D-0F8AF563D166}"
EndProject
Project("{9A19103F-16F7-4668-BE54-9A1E7A4F7556}") = "02-RandomizeWordds", "02-RandomizeWordds\02-RandomizeWordds.csproj", "{FD4F452C-65CB-4FDC-A4B3-8E41A1A8C930}"
EndProject
Project("{9A19103F-16F7-4668-BE54-9A1E7A4F7556}") = "03-BigFactorial", "03-BigFactorial\03-BigFactorial.csproj", "{2A5E8DF6-7A7B-4DAE-99EF-427B5ABD399B}"
EndProject
Project("{9A19103F-16F7-4668-BE54-9A1E7A4F7556}") = "04-Songs", "04-Songs\04-Songs.csproj", "{112466EF-9FE7-4F27-AD41-99A0185E7E1C}"
EndProject
Project("{FAE04EC0-301F-11D3-BF4B-00C04F79EFBC}") = "05-Students", "05-Students\05-Students.csproj", "{76453B6A-451A-4F32-9802-CE463BC1391D}"
EndProject
Global
	GlobalSection(SolutionConfigurationPlatforms) = preSolution
		Debug|Any CPU = Debug|Any CPU
		Release|Any CPU = Release|Any CPU
	EndGlobalSection
	GlobalSection(ProjectConfigurationPlatforms) = postSolution
		{F60CDCA9-A261-47AD-A27D-0F8AF563D166}.Debug|Any CPU.ActiveCfg = Debug|Any CPU
		{F60CDCA9-A261-47AD-A27D-0F8AF563D166}.Debug|Any CPU.Build.0 = Debug|Any CPU
		{F60CDCA9-A261-47AD-A27D-0F8AF563D166}.Release|Any CPU.ActiveCfg = Release|Any CPU
		{F60CDCA9-A261-47AD-A27D-0F8AF563D166}.Release|Any CPU.Build.0 = Release|Any CPU
		{FD4F452C-65CB-4FDC-A4B3-8E41A1A8C930}.Debug|Any CPU.ActiveCfg = Debug|Any CPU
		{FD4F452C-65CB-4FDC-A4B3-8E41A1A8C930}.Debug|Any CPU.Build.0 = Debug|Any CPU
		{FD4F452C-65CB-4FDC-A4B3-8E41A1A8C930}.Release|Any CPU.ActiveCfg = Release|Any CPU
		{FD4F452C-65CB-4FDC-A4B3-8E41A1A8C930}.Release|Any CPU.Build.0 = Release|Any CPU
		{2A5E8DF6-7A7B-4DAE-99EF-427B5ABD399B}.Debug|Any CPU.ActiveCfg = Debug|Any CPU
		{2A5E8DF6-7A7B-4DAE-99EF-427B5ABD399B}.Debug|Any CPU.Build.0 = Debug|Any CPU
		{2A5E8DF6-7A7B-4DAE-99EF-427B5ABD399B}.Release|Any CPU.ActiveCfg = Release|Any CPU
		{2A5E8DF6-7A7B-4DAE-99EF-427B5ABD399B}.Release|Any CPU.Build.0 = Release|Any CPU
		{112466EF-9FE7-4F27-AD41-99A0185E7E1C}.Debug|Any CPU.ActiveCfg = Debug|Any CPU
		{112466EF-9FE7-4F27-AD41-99A0185E7E1C}.Debug|Any CPU.Build.0 = Debug|Any CPU
		{112466EF-9FE7-4F27-AD41-99A0185E7E1C}.Release|Any CPU.ActiveCfg = Release|Any CPU
		{112466EF-9FE7-4F27-AD41-99A0185E7E1C}.Release|Any CPU.Build.0 = Release|Any CPU
		{76453B6A-451A-4F32-9802-CE463BC1391D}.Debug|Any CPU.ActiveCfg = Debug|Any CPU
		{76453B6A-451A-4F32-9802-CE463BC1391D}.Debug|Any CPU.Build.0 = Debug|Any CPU
		{76453B6A-451A-4F32-9802-CE463BC1391D}.Release|Any CPU.ActiveCfg = Release|Any CPU
		{76453B6A-451A-4F32-9802-CE463BC1391D}.Release|Any CPU.Build.0 = Release|Any CPU
	EndGlobalSection
	GlobalSection(SolutionProperties) = preSolution
		HideSolutionNode = FALSE
	EndGlobalSection
	GlobalSection(ExtensibilityGlobals) = postSolution
		SolutionGuid = {E8F3CB42-C898-4EFA-A5DB-D72E728D204B}
	EndGlobalSection
EndGlobal
