
Microsoft Visual Studio Solution File, Format Version 12.00
# Visual Studio Version 16
VisualStudioVersion = 16.0.29123.88
MinimumVisualStudioVersion = 10.0.40219.1
Project("{9A19103F-16F7-4668-BE54-9A1E7A4F7556}") = "01-AnimalSanctuary", "01-AnimalSanctuary\01-AnimalSanctuary.csproj", "{F2B4043D-E5FF-4250-9FE1-7223E287ED43}"
EndProject
Project("{9A19103F-16F7-4668-BE54-9A1E7A4F7556}") = "02-PracticeSessions", "02-PracticeSessions\02-PracticeSessions.csproj", "{BD7108AD-5C4D-48C9-866C-6388EA7B98C4}"
EndProject
Project("{9A19103F-16F7-4668-BE54-9A1E7A4F7556}") = "01-ArrivingInKathmandu", "01-ArrivingInKathmandu\01-ArrivingInKathmandu.csproj", "{2EA01656-64C1-4D42-B224-36AC0A260DF4}"
EndProject
Project("{FAE04EC0-301F-11D3-BF4B-00C04F79EFBC}") = "01-ArrivingInKathmanduWithRegex", "01-ArrivingInKathmanduWithRegex\01-ArrivingInKathmanduWithRegex.csproj", "{12F2171A-CBA9-469A-828D-DA80285FB03E}"
EndProject
Project("{FAE04EC0-301F-11D3-BF4B-00C04F79EFBC}") = "02-OnTheWayToAnnapurna", "02-OnTheWayToAnnapurna\02-OnTheWayToAnnapurna.csproj", "{B74F1A4F-8080-4632-9220-BA0552392CA4}"
EndProject
Project("{FAE04EC0-301F-11D3-BF4B-00C04F79EFBC}") = "01-VaporWinterSale", "01-VaporWinterSale\01-VaporWinterSale.csproj", "{FAA84EA0-A147-4ECE-89FA-87004DCDF4A5}"
EndProject
Project("{FAE04EC0-301F-11D3-BF4B-00C04F79EFBC}") = "02-ActivationKeys", "02-ActivationKeys\02-ActivationKeys.csproj", "{DD458D04-F9A0-4CA8-8264-91B81A6AF9B8}"
EndProject
Global
	GlobalSection(SolutionConfigurationPlatforms) = preSolution
		Debug|Any CPU = Debug|Any CPU
		Release|Any CPU = Release|Any CPU
	EndGlobalSection
	GlobalSection(ProjectConfigurationPlatforms) = postSolution
		{F2B4043D-E5FF-4250-9FE1-7223E287ED43}.Debug|Any CPU.ActiveCfg = Debug|Any CPU
		{F2B4043D-E5FF-4250-9FE1-7223E287ED43}.Debug|Any CPU.Build.0 = Debug|Any CPU
		{F2B4043D-E5FF-4250-9FE1-7223E287ED43}.Release|Any CPU.ActiveCfg = Release|Any CPU
		{F2B4043D-E5FF-4250-9FE1-7223E287ED43}.Release|Any CPU.Build.0 = Release|Any CPU
		{BD7108AD-5C4D-48C9-866C-6388EA7B98C4}.Debug|Any CPU.ActiveCfg = Debug|Any CPU
		{BD7108AD-5C4D-48C9-866C-6388EA7B98C4}.Debug|Any CPU.Build.0 = Debug|Any CPU
		{BD7108AD-5C4D-48C9-866C-6388EA7B98C4}.Release|Any CPU.ActiveCfg = Release|Any CPU
		{BD7108AD-5C4D-48C9-866C-6388EA7B98C4}.Release|Any CPU.Build.0 = Release|Any CPU
		{2EA01656-64C1-4D42-B224-36AC0A260DF4}.Debug|Any CPU.ActiveCfg = Debug|Any CPU
		{2EA01656-64C1-4D42-B224-36AC0A260DF4}.Debug|Any CPU.Build.0 = Debug|Any CPU
		{2EA01656-64C1-4D42-B224-36AC0A260DF4}.Release|Any CPU.ActiveCfg = Release|Any CPU
		{2EA01656-64C1-4D42-B224-36AC0A260DF4}.Release|Any CPU.Build.0 = Release|Any CPU
		{12F2171A-CBA9-469A-828D-DA80285FB03E}.Debug|Any CPU.ActiveCfg = Debug|Any CPU
		{12F2171A-CBA9-469A-828D-DA80285FB03E}.Debug|Any CPU.Build.0 = Debug|Any CPU
		{12F2171A-CBA9-469A-828D-DA80285FB03E}.Release|Any CPU.ActiveCfg = Release|Any CPU
		{12F2171A-CBA9-469A-828D-DA80285FB03E}.Release|Any CPU.Build.0 = Release|Any CPU
		{B74F1A4F-8080-4632-9220-BA0552392CA4}.Debug|Any CPU.ActiveCfg = Debug|Any CPU
		{B74F1A4F-8080-4632-9220-BA0552392CA4}.Debug|Any CPU.Build.0 = Debug|Any CPU
		{B74F1A4F-8080-4632-9220-BA0552392CA4}.Release|Any CPU.ActiveCfg = Release|Any CPU
		{B74F1A4F-8080-4632-9220-BA0552392CA4}.Release|Any CPU.Build.0 = Release|Any CPU
		{FAA84EA0-A147-4ECE-89FA-87004DCDF4A5}.Debug|Any CPU.ActiveCfg = Debug|Any CPU
		{FAA84EA0-A147-4ECE-89FA-87004DCDF4A5}.Debug|Any CPU.Build.0 = Debug|Any CPU
		{FAA84EA0-A147-4ECE-89FA-87004DCDF4A5}.Release|Any CPU.ActiveCfg = Release|Any CPU
		{FAA84EA0-A147-4ECE-89FA-87004DCDF4A5}.Release|Any CPU.Build.0 = Release|Any CPU
		{DD458D04-F9A0-4CA8-8264-91B81A6AF9B8}.Debug|Any CPU.ActiveCfg = Debug|Any CPU
		{DD458D04-F9A0-4CA8-8264-91B81A6AF9B8}.Debug|Any CPU.Build.0 = Debug|Any CPU
		{DD458D04-F9A0-4CA8-8264-91B81A6AF9B8}.Release|Any CPU.ActiveCfg = Release|Any CPU
		{DD458D04-F9A0-4CA8-8264-91B81A6AF9B8}.Release|Any CPU.Build.0 = Release|Any CPU
	EndGlobalSection
	GlobalSection(SolutionProperties) = preSolution
		HideSolutionNode = FALSE
	EndGlobalSection
	GlobalSection(ExtensibilityGlobals) = postSolution
		SolutionGuid = {3D50CEA0-4FD8-43A3-B856-8B89967BF2BE}
	EndGlobalSection
EndGlobal
