
Microsoft Visual Studio Solution File, Format Version 12.00
# Visual Studio Version 16
VisualStudioVersion = 16.0.29123.88
MinimumVisualStudioVersion = 10.0.40219.1
Project("{FAE04EC0-301F-11D3-BF4B-00C04F79EFBC}") = "01-AnimalSanctuary", "01-AnimalSanctuary\01-AnimalSanctuary.csproj", "{F2B4043D-E5FF-4250-9FE1-7223E287ED43}"
EndProject
Global
	GlobalSection(SolutionConfigurationPlatforms) = preSolution
		Debug|Any CPU = Debug|Any CPU
		Release|Any CPU = Release|Any CPU
	EndGlobalSection
	GlobalSection(ProjectConfigurationPlatforms) = postSolution
		{F2B4043D-E5FF-4250-9FE1-7223E287ED43}.Debug|Any CPU.ActiveCfg = Debug|Any CPU
		{F2B4043D-E5FF-4250-9FE1-7223E287ED43}.Debug|Any CPU.Build.0 = Debug|Any CPU
		{F2B4043D-E5FF-4250-9FE1-7223E287ED43}.Release|Any CPU.ActiveCfg = Release|Any CPU
		{F2B4043D-E5FF-4250-9FE1-7223E287ED43}.Release|Any CPU.Build.0 = Release|Any CPU
	EndGlobalSection
	GlobalSection(SolutionProperties) = preSolution
		HideSolutionNode = FALSE
	EndGlobalSection
	GlobalSection(ExtensibilityGlobals) = postSolution
		SolutionGuid = {3D50CEA0-4FD8-43A3-B856-8B89967BF2BE}
	EndGlobalSection
EndGlobal
