
Microsoft Visual Studio Solution File, Format Version 12.00
# Visual Studio Version 16
VisualStudioVersion = 16.0.29209.62
MinimumVisualStudioVersion = 10.0.40219.1
Project("{9A19103F-16F7-4668-BE54-9A1E7A4F7556}") = "01-UniqueUsernames", "01-UniqueUsernames\01-UniqueUsernames.csproj", "{79CC8623-E3DF-479C-A8DB-E3FEC1CE555C}"
EndProject
Project("{9A19103F-16F7-4668-BE54-9A1E7A4F7556}") = "02-SetsOfElements", "02-SetsOfElements\02-SetsOfElements.csproj", "{6DEDC6E5-0211-44B0-9B30-82A3ADF8CCE2}"
EndProject
Project("{9A19103F-16F7-4668-BE54-9A1E7A4F7556}") = "02-SetsOfElements-v2", "02-SetsOfElements-v2\02-SetsOfElements-v2.csproj", "{FCBE583A-AF44-434A-8130-7EA273B7B72A}"
EndProject
Project("{9A19103F-16F7-4668-BE54-9A1E7A4F7556}") = "03-PeriodicTable", "03-PeriodicTable\03-PeriodicTable.csproj", "{BEABE2C3-A5DF-43C0-A02E-73B3EB79E4CE}"
EndProject
Project("{9A19103F-16F7-4668-BE54-9A1E7A4F7556}") = "04-EvenTimes", "04-EvenTimes\04-EvenTimes.csproj", "{B057CD8F-E7A4-47B7-A6FA-9FA32470939D}"
EndProject
Project("{9A19103F-16F7-4668-BE54-9A1E7A4F7556}") = "05-CountSymbols", "05-CountSymbols\05-CountSymbols.csproj", "{C342AA02-A0E9-45A5-A7B3-5B9B656E753B}"
EndProject
Project("{9A19103F-16F7-4668-BE54-9A1E7A4F7556}") = "06-Wardrobe", "06-Wardrobe\06-Wardrobe.csproj", "{4927B922-CDB7-4E17-B113-E18796863654}"
EndProject
Project("{9A19103F-16F7-4668-BE54-9A1E7A4F7556}") = "07-TheV-Logger", "08-TheV-Logger\07-TheV-Logger.csproj", "{A332DFD6-9C55-433E-BA4C-EF16DD16B19D}"
EndProject
Project("{9A19103F-16F7-4668-BE54-9A1E7A4F7556}") = "07-Pr", "07-Pr\07-Pr.csproj", "{9B1A4D01-5633-43ED-9715-3B58B4E9F503}"
EndProject
Project("{9A19103F-16F7-4668-BE54-9A1E7A4F7556}") = "08-Ranking", "08-Ranking\08-Ranking.csproj", "{D9DFE187-C9C0-4F90-BCEA-7CB5472F094B}"
EndProject
Project("{9A19103F-16F7-4668-BE54-9A1E7A4F7556}") = "08-Ranking-v2", "08-Ranking-v2\08-Ranking-v2.csproj", "{6C93439A-3E77-444D-B069-B3359EAC76BB}"
EndProject
Project("{FAE04EC0-301F-11D3-BF4B-00C04F79EFBC}") = "08-Ranking-v3", "08-Ranking-v3\08-Ranking-v3.csproj", "{D354F6FF-65B0-460A-8133-275DA6260C53}"
EndProject
Global
	GlobalSection(SolutionConfigurationPlatforms) = preSolution
		Debug|Any CPU = Debug|Any CPU
		Release|Any CPU = Release|Any CPU
	EndGlobalSection
	GlobalSection(ProjectConfigurationPlatforms) = postSolution
		{79CC8623-E3DF-479C-A8DB-E3FEC1CE555C}.Debug|Any CPU.ActiveCfg = Debug|Any CPU
		{79CC8623-E3DF-479C-A8DB-E3FEC1CE555C}.Debug|Any CPU.Build.0 = Debug|Any CPU
		{79CC8623-E3DF-479C-A8DB-E3FEC1CE555C}.Release|Any CPU.ActiveCfg = Release|Any CPU
		{79CC8623-E3DF-479C-A8DB-E3FEC1CE555C}.Release|Any CPU.Build.0 = Release|Any CPU
		{6DEDC6E5-0211-44B0-9B30-82A3ADF8CCE2}.Debug|Any CPU.ActiveCfg = Debug|Any CPU
		{6DEDC6E5-0211-44B0-9B30-82A3ADF8CCE2}.Debug|Any CPU.Build.0 = Debug|Any CPU
		{6DEDC6E5-0211-44B0-9B30-82A3ADF8CCE2}.Release|Any CPU.ActiveCfg = Release|Any CPU
		{6DEDC6E5-0211-44B0-9B30-82A3ADF8CCE2}.Release|Any CPU.Build.0 = Release|Any CPU
		{FCBE583A-AF44-434A-8130-7EA273B7B72A}.Debug|Any CPU.ActiveCfg = Debug|Any CPU
		{FCBE583A-AF44-434A-8130-7EA273B7B72A}.Debug|Any CPU.Build.0 = Debug|Any CPU
		{FCBE583A-AF44-434A-8130-7EA273B7B72A}.Release|Any CPU.ActiveCfg = Release|Any CPU
		{FCBE583A-AF44-434A-8130-7EA273B7B72A}.Release|Any CPU.Build.0 = Release|Any CPU
		{BEABE2C3-A5DF-43C0-A02E-73B3EB79E4CE}.Debug|Any CPU.ActiveCfg = Debug|Any CPU
		{BEABE2C3-A5DF-43C0-A02E-73B3EB79E4CE}.Debug|Any CPU.Build.0 = Debug|Any CPU
		{BEABE2C3-A5DF-43C0-A02E-73B3EB79E4CE}.Release|Any CPU.ActiveCfg = Release|Any CPU
		{BEABE2C3-A5DF-43C0-A02E-73B3EB79E4CE}.Release|Any CPU.Build.0 = Release|Any CPU
		{B057CD8F-E7A4-47B7-A6FA-9FA32470939D}.Debug|Any CPU.ActiveCfg = Debug|Any CPU
		{B057CD8F-E7A4-47B7-A6FA-9FA32470939D}.Debug|Any CPU.Build.0 = Debug|Any CPU
		{B057CD8F-E7A4-47B7-A6FA-9FA32470939D}.Release|Any CPU.ActiveCfg = Release|Any CPU
		{B057CD8F-E7A4-47B7-A6FA-9FA32470939D}.Release|Any CPU.Build.0 = Release|Any CPU
		{C342AA02-A0E9-45A5-A7B3-5B9B656E753B}.Debug|Any CPU.ActiveCfg = Debug|Any CPU
		{C342AA02-A0E9-45A5-A7B3-5B9B656E753B}.Debug|Any CPU.Build.0 = Debug|Any CPU
		{C342AA02-A0E9-45A5-A7B3-5B9B656E753B}.Release|Any CPU.ActiveCfg = Release|Any CPU
		{C342AA02-A0E9-45A5-A7B3-5B9B656E753B}.Release|Any CPU.Build.0 = Release|Any CPU
		{4927B922-CDB7-4E17-B113-E18796863654}.Debug|Any CPU.ActiveCfg = Debug|Any CPU
		{4927B922-CDB7-4E17-B113-E18796863654}.Debug|Any CPU.Build.0 = Debug|Any CPU
		{4927B922-CDB7-4E17-B113-E18796863654}.Release|Any CPU.ActiveCfg = Release|Any CPU
		{4927B922-CDB7-4E17-B113-E18796863654}.Release|Any CPU.Build.0 = Release|Any CPU
		{A332DFD6-9C55-433E-BA4C-EF16DD16B19D}.Debug|Any CPU.ActiveCfg = Debug|Any CPU
		{A332DFD6-9C55-433E-BA4C-EF16DD16B19D}.Debug|Any CPU.Build.0 = Debug|Any CPU
		{A332DFD6-9C55-433E-BA4C-EF16DD16B19D}.Release|Any CPU.ActiveCfg = Release|Any CPU
		{A332DFD6-9C55-433E-BA4C-EF16DD16B19D}.Release|Any CPU.Build.0 = Release|Any CPU
		{9B1A4D01-5633-43ED-9715-3B58B4E9F503}.Debug|Any CPU.ActiveCfg = Debug|Any CPU
		{9B1A4D01-5633-43ED-9715-3B58B4E9F503}.Debug|Any CPU.Build.0 = Debug|Any CPU
		{9B1A4D01-5633-43ED-9715-3B58B4E9F503}.Release|Any CPU.ActiveCfg = Release|Any CPU
		{9B1A4D01-5633-43ED-9715-3B58B4E9F503}.Release|Any CPU.Build.0 = Release|Any CPU
		{D9DFE187-C9C0-4F90-BCEA-7CB5472F094B}.Debug|Any CPU.ActiveCfg = Debug|Any CPU
		{D9DFE187-C9C0-4F90-BCEA-7CB5472F094B}.Debug|Any CPU.Build.0 = Debug|Any CPU
		{D9DFE187-C9C0-4F90-BCEA-7CB5472F094B}.Release|Any CPU.ActiveCfg = Release|Any CPU
		{D9DFE187-C9C0-4F90-BCEA-7CB5472F094B}.Release|Any CPU.Build.0 = Release|Any CPU
		{6C93439A-3E77-444D-B069-B3359EAC76BB}.Debug|Any CPU.ActiveCfg = Debug|Any CPU
		{6C93439A-3E77-444D-B069-B3359EAC76BB}.Debug|Any CPU.Build.0 = Debug|Any CPU
		{6C93439A-3E77-444D-B069-B3359EAC76BB}.Release|Any CPU.ActiveCfg = Release|Any CPU
		{6C93439A-3E77-444D-B069-B3359EAC76BB}.Release|Any CPU.Build.0 = Release|Any CPU
		{D354F6FF-65B0-460A-8133-275DA6260C53}.Debug|Any CPU.ActiveCfg = Debug|Any CPU
		{D354F6FF-65B0-460A-8133-275DA6260C53}.Debug|Any CPU.Build.0 = Debug|Any CPU
		{D354F6FF-65B0-460A-8133-275DA6260C53}.Release|Any CPU.ActiveCfg = Release|Any CPU
		{D354F6FF-65B0-460A-8133-275DA6260C53}.Release|Any CPU.Build.0 = Release|Any CPU
	EndGlobalSection
	GlobalSection(SolutionProperties) = preSolution
		HideSolutionNode = FALSE
	EndGlobalSection
	GlobalSection(ExtensibilityGlobals) = postSolution
		SolutionGuid = {9031E1D7-7ACB-4416-8D0B-AD064D76A9E0}
	EndGlobalSection
EndGlobal
