
Microsoft Visual Studio Solution File, Format Version 12.00
# Visual Studio Version 16
VisualStudioVersion = 16.0.29123.88
MinimumVisualStudioVersion = 10.0.40219.1
Project("{FAE04EC0-301F-11D3-BF4B-00C04F79EFBC}") = "01-StringManipulator", "01-StringManipulator\01-StringManipulator.csproj", "{BED4F2C7-CA30-4CA9-B44A-9045F46E1F8D}"
EndProject
Project("{FAE04EC0-301F-11D3-BF4B-00C04F79EFBC}") = "02-MessageEncrypter", "02-MessageEncrypter\02-MessageEncrypter.csproj", "{A47C1D80-CBBB-446C-857F-760138AAC9FA}"
EndProject
Project("{FAE04EC0-301F-11D3-BF4B-00C04F79EFBC}") = "03-BattleManager", "03-BattleManager\03-BattleManager.csproj", "{2A798C98-FD6F-4CF1-AA6C-9E02DE592EDE}"
EndProject
Global
	GlobalSection(SolutionConfigurationPlatforms) = preSolution
		Debug|Any CPU = Debug|Any CPU
		Release|Any CPU = Release|Any CPU
	EndGlobalSection
	GlobalSection(ProjectConfigurationPlatforms) = postSolution
		{BED4F2C7-CA30-4CA9-B44A-9045F46E1F8D}.Debug|Any CPU.ActiveCfg = Debug|Any CPU
		{BED4F2C7-CA30-4CA9-B44A-9045F46E1F8D}.Debug|Any CPU.Build.0 = Debug|Any CPU
		{BED4F2C7-CA30-4CA9-B44A-9045F46E1F8D}.Release|Any CPU.ActiveCfg = Release|Any CPU
		{BED4F2C7-CA30-4CA9-B44A-9045F46E1F8D}.Release|Any CPU.Build.0 = Release|Any CPU
		{A47C1D80-CBBB-446C-857F-760138AAC9FA}.Debug|Any CPU.ActiveCfg = Debug|Any CPU
		{A47C1D80-CBBB-446C-857F-760138AAC9FA}.Debug|Any CPU.Build.0 = Debug|Any CPU
		{A47C1D80-CBBB-446C-857F-760138AAC9FA}.Release|Any CPU.ActiveCfg = Release|Any CPU
		{A47C1D80-CBBB-446C-857F-760138AAC9FA}.Release|Any CPU.Build.0 = Release|Any CPU
		{2A798C98-FD6F-4CF1-AA6C-9E02DE592EDE}.Debug|Any CPU.ActiveCfg = Debug|Any CPU
		{2A798C98-FD6F-4CF1-AA6C-9E02DE592EDE}.Debug|Any CPU.Build.0 = Debug|Any CPU
		{2A798C98-FD6F-4CF1-AA6C-9E02DE592EDE}.Release|Any CPU.ActiveCfg = Release|Any CPU
		{2A798C98-FD6F-4CF1-AA6C-9E02DE592EDE}.Release|Any CPU.Build.0 = Release|Any CPU
	EndGlobalSection
	GlobalSection(SolutionProperties) = preSolution
		HideSolutionNode = FALSE
	EndGlobalSection
	GlobalSection(ExtensibilityGlobals) = postSolution
		SolutionGuid = {524C4291-0C74-464B-AB3A-71B4D790CF05}
	EndGlobalSection
EndGlobal
