
Microsoft Visual Studio Solution File, Format Version 12.00
# Visual Studio 15
VisualStudioVersion = 15.0.28307.421
MinimumVisualStudioVersion = 10.0.40219.1
Project("{FAE04EC0-301F-11D3-BF4B-00C04F79EFBC}") = "SecretDoor", "Loop-ExtraExercises-2\SecretDoor.csproj", "{A0CF02B9-C6E7-4AF8-B51A-D0B51C05E829}"
EndProject
Project("{FAE04EC0-301F-11D3-BF4B-00C04F79EFBC}") = "TicketCombination", "TicketCombination\TicketCombination.csproj", "{97722C85-506F-4682-A403-8A7E15C43004}"
EndProject
Global
	GlobalSection(SolutionConfigurationPlatforms) = preSolution
		Debug|Any CPU = Debug|Any CPU
		Release|Any CPU = Release|Any CPU
	EndGlobalSection
	GlobalSection(ProjectConfigurationPlatforms) = postSolution
		{A0CF02B9-C6E7-4AF8-B51A-D0B51C05E829}.Debug|Any CPU.ActiveCfg = Debug|Any CPU
		{A0CF02B9-C6E7-4AF8-B51A-D0B51C05E829}.Debug|Any CPU.Build.0 = Debug|Any CPU
		{A0CF02B9-C6E7-4AF8-B51A-D0B51C05E829}.Release|Any CPU.ActiveCfg = Release|Any CPU
		{A0CF02B9-C6E7-4AF8-B51A-D0B51C05E829}.Release|Any CPU.Build.0 = Release|Any CPU
		{97722C85-506F-4682-A403-8A7E15C43004}.Debug|Any CPU.ActiveCfg = Debug|Any CPU
		{97722C85-506F-4682-A403-8A7E15C43004}.Debug|Any CPU.Build.0 = Debug|Any CPU
		{97722C85-506F-4682-A403-8A7E15C43004}.Release|Any CPU.ActiveCfg = Release|Any CPU
		{97722C85-506F-4682-A403-8A7E15C43004}.Release|Any CPU.Build.0 = Release|Any CPU
	EndGlobalSection
	GlobalSection(SolutionProperties) = preSolution
		HideSolutionNode = FALSE
	EndGlobalSection
	GlobalSection(ExtensibilityGlobals) = postSolution
		SolutionGuid = {C32FFA76-A863-4B87-9C46-406F71E05856}
	EndGlobalSection
EndGlobal
