
Microsoft Visual Studio Solution File, Format Version 12.00
# Visual Studio Version 16
VisualStudioVersion = 16.0.30907.101
MinimumVisualStudioVersion = 10.0.40219.1
Project("{FAE04EC0-301F-11D3-BF4B-00C04F79EFBC}") = "Permutations", "Permutations\Permutations.csproj", "{C7748FE1-DBEB-4FA0-8F4E-B2AD8C1B4595}"
EndProject
Project("{FAE04EC0-301F-11D3-BF4B-00C04F79EFBC}") = "PermutationWithSwap", "PermutationWithSwap\PermutationWithSwap.csproj", "{488A7AF0-E502-4284-B64E-C4C6FE215B7F}"
EndProject
Project("{FAE04EC0-301F-11D3-BF4B-00C04F79EFBC}") = "Variations", "Variations\Variations.csproj", "{74367A1E-0AF4-4EEF-8F14-02397A3B1F48}"
EndProject
Project("{FAE04EC0-301F-11D3-BF4B-00C04F79EFBC}") = "SumOfCoins", "SumOfCoins\SumOfCoins.csproj", "{8A6F99CA-1731-4132-9D8C-3A1355459B84}"
EndProject
Project("{FAE04EC0-301F-11D3-BF4B-00C04F79EFBC}") = "ActivitySelection", "ActivitySelection\ActivitySelection.csproj", "{4FA19679-BFA7-412E-A06D-376A18EC55E4}"
EndProject
Project("{FAE04EC0-301F-11D3-BF4B-00C04F79EFBC}") = "SetCover", "SetCover\SetCover.csproj", "{CFA4BF1D-BDE0-4CBA-910F-A4D8F456AD37}"
EndProject
Project("{FAE04EC0-301F-11D3-BF4B-00C04F79EFBC}") = "04. Words", "04. Words\04. Words.csproj", "{00BE7459-4E66-45E2-93C5-4CBB49A1A258}"
EndProject
Global
	GlobalSection(SolutionConfigurationPlatforms) = preSolution
		Debug|Any CPU = Debug|Any CPU
		Release|Any CPU = Release|Any CPU
	EndGlobalSection
	GlobalSection(ProjectConfigurationPlatforms) = postSolution
		{C7748FE1-DBEB-4FA0-8F4E-B2AD8C1B4595}.Debug|Any CPU.ActiveCfg = Debug|Any CPU
		{C7748FE1-DBEB-4FA0-8F4E-B2AD8C1B4595}.Debug|Any CPU.Build.0 = Debug|Any CPU
		{C7748FE1-DBEB-4FA0-8F4E-B2AD8C1B4595}.Release|Any CPU.ActiveCfg = Release|Any CPU
		{C7748FE1-DBEB-4FA0-8F4E-B2AD8C1B4595}.Release|Any CPU.Build.0 = Release|Any CPU
		{488A7AF0-E502-4284-B64E-C4C6FE215B7F}.Debug|Any CPU.ActiveCfg = Debug|Any CPU
		{488A7AF0-E502-4284-B64E-C4C6FE215B7F}.Debug|Any CPU.Build.0 = Debug|Any CPU
		{488A7AF0-E502-4284-B64E-C4C6FE215B7F}.Release|Any CPU.ActiveCfg = Release|Any CPU
		{488A7AF0-E502-4284-B64E-C4C6FE215B7F}.Release|Any CPU.Build.0 = Release|Any CPU
		{74367A1E-0AF4-4EEF-8F14-02397A3B1F48}.Debug|Any CPU.ActiveCfg = Debug|Any CPU
		{74367A1E-0AF4-4EEF-8F14-02397A3B1F48}.Debug|Any CPU.Build.0 = Debug|Any CPU
		{74367A1E-0AF4-4EEF-8F14-02397A3B1F48}.Release|Any CPU.ActiveCfg = Release|Any CPU
		{74367A1E-0AF4-4EEF-8F14-02397A3B1F48}.Release|Any CPU.Build.0 = Release|Any CPU
		{8A6F99CA-1731-4132-9D8C-3A1355459B84}.Debug|Any CPU.ActiveCfg = Debug|Any CPU
		{8A6F99CA-1731-4132-9D8C-3A1355459B84}.Debug|Any CPU.Build.0 = Debug|Any CPU
		{8A6F99CA-1731-4132-9D8C-3A1355459B84}.Release|Any CPU.ActiveCfg = Release|Any CPU
		{8A6F99CA-1731-4132-9D8C-3A1355459B84}.Release|Any CPU.Build.0 = Release|Any CPU
		{4FA19679-BFA7-412E-A06D-376A18EC55E4}.Debug|Any CPU.ActiveCfg = Debug|Any CPU
		{4FA19679-BFA7-412E-A06D-376A18EC55E4}.Debug|Any CPU.Build.0 = Debug|Any CPU
		{4FA19679-BFA7-412E-A06D-376A18EC55E4}.Release|Any CPU.ActiveCfg = Release|Any CPU
		{4FA19679-BFA7-412E-A06D-376A18EC55E4}.Release|Any CPU.Build.0 = Release|Any CPU
		{CFA4BF1D-BDE0-4CBA-910F-A4D8F456AD37}.Debug|Any CPU.ActiveCfg = Debug|Any CPU
		{CFA4BF1D-BDE0-4CBA-910F-A4D8F456AD37}.Debug|Any CPU.Build.0 = Debug|Any CPU
		{CFA4BF1D-BDE0-4CBA-910F-A4D8F456AD37}.Release|Any CPU.ActiveCfg = Release|Any CPU
		{CFA4BF1D-BDE0-4CBA-910F-A4D8F456AD37}.Release|Any CPU.Build.0 = Release|Any CPU
		{00BE7459-4E66-45E2-93C5-4CBB49A1A258}.Debug|Any CPU.ActiveCfg = Debug|Any CPU
		{00BE7459-4E66-45E2-93C5-4CBB49A1A258}.Debug|Any CPU.Build.0 = Debug|Any CPU
		{00BE7459-4E66-45E2-93C5-4CBB49A1A258}.Release|Any CPU.ActiveCfg = Release|Any CPU
		{00BE7459-4E66-45E2-93C5-4CBB49A1A258}.Release|Any CPU.Build.0 = Release|Any CPU
	EndGlobalSection
	GlobalSection(SolutionProperties) = preSolution
		HideSolutionNode = FALSE
	EndGlobalSection
	GlobalSection(ExtensibilityGlobals) = postSolution
		SolutionGuid = {D303AB65-C5F2-4934-8A64-81A5AA03F47F}
	EndGlobalSection
EndGlobal
