
Microsoft Visual Studio Solution File, Format Version 12.00
# Visual Studio Version 16
VisualStudioVersion = 16.0.29424.173
MinimumVisualStudioVersion = 10.0.40219.1
Project("{9A19103F-16F7-4668-BE54-9A1E7A4F7556}") = "01-Stealer", "01-Stealer\01-Stealer.csproj", "{5C047ECD-82D2-4307-948A-1BE0F4CF42FE}"
EndProject
Project("{9A19103F-16F7-4668-BE54-9A1E7A4F7556}") = "05-CreateAttribute", "05-CreateAttribute\05-CreateAttribute.csproj", "{C22E5058-A3AD-48F5-A4D0-243BD36C33B9}"
EndProject
Project("{9A19103F-16F7-4668-BE54-9A1E7A4F7556}") = "06-CodeTracker", "06-CodeTracker\06-CodeTracker.csproj", "{B80D4F8D-C5B1-4A7F-9115-9C262E850B0D}"
EndProject
Project("{9A19103F-16F7-4668-BE54-9A1E7A4F7556}") = "02-HighQualityMistakes", "02-HighQualityMistakes\02-HighQualityMistakes.csproj", "{32E2B1D4-1149-4A95-8509-80290935C018}"
EndProject
Project("{9A19103F-16F7-4668-BE54-9A1E7A4F7556}") = "03-MissionPrivateImpossible", "03-MissionPrivateImpossible\03-MissionPrivateImpossible.csproj", "{45016167-533D-43B0-8598-B6C4B6D5B6C8}"
EndProject
Project("{9A19103F-16F7-4668-BE54-9A1E7A4F7556}") = "04-Collector", "04-Collector\04-Collector.csproj", "{71F6DF2A-BE21-4943-974D-24B409CF59B5}"
EndProject
Global
	GlobalSection(SolutionConfigurationPlatforms) = preSolution
		Debug|Any CPU = Debug|Any CPU
		Release|Any CPU = Release|Any CPU
	EndGlobalSection
	GlobalSection(ProjectConfigurationPlatforms) = postSolution
		{5C047ECD-82D2-4307-948A-1BE0F4CF42FE}.Debug|Any CPU.ActiveCfg = Debug|Any CPU
		{5C047ECD-82D2-4307-948A-1BE0F4CF42FE}.Debug|Any CPU.Build.0 = Debug|Any CPU
		{5C047ECD-82D2-4307-948A-1BE0F4CF42FE}.Release|Any CPU.ActiveCfg = Release|Any CPU
		{5C047ECD-82D2-4307-948A-1BE0F4CF42FE}.Release|Any CPU.Build.0 = Release|Any CPU
		{C22E5058-A3AD-48F5-A4D0-243BD36C33B9}.Debug|Any CPU.ActiveCfg = Debug|Any CPU
		{C22E5058-A3AD-48F5-A4D0-243BD36C33B9}.Debug|Any CPU.Build.0 = Debug|Any CPU
		{C22E5058-A3AD-48F5-A4D0-243BD36C33B9}.Release|Any CPU.ActiveCfg = Release|Any CPU
		{C22E5058-A3AD-48F5-A4D0-243BD36C33B9}.Release|Any CPU.Build.0 = Release|Any CPU
		{B80D4F8D-C5B1-4A7F-9115-9C262E850B0D}.Debug|Any CPU.ActiveCfg = Debug|Any CPU
		{B80D4F8D-C5B1-4A7F-9115-9C262E850B0D}.Debug|Any CPU.Build.0 = Debug|Any CPU
		{B80D4F8D-C5B1-4A7F-9115-9C262E850B0D}.Release|Any CPU.ActiveCfg = Release|Any CPU
		{B80D4F8D-C5B1-4A7F-9115-9C262E850B0D}.Release|Any CPU.Build.0 = Release|Any CPU
		{32E2B1D4-1149-4A95-8509-80290935C018}.Debug|Any CPU.ActiveCfg = Debug|Any CPU
		{32E2B1D4-1149-4A95-8509-80290935C018}.Debug|Any CPU.Build.0 = Debug|Any CPU
		{32E2B1D4-1149-4A95-8509-80290935C018}.Release|Any CPU.ActiveCfg = Release|Any CPU
		{32E2B1D4-1149-4A95-8509-80290935C018}.Release|Any CPU.Build.0 = Release|Any CPU
		{45016167-533D-43B0-8598-B6C4B6D5B6C8}.Debug|Any CPU.ActiveCfg = Debug|Any CPU
		{45016167-533D-43B0-8598-B6C4B6D5B6C8}.Debug|Any CPU.Build.0 = Debug|Any CPU
		{45016167-533D-43B0-8598-B6C4B6D5B6C8}.Release|Any CPU.ActiveCfg = Release|Any CPU
		{45016167-533D-43B0-8598-B6C4B6D5B6C8}.Release|Any CPU.Build.0 = Release|Any CPU
		{71F6DF2A-BE21-4943-974D-24B409CF59B5}.Debug|Any CPU.ActiveCfg = Debug|Any CPU
		{71F6DF2A-BE21-4943-974D-24B409CF59B5}.Debug|Any CPU.Build.0 = Debug|Any CPU
		{71F6DF2A-BE21-4943-974D-24B409CF59B5}.Release|Any CPU.ActiveCfg = Release|Any CPU
		{71F6DF2A-BE21-4943-974D-24B409CF59B5}.Release|Any CPU.Build.0 = Release|Any CPU
	EndGlobalSection
	GlobalSection(SolutionProperties) = preSolution
		HideSolutionNode = FALSE
	EndGlobalSection
	GlobalSection(ExtensibilityGlobals) = postSolution
		SolutionGuid = {A2DD5175-8C45-4405-AA82-E0C806B2FBC6}
	EndGlobalSection
EndGlobal
