
Microsoft Visual Studio Solution File, Format Version 12.00
# Visual Studio 15
VisualStudioVersion = 15.0.28307.271
MinimumVisualStudioVersion = 10.0.40219.1
Project("{9A19103F-16F7-4668-BE54-9A1E7A4F7556}") = "PersonalTitles", "09-Vlojeni Uslovni Urok\PersonalTitles.csproj", "{AEDABEFE-8157-44C0-8D41-8C15F6A82A24}"
EndProject
Project("{9A19103F-16F7-4668-BE54-9A1E7A4F7556}") = "SmallShop", "SmallShop\SmallShop.csproj", "{AF5E4809-A834-4451-9408-22332E1F6CC5}"
EndProject
Project("{9A19103F-16F7-4668-BE54-9A1E7A4F7556}") = "Samples", "Samples\Samples.csproj", "{D8BECD98-8E49-461F-91B4-1F16DA127B23}"
EndProject
Project("{9A19103F-16F7-4668-BE54-9A1E7A4F7556}") = "PointInRectangle", "PointInRectangle\PointInRectangle.csproj", "{EF43AB1F-8A02-46A8-AAE5-98B77BAE399D}"
EndProject
Project("{9A19103F-16F7-4668-BE54-9A1E7A4F7556}") = "FruitOrVegetable", "FruitOrVegetable\FruitOrVegetable.csproj", "{6C1EFFDE-95BC-4180-99A9-47A44A491C1B}"
EndProject
Project("{9A19103F-16F7-4668-BE54-9A1E7A4F7556}") = "InvalidNumber", "InvalidNumber\InvalidNumber.csproj", "{C2DC5C9B-6EDA-4C6C-BD7F-F835BF0D7E49}"
EndProject
Project("{9A19103F-16F7-4668-BE54-9A1E7A4F7556}") = "FruitShop", "FruitShop\FruitShop.csproj", "{9FAA7D1F-E226-4FA7-AC12-F331F784E0FA}"
EndProject
Project("{FAE04EC0-301F-11D3-BF4B-00C04F79EFBC}") = "TradeCommisions", "TradeCommisions\TradeCommisions.csproj", "{B613795F-4E6D-423A-ABF1-75D4A8598371}"
EndProject
Project("{FAE04EC0-301F-11D3-BF4B-00C04F79EFBC}") = "SkiTrip", "SkiTrip\SkiTrip.csproj", "{9385A79C-AEA1-4C24-9DC1-3757DD4289AC}"
EndProject
Global
	GlobalSection(SolutionConfigurationPlatforms) = preSolution
		Debug|Any CPU = Debug|Any CPU
		Release|Any CPU = Release|Any CPU
	EndGlobalSection
	GlobalSection(ProjectConfigurationPlatforms) = postSolution
		{AEDABEFE-8157-44C0-8D41-8C15F6A82A24}.Debug|Any CPU.ActiveCfg = Debug|Any CPU
		{AEDABEFE-8157-44C0-8D41-8C15F6A82A24}.Debug|Any CPU.Build.0 = Debug|Any CPU
		{AEDABEFE-8157-44C0-8D41-8C15F6A82A24}.Release|Any CPU.ActiveCfg = Release|Any CPU
		{AEDABEFE-8157-44C0-8D41-8C15F6A82A24}.Release|Any CPU.Build.0 = Release|Any CPU
		{AF5E4809-A834-4451-9408-22332E1F6CC5}.Debug|Any CPU.ActiveCfg = Debug|Any CPU
		{AF5E4809-A834-4451-9408-22332E1F6CC5}.Debug|Any CPU.Build.0 = Debug|Any CPU
		{AF5E4809-A834-4451-9408-22332E1F6CC5}.Release|Any CPU.ActiveCfg = Release|Any CPU
		{AF5E4809-A834-4451-9408-22332E1F6CC5}.Release|Any CPU.Build.0 = Release|Any CPU
		{D8BECD98-8E49-461F-91B4-1F16DA127B23}.Debug|Any CPU.ActiveCfg = Debug|Any CPU
		{D8BECD98-8E49-461F-91B4-1F16DA127B23}.Debug|Any CPU.Build.0 = Debug|Any CPU
		{D8BECD98-8E49-461F-91B4-1F16DA127B23}.Release|Any CPU.ActiveCfg = Release|Any CPU
		{D8BECD98-8E49-461F-91B4-1F16DA127B23}.Release|Any CPU.Build.0 = Release|Any CPU
		{EF43AB1F-8A02-46A8-AAE5-98B77BAE399D}.Debug|Any CPU.ActiveCfg = Debug|Any CPU
		{EF43AB1F-8A02-46A8-AAE5-98B77BAE399D}.Debug|Any CPU.Build.0 = Debug|Any CPU
		{EF43AB1F-8A02-46A8-AAE5-98B77BAE399D}.Release|Any CPU.ActiveCfg = Release|Any CPU
		{EF43AB1F-8A02-46A8-AAE5-98B77BAE399D}.Release|Any CPU.Build.0 = Release|Any CPU
		{6C1EFFDE-95BC-4180-99A9-47A44A491C1B}.Debug|Any CPU.ActiveCfg = Debug|Any CPU
		{6C1EFFDE-95BC-4180-99A9-47A44A491C1B}.Debug|Any CPU.Build.0 = Debug|Any CPU
		{6C1EFFDE-95BC-4180-99A9-47A44A491C1B}.Release|Any CPU.ActiveCfg = Release|Any CPU
		{6C1EFFDE-95BC-4180-99A9-47A44A491C1B}.Release|Any CPU.Build.0 = Release|Any CPU
		{C2DC5C9B-6EDA-4C6C-BD7F-F835BF0D7E49}.Debug|Any CPU.ActiveCfg = Debug|Any CPU
		{C2DC5C9B-6EDA-4C6C-BD7F-F835BF0D7E49}.Debug|Any CPU.Build.0 = Debug|Any CPU
		{C2DC5C9B-6EDA-4C6C-BD7F-F835BF0D7E49}.Release|Any CPU.ActiveCfg = Release|Any CPU
		{C2DC5C9B-6EDA-4C6C-BD7F-F835BF0D7E49}.Release|Any CPU.Build.0 = Release|Any CPU
		{9FAA7D1F-E226-4FA7-AC12-F331F784E0FA}.Debug|Any CPU.ActiveCfg = Debug|Any CPU
		{9FAA7D1F-E226-4FA7-AC12-F331F784E0FA}.Debug|Any CPU.Build.0 = Debug|Any CPU
		{9FAA7D1F-E226-4FA7-AC12-F331F784E0FA}.Release|Any CPU.ActiveCfg = Release|Any CPU
		{9FAA7D1F-E226-4FA7-AC12-F331F784E0FA}.Release|Any CPU.Build.0 = Release|Any CPU
		{B613795F-4E6D-423A-ABF1-75D4A8598371}.Debug|Any CPU.ActiveCfg = Debug|Any CPU
		{B613795F-4E6D-423A-ABF1-75D4A8598371}.Debug|Any CPU.Build.0 = Debug|Any CPU
		{B613795F-4E6D-423A-ABF1-75D4A8598371}.Release|Any CPU.ActiveCfg = Release|Any CPU
		{B613795F-4E6D-423A-ABF1-75D4A8598371}.Release|Any CPU.Build.0 = Release|Any CPU
		{9385A79C-AEA1-4C24-9DC1-3757DD4289AC}.Debug|Any CPU.ActiveCfg = Debug|Any CPU
		{9385A79C-AEA1-4C24-9DC1-3757DD4289AC}.Debug|Any CPU.Build.0 = Debug|Any CPU
		{9385A79C-AEA1-4C24-9DC1-3757DD4289AC}.Release|Any CPU.ActiveCfg = Release|Any CPU
		{9385A79C-AEA1-4C24-9DC1-3757DD4289AC}.Release|Any CPU.Build.0 = Release|Any CPU
	EndGlobalSection
	GlobalSection(SolutionProperties) = preSolution
		HideSolutionNode = FALSE
	EndGlobalSection
	GlobalSection(ExtensibilityGlobals) = postSolution
		SolutionGuid = {DDB9BDEE-33F0-473B-A239-678A6CFC3C4E}
	EndGlobalSection
EndGlobal
