
Microsoft Visual Studio Solution File, Format Version 12.00
# Visual Studio Version 16
VisualStudioVersion = 16.0.29215.179
MinimumVisualStudioVersion = 10.0.40219.1
Project("{FAE04EC0-301F-11D3-BF4B-00C04F79EFBC}") = "01-OddLines", "01-OddLines\01-OddLines.csproj", "{BDF5D2B9-26A4-4D86-A061-8043DCA588EB}"
EndProject
Project("{FAE04EC0-301F-11D3-BF4B-00C04F79EFBC}") = "02-LineNumbers", "02-LineNumbers\02-LineNumbers.csproj", "{46F1464D-D306-4042-B90B-4C3537EC74DD}"
EndProject
Project("{FAE04EC0-301F-11D3-BF4B-00C04F79EFBC}") = "03-WordCount", "03-WordCount\03-WordCount.csproj", "{118A6F07-C441-4C56-AC23-30C4C52EFC77}"
EndProject
Global
	GlobalSection(SolutionConfigurationPlatforms) = preSolution
		Debug|Any CPU = Debug|Any CPU
		Release|Any CPU = Release|Any CPU
	EndGlobalSection
	GlobalSection(ProjectConfigurationPlatforms) = postSolution
		{BDF5D2B9-26A4-4D86-A061-8043DCA588EB}.Debug|Any CPU.ActiveCfg = Debug|Any CPU
		{BDF5D2B9-26A4-4D86-A061-8043DCA588EB}.Debug|Any CPU.Build.0 = Debug|Any CPU
		{BDF5D2B9-26A4-4D86-A061-8043DCA588EB}.Release|Any CPU.ActiveCfg = Release|Any CPU
		{BDF5D2B9-26A4-4D86-A061-8043DCA588EB}.Release|Any CPU.Build.0 = Release|Any CPU
		{46F1464D-D306-4042-B90B-4C3537EC74DD}.Debug|Any CPU.ActiveCfg = Debug|Any CPU
		{46F1464D-D306-4042-B90B-4C3537EC74DD}.Debug|Any CPU.Build.0 = Debug|Any CPU
		{46F1464D-D306-4042-B90B-4C3537EC74DD}.Release|Any CPU.ActiveCfg = Release|Any CPU
		{46F1464D-D306-4042-B90B-4C3537EC74DD}.Release|Any CPU.Build.0 = Release|Any CPU
		{118A6F07-C441-4C56-AC23-30C4C52EFC77}.Debug|Any CPU.ActiveCfg = Debug|Any CPU
		{118A6F07-C441-4C56-AC23-30C4C52EFC77}.Debug|Any CPU.Build.0 = Debug|Any CPU
		{118A6F07-C441-4C56-AC23-30C4C52EFC77}.Release|Any CPU.ActiveCfg = Release|Any CPU
		{118A6F07-C441-4C56-AC23-30C4C52EFC77}.Release|Any CPU.Build.0 = Release|Any CPU
	EndGlobalSection
	GlobalSection(SolutionProperties) = preSolution
		HideSolutionNode = FALSE
	EndGlobalSection
	GlobalSection(ExtensibilityGlobals) = postSolution
		SolutionGuid = {CB3FD269-BEA8-4C4D-9B5F-AD7BC6D50707}
	EndGlobalSection
EndGlobal
