
Microsoft Visual Studio Solution File, Format Version 12.00
# Visual Studio Version 16
VisualStudioVersion = 16.0.29326.143
MinimumVisualStudioVersion = 10.0.40219.1
Project("{9A19103F-16F7-4668-BE54-9A1E7A4F7556}") = "01-SingeInheritance", "01-SingeInheritance\01-SingeInheritance.csproj", "{938508A3-B3BA-414D-B4EF-6E0F9A82ECC6}"
EndProject
Project("{9A19103F-16F7-4668-BE54-9A1E7A4F7556}") = "02-MultipleInheritance", "02-MultipleInheritance – Копие\02-MultipleInheritance.csproj", "{7F138C8D-E910-4BF3-95E1-E0E4E0588C5C}"
EndProject
Project("{9A19103F-16F7-4668-BE54-9A1E7A4F7556}") = "03-HierarchicalInheritance", "03-HierarchicalInheritance\03-HierarchicalInheritance.csproj", "{3CF2160D-C6BD-48B2-9934-873083C4B038}"
EndProject
Project("{9A19103F-16F7-4668-BE54-9A1E7A4F7556}") = "04-RandomList", "04-RandomList\04-RandomList.csproj", "{045FD356-D895-421C-8F50-2F61D5279534}"
EndProject
Project("{FAE04EC0-301F-11D3-BF4B-00C04F79EFBC}") = "05-StackOfString", "05-StackOfString\05-StackOfString.csproj", "{A50D3349-FD72-497D-BD36-33066822FB3A}"
EndProject
Global
	GlobalSection(SolutionConfigurationPlatforms) = preSolution
		Debug|Any CPU = Debug|Any CPU
		Release|Any CPU = Release|Any CPU
	EndGlobalSection
	GlobalSection(ProjectConfigurationPlatforms) = postSolution
		{938508A3-B3BA-414D-B4EF-6E0F9A82ECC6}.Debug|Any CPU.ActiveCfg = Debug|Any CPU
		{938508A3-B3BA-414D-B4EF-6E0F9A82ECC6}.Debug|Any CPU.Build.0 = Debug|Any CPU
		{938508A3-B3BA-414D-B4EF-6E0F9A82ECC6}.Release|Any CPU.ActiveCfg = Release|Any CPU
		{938508A3-B3BA-414D-B4EF-6E0F9A82ECC6}.Release|Any CPU.Build.0 = Release|Any CPU
		{7F138C8D-E910-4BF3-95E1-E0E4E0588C5C}.Debug|Any CPU.ActiveCfg = Debug|Any CPU
		{7F138C8D-E910-4BF3-95E1-E0E4E0588C5C}.Debug|Any CPU.Build.0 = Debug|Any CPU
		{7F138C8D-E910-4BF3-95E1-E0E4E0588C5C}.Release|Any CPU.ActiveCfg = Release|Any CPU
		{7F138C8D-E910-4BF3-95E1-E0E4E0588C5C}.Release|Any CPU.Build.0 = Release|Any CPU
		{3CF2160D-C6BD-48B2-9934-873083C4B038}.Debug|Any CPU.ActiveCfg = Debug|Any CPU
		{3CF2160D-C6BD-48B2-9934-873083C4B038}.Debug|Any CPU.Build.0 = Debug|Any CPU
		{3CF2160D-C6BD-48B2-9934-873083C4B038}.Release|Any CPU.ActiveCfg = Release|Any CPU
		{3CF2160D-C6BD-48B2-9934-873083C4B038}.Release|Any CPU.Build.0 = Release|Any CPU
		{045FD356-D895-421C-8F50-2F61D5279534}.Debug|Any CPU.ActiveCfg = Debug|Any CPU
		{045FD356-D895-421C-8F50-2F61D5279534}.Debug|Any CPU.Build.0 = Debug|Any CPU
		{045FD356-D895-421C-8F50-2F61D5279534}.Release|Any CPU.ActiveCfg = Release|Any CPU
		{045FD356-D895-421C-8F50-2F61D5279534}.Release|Any CPU.Build.0 = Release|Any CPU
		{A50D3349-FD72-497D-BD36-33066822FB3A}.Debug|Any CPU.ActiveCfg = Debug|Any CPU
		{A50D3349-FD72-497D-BD36-33066822FB3A}.Debug|Any CPU.Build.0 = Debug|Any CPU
		{A50D3349-FD72-497D-BD36-33066822FB3A}.Release|Any CPU.ActiveCfg = Release|Any CPU
		{A50D3349-FD72-497D-BD36-33066822FB3A}.Release|Any CPU.Build.0 = Release|Any CPU
	EndGlobalSection
	GlobalSection(SolutionProperties) = preSolution
		HideSolutionNode = FALSE
	EndGlobalSection
	GlobalSection(ExtensibilityGlobals) = postSolution
		SolutionGuid = {185003C8-F227-4ACE-BA5D-4C74AFC9E121}
	EndGlobalSection
EndGlobal
