
Microsoft Visual Studio Solution File, Format Version 12.00
# Visual Studio Version 16
VisualStudioVersion = 16.0.30804.86
MinimumVisualStudioVersion = 10.0.40219.1
Project("{FAE04EC0-301F-11D3-BF4B-00C04F79EFBC}") = "MergeSort", "MergeSort\MergeSort.csproj", "{EFF9FE25-397A-4F42-9596-8CAB8FC6FB4E}"
EndProject
Global
	GlobalSection(SolutionConfigurationPlatforms) = preSolution
		Debug|Any CPU = Debug|Any CPU
		Release|Any CPU = Release|Any CPU
	EndGlobalSection
	GlobalSection(ProjectConfigurationPlatforms) = postSolution
		{EFF9FE25-397A-4F42-9596-8CAB8FC6FB4E}.Debug|Any CPU.ActiveCfg = Debug|Any CPU
		{EFF9FE25-397A-4F42-9596-8CAB8FC6FB4E}.Debug|Any CPU.Build.0 = Debug|Any CPU
		{EFF9FE25-397A-4F42-9596-8CAB8FC6FB4E}.Release|Any CPU.ActiveCfg = Release|Any CPU
		{EFF9FE25-397A-4F42-9596-8CAB8FC6FB4E}.Release|Any CPU.Build.0 = Release|Any CPU
	EndGlobalSection
	GlobalSection(SolutionProperties) = preSolution
		HideSolutionNode = FALSE
	EndGlobalSection
	GlobalSection(ExtensibilityGlobals) = postSolution
		SolutionGuid = {6F0DA73D-D8F0-4EF7-9F3F-A0DA1BC16DD0}
	EndGlobalSection
EndGlobal
