
Microsoft Visual Studio Solution File, Format Version 12.00
# Visual Studio Version 16
VisualStudioVersion = 16.0.29009.5
MinimumVisualStudioVersion = 10.0.40219.1
Project("{FAE04EC0-301F-11D3-BF4B-00C04F79EFBC}") = "05-Students", "05-Students\05-Students.csproj", "{61426B05-08E5-4972-A87E-1F1B8EDF5921}"
EndProject
Global
	GlobalSection(SolutionConfigurationPlatforms) = preSolution
		Debug|Any CPU = Debug|Any CPU
		Release|Any CPU = Release|Any CPU
	EndGlobalSection
	GlobalSection(ProjectConfigurationPlatforms) = postSolution
		{61426B05-08E5-4972-A87E-1F1B8EDF5921}.Debug|Any CPU.ActiveCfg = Debug|Any CPU
		{61426B05-08E5-4972-A87E-1F1B8EDF5921}.Debug|Any CPU.Build.0 = Debug|Any CPU
		{61426B05-08E5-4972-A87E-1F1B8EDF5921}.Release|Any CPU.ActiveCfg = Release|Any CPU
		{61426B05-08E5-4972-A87E-1F1B8EDF5921}.Release|Any CPU.Build.0 = Release|Any CPU
	EndGlobalSection
	GlobalSection(SolutionProperties) = preSolution
		HideSolutionNode = FALSE
	EndGlobalSection
	GlobalSection(ExtensibilityGlobals) = postSolution
		SolutionGuid = {14D4FB8A-1A07-43C9-818B-1EE768451F3D}
	EndGlobalSection
EndGlobal
