
Microsoft Visual Studio Solution File, Format Version 12.00
# Visual Studio Version 16
VisualStudioVersion = 16.0.29123.88
MinimumVisualStudioVersion = 10.0.40219.1
Project("{9A19103F-16F7-4668-BE54-9A1E7A4F7556}") = "01-AnimalSanctuary", "01-AnimalSanctuary\01-AnimalSanctuary.csproj", "{F2B4043D-E5FF-4250-9FE1-7223E287ED43}"
EndProject
Project("{9A19103F-16F7-4668-BE54-9A1E7A4F7556}") = "02-PracticeSessions", "02-PracticeSessions\02-PracticeSessions.csproj", "{BD7108AD-5C4D-48C9-866C-6388EA7B98C4}"
EndProject
Project("{9A19103F-16F7-4668-BE54-9A1E7A4F7556}") = "01-ArrivingInKathmandu", "01-ArrivingInKathmandu\01-ArrivingInKathmandu.csproj", "{2EA01656-64C1-4D42-B224-36AC0A260DF4}"
EndProject
Project("{9A19103F-16F7-4668-BE54-9A1E7A4F7556}") = "01-ArrivingInKathmanduWithRegex", "01-ArrivingInKathmanduWithRegex\01-ArrivingInKathmanduWithRegex.csproj", "{12F2171A-CBA9-469A-828D-DA80285FB03E}"
EndProject
Project("{9A19103F-16F7-4668-BE54-9A1E7A4F7556}") = "02-OnTheWayToAnnapurna", "02-OnTheWayToAnnapurna\02-OnTheWayToAnnapurna.csproj", "{B74F1A4F-8080-4632-9220-BA0552392CA4}"
EndProject
Project("{9A19103F-16F7-4668-BE54-9A1E7A4F7556}") = "01-VaporWinterSale", "01-VaporWinterSale\01-VaporWinterSale.csproj", "{FAA84EA0-A147-4ECE-89FA-87004DCDF4A5}"
EndProject
Project("{9A19103F-16F7-4668-BE54-9A1E7A4F7556}") = "02-ActivationKeys", "02-ActivationKeys\02-ActivationKeys.csproj", "{DD458D04-F9A0-4CA8-8264-91B81A6AF9B8}"
EndProject
Project("{9A19103F-16F7-4668-BE54-9A1E7A4F7556}") = "02-SongEncryption", "02-SongEncryption\02-SongEncryption.csproj", "{7017A4BF-CFCC-4823-88FB-675DA11CE135}"
EndProject
Project("{FAE04EC0-301F-11D3-BF4B-00C04F79EFBC}") = "03-SantasSecretHelper", "03-SantasSecretHelper\03-SantasSecretHelper.csproj", "{DD475ADC-590F-4DC4-AD42-47567E4E168C}"
EndProject
Project("{FAE04EC0-301F-11D3-BF4B-00C04F79EFBC}") = "04-SantasNewList", "04-SantasNewList\04-SantasNewList.csproj", "{9A61A7E7-99F6-4BF2-BCC1-6A7F974E18DA}"
EndProject
Project("{FAE04EC0-301F-11D3-BF4B-00C04F79EFBC}") = "03-Regexmon", "03-Regexmon\03-Regexmon.csproj", "{9968DB66-56A5-4EBE-B6BD-6165AA6C6291}"
EndProject
Project("{FAE04EC0-301F-11D3-BF4B-00C04F79EFBC}") = "Proba", "Proba\Proba.csproj", "{BF117EBE-DC39-40F1-B292-8E7FF43A7E62}"
EndProject
Project("{FAE04EC0-301F-11D3-BF4B-00C04F79EFBC}") = "04-PokemonEvolution", "04-PokemonEvolution\04-PokemonEvolution.csproj", "{B4284738-9CAA-4639-BEBB-9E0C5AD7B664}"
EndProject
Project("{FAE04EC0-301F-11D3-BF4B-00C04F79EFBC}") = "04-RoliTheCoder", "04-RoliTheCoder\04-RoliTheCoder.csproj", "{E133E682-A6BE-4732-B0D4-94C8732A13E2}"
EndProject
Global
	GlobalSection(SolutionConfigurationPlatforms) = preSolution
		Debug|Any CPU = Debug|Any CPU
		Release|Any CPU = Release|Any CPU
	EndGlobalSection
	GlobalSection(ProjectConfigurationPlatforms) = postSolution
		{F2B4043D-E5FF-4250-9FE1-7223E287ED43}.Debug|Any CPU.ActiveCfg = Debug|Any CPU
		{F2B4043D-E5FF-4250-9FE1-7223E287ED43}.Debug|Any CPU.Build.0 = Debug|Any CPU
		{F2B4043D-E5FF-4250-9FE1-7223E287ED43}.Release|Any CPU.ActiveCfg = Release|Any CPU
		{F2B4043D-E5FF-4250-9FE1-7223E287ED43}.Release|Any CPU.Build.0 = Release|Any CPU
		{BD7108AD-5C4D-48C9-866C-6388EA7B98C4}.Debug|Any CPU.ActiveCfg = Debug|Any CPU
		{BD7108AD-5C4D-48C9-866C-6388EA7B98C4}.Debug|Any CPU.Build.0 = Debug|Any CPU
		{BD7108AD-5C4D-48C9-866C-6388EA7B98C4}.Release|Any CPU.ActiveCfg = Release|Any CPU
		{BD7108AD-5C4D-48C9-866C-6388EA7B98C4}.Release|Any CPU.Build.0 = Release|Any CPU
		{2EA01656-64C1-4D42-B224-36AC0A260DF4}.Debug|Any CPU.ActiveCfg = Debug|Any CPU
		{2EA01656-64C1-4D42-B224-36AC0A260DF4}.Debug|Any CPU.Build.0 = Debug|Any CPU
		{2EA01656-64C1-4D42-B224-36AC0A260DF4}.Release|Any CPU.ActiveCfg = Release|Any CPU
		{2EA01656-64C1-4D42-B224-36AC0A260DF4}.Release|Any CPU.Build.0 = Release|Any CPU
		{12F2171A-CBA9-469A-828D-DA80285FB03E}.Debug|Any CPU.ActiveCfg = Debug|Any CPU
		{12F2171A-CBA9-469A-828D-DA80285FB03E}.Debug|Any CPU.Build.0 = Debug|Any CPU
		{12F2171A-CBA9-469A-828D-DA80285FB03E}.Release|Any CPU.ActiveCfg = Release|Any CPU
		{12F2171A-CBA9-469A-828D-DA80285FB03E}.Release|Any CPU.Build.0 = Release|Any CPU
		{B74F1A4F-8080-4632-9220-BA0552392CA4}.Debug|Any CPU.ActiveCfg = Debug|Any CPU
		{B74F1A4F-8080-4632-9220-BA0552392CA4}.Debug|Any CPU.Build.0 = Debug|Any CPU
		{B74F1A4F-8080-4632-9220-BA0552392CA4}.Release|Any CPU.ActiveCfg = Release|Any CPU
		{B74F1A4F-8080-4632-9220-BA0552392CA4}.Release|Any CPU.Build.0 = Release|Any CPU
		{FAA84EA0-A147-4ECE-89FA-87004DCDF4A5}.Debug|Any CPU.ActiveCfg = Debug|Any CPU
		{FAA84EA0-A147-4ECE-89FA-87004DCDF4A5}.Debug|Any CPU.Build.0 = Debug|Any CPU
		{FAA84EA0-A147-4ECE-89FA-87004DCDF4A5}.Release|Any CPU.ActiveCfg = Release|Any CPU
		{FAA84EA0-A147-4ECE-89FA-87004DCDF4A5}.Release|Any CPU.Build.0 = Release|Any CPU
		{DD458D04-F9A0-4CA8-8264-91B81A6AF9B8}.Debug|Any CPU.ActiveCfg = Debug|Any CPU
		{DD458D04-F9A0-4CA8-8264-91B81A6AF9B8}.Debug|Any CPU.Build.0 = Debug|Any CPU
		{DD458D04-F9A0-4CA8-8264-91B81A6AF9B8}.Release|Any CPU.ActiveCfg = Release|Any CPU
		{DD458D04-F9A0-4CA8-8264-91B81A6AF9B8}.Release|Any CPU.Build.0 = Release|Any CPU
		{7017A4BF-CFCC-4823-88FB-675DA11CE135}.Debug|Any CPU.ActiveCfg = Debug|Any CPU
		{7017A4BF-CFCC-4823-88FB-675DA11CE135}.Debug|Any CPU.Build.0 = Debug|Any CPU
		{7017A4BF-CFCC-4823-88FB-675DA11CE135}.Release|Any CPU.ActiveCfg = Release|Any CPU
		{7017A4BF-CFCC-4823-88FB-675DA11CE135}.Release|Any CPU.Build.0 = Release|Any CPU
		{DD475ADC-590F-4DC4-AD42-47567E4E168C}.Debug|Any CPU.ActiveCfg = Debug|Any CPU
		{DD475ADC-590F-4DC4-AD42-47567E4E168C}.Debug|Any CPU.Build.0 = Debug|Any CPU
		{DD475ADC-590F-4DC4-AD42-47567E4E168C}.Release|Any CPU.ActiveCfg = Release|Any CPU
		{DD475ADC-590F-4DC4-AD42-47567E4E168C}.Release|Any CPU.Build.0 = Release|Any CPU
		{9A61A7E7-99F6-4BF2-BCC1-6A7F974E18DA}.Debug|Any CPU.ActiveCfg = Debug|Any CPU
		{9A61A7E7-99F6-4BF2-BCC1-6A7F974E18DA}.Debug|Any CPU.Build.0 = Debug|Any CPU
		{9A61A7E7-99F6-4BF2-BCC1-6A7F974E18DA}.Release|Any CPU.ActiveCfg = Release|Any CPU
		{9A61A7E7-99F6-4BF2-BCC1-6A7F974E18DA}.Release|Any CPU.Build.0 = Release|Any CPU
		{9968DB66-56A5-4EBE-B6BD-6165AA6C6291}.Debug|Any CPU.ActiveCfg = Debug|Any CPU
		{9968DB66-56A5-4EBE-B6BD-6165AA6C6291}.Debug|Any CPU.Build.0 = Debug|Any CPU
		{9968DB66-56A5-4EBE-B6BD-6165AA6C6291}.Release|Any CPU.ActiveCfg = Release|Any CPU
		{9968DB66-56A5-4EBE-B6BD-6165AA6C6291}.Release|Any CPU.Build.0 = Release|Any CPU
		{BF117EBE-DC39-40F1-B292-8E7FF43A7E62}.Debug|Any CPU.ActiveCfg = Debug|Any CPU
		{BF117EBE-DC39-40F1-B292-8E7FF43A7E62}.Debug|Any CPU.Build.0 = Debug|Any CPU
		{BF117EBE-DC39-40F1-B292-8E7FF43A7E62}.Release|Any CPU.ActiveCfg = Release|Any CPU
		{BF117EBE-DC39-40F1-B292-8E7FF43A7E62}.Release|Any CPU.Build.0 = Release|Any CPU
		{B4284738-9CAA-4639-BEBB-9E0C5AD7B664}.Debug|Any CPU.ActiveCfg = Debug|Any CPU
		{B4284738-9CAA-4639-BEBB-9E0C5AD7B664}.Debug|Any CPU.Build.0 = Debug|Any CPU
		{B4284738-9CAA-4639-BEBB-9E0C5AD7B664}.Release|Any CPU.ActiveCfg = Release|Any CPU
		{B4284738-9CAA-4639-BEBB-9E0C5AD7B664}.Release|Any CPU.Build.0 = Release|Any CPU
		{E133E682-A6BE-4732-B0D4-94C8732A13E2}.Debug|Any CPU.ActiveCfg = Debug|Any CPU
		{E133E682-A6BE-4732-B0D4-94C8732A13E2}.Debug|Any CPU.Build.0 = Debug|Any CPU
		{E133E682-A6BE-4732-B0D4-94C8732A13E2}.Release|Any CPU.ActiveCfg = Release|Any CPU
		{E133E682-A6BE-4732-B0D4-94C8732A13E2}.Release|Any CPU.Build.0 = Release|Any CPU
	EndGlobalSection
	GlobalSection(SolutionProperties) = preSolution
		HideSolutionNode = FALSE
	EndGlobalSection
	GlobalSection(ExtensibilityGlobals) = postSolution
		SolutionGuid = {3D50CEA0-4FD8-43A3-B856-8B89967BF2BE}
	EndGlobalSection
EndGlobal
