
Microsoft Visual Studio Solution File, Format Version 12.00
# Visual Studio 15
VisualStudioVersion = 15.0.28307.271
MinimumVisualStudioVersion = 10.0.40219.1
Project("{9A19103F-16F7-4668-BE54-9A1E7A4F7556}") = "RectangleBorder", "09VlojeniExercise\RectangleBorder.csproj", "{58016ED8-28BF-49F9-82F8-301595C62523}"
EndProject
Project("{9A19103F-16F7-4668-BE54-9A1E7A4F7556}") = "Cinema", "Cinema\Cinema.csproj", "{41346871-7E01-448A-9F9F-76A988F49C15}"
EndProject
Project("{9A19103F-16F7-4668-BE54-9A1E7A4F7556}") = "SummerOutfit", "SummerOutfit\SummerOutfit.csproj", "{23BE5010-57C4-42DD-AF2E-257EBA8B31AD}"
EndProject
Project("{9A19103F-16F7-4668-BE54-9A1E7A4F7556}") = "NewHouse", "NewHouse\NewHouse.csproj", "{7A7ECF47-4F95-412A-ACDA-2327CEB30D5F}"
EndProject
Project("{9A19103F-16F7-4668-BE54-9A1E7A4F7556}") = "FishingBoat", "FishingBoat\FishingBoat.csproj", "{C32A8959-79C0-419B-B4A3-1CF62DE2C0CF}"
EndProject
Project("{9A19103F-16F7-4668-BE54-9A1E7A4F7556}") = "Volleyball", "Volleyball\Volleyball.csproj", "{30919F85-0726-415A-8C93-B76B3FD7C66F}"
EndProject
Project("{FAE04EC0-301F-11D3-BF4B-00C04F79EFBC}") = "Journey", "Journey\Journey.csproj", "{C93A14F6-9FFE-4F2A-804B-9BEFCFF8A703}"
EndProject
Project("{FAE04EC0-301F-11D3-BF4B-00C04F79EFBC}") = "OperationsBetweenNumbers", "OperationsBetweenNumbers\OperationsBetweenNumbers.csproj", "{4000337F-0539-47BB-B649-AF6D6E18E950}"
EndProject
Project("{FAE04EC0-301F-11D3-BF4B-00C04F79EFBC}") = "HotelRoom", "HotelRoom\HotelRoom.csproj", "{3306A660-2365-46E4-9C45-3338308615CD}"
EndProject
Project("{FAE04EC0-301F-11D3-BF4B-00C04F79EFBC}") = "OnTimeForTheExam", "OnTimeForTheExam\OnTimeForTheExam.csproj", "{1D5A9213-56B6-41AA-9B32-A747CD5F8416}"
EndProject
Global
	GlobalSection(SolutionConfigurationPlatforms) = preSolution
		Debug|Any CPU = Debug|Any CPU
		Release|Any CPU = Release|Any CPU
	EndGlobalSection
	GlobalSection(ProjectConfigurationPlatforms) = postSolution
		{58016ED8-28BF-49F9-82F8-301595C62523}.Debug|Any CPU.ActiveCfg = Debug|Any CPU
		{58016ED8-28BF-49F9-82F8-301595C62523}.Debug|Any CPU.Build.0 = Debug|Any CPU
		{58016ED8-28BF-49F9-82F8-301595C62523}.Release|Any CPU.ActiveCfg = Release|Any CPU
		{58016ED8-28BF-49F9-82F8-301595C62523}.Release|Any CPU.Build.0 = Release|Any CPU
		{41346871-7E01-448A-9F9F-76A988F49C15}.Debug|Any CPU.ActiveCfg = Debug|Any CPU
		{41346871-7E01-448A-9F9F-76A988F49C15}.Debug|Any CPU.Build.0 = Debug|Any CPU
		{41346871-7E01-448A-9F9F-76A988F49C15}.Release|Any CPU.ActiveCfg = Release|Any CPU
		{41346871-7E01-448A-9F9F-76A988F49C15}.Release|Any CPU.Build.0 = Release|Any CPU
		{23BE5010-57C4-42DD-AF2E-257EBA8B31AD}.Debug|Any CPU.ActiveCfg = Debug|Any CPU
		{23BE5010-57C4-42DD-AF2E-257EBA8B31AD}.Debug|Any CPU.Build.0 = Debug|Any CPU
		{23BE5010-57C4-42DD-AF2E-257EBA8B31AD}.Release|Any CPU.ActiveCfg = Release|Any CPU
		{23BE5010-57C4-42DD-AF2E-257EBA8B31AD}.Release|Any CPU.Build.0 = Release|Any CPU
		{7A7ECF47-4F95-412A-ACDA-2327CEB30D5F}.Debug|Any CPU.ActiveCfg = Debug|Any CPU
		{7A7ECF47-4F95-412A-ACDA-2327CEB30D5F}.Debug|Any CPU.Build.0 = Debug|Any CPU
		{7A7ECF47-4F95-412A-ACDA-2327CEB30D5F}.Release|Any CPU.ActiveCfg = Release|Any CPU
		{7A7ECF47-4F95-412A-ACDA-2327CEB30D5F}.Release|Any CPU.Build.0 = Release|Any CPU
		{C32A8959-79C0-419B-B4A3-1CF62DE2C0CF}.Debug|Any CPU.ActiveCfg = Debug|Any CPU
		{C32A8959-79C0-419B-B4A3-1CF62DE2C0CF}.Debug|Any CPU.Build.0 = Debug|Any CPU
		{C32A8959-79C0-419B-B4A3-1CF62DE2C0CF}.Release|Any CPU.ActiveCfg = Release|Any CPU
		{C32A8959-79C0-419B-B4A3-1CF62DE2C0CF}.Release|Any CPU.Build.0 = Release|Any CPU
		{30919F85-0726-415A-8C93-B76B3FD7C66F}.Debug|Any CPU.ActiveCfg = Debug|Any CPU
		{30919F85-0726-415A-8C93-B76B3FD7C66F}.Debug|Any CPU.Build.0 = Debug|Any CPU
		{30919F85-0726-415A-8C93-B76B3FD7C66F}.Release|Any CPU.ActiveCfg = Release|Any CPU
		{30919F85-0726-415A-8C93-B76B3FD7C66F}.Release|Any CPU.Build.0 = Release|Any CPU
		{C93A14F6-9FFE-4F2A-804B-9BEFCFF8A703}.Debug|Any CPU.ActiveCfg = Debug|Any CPU
		{C93A14F6-9FFE-4F2A-804B-9BEFCFF8A703}.Debug|Any CPU.Build.0 = Debug|Any CPU
		{C93A14F6-9FFE-4F2A-804B-9BEFCFF8A703}.Release|Any CPU.ActiveCfg = Release|Any CPU
		{C93A14F6-9FFE-4F2A-804B-9BEFCFF8A703}.Release|Any CPU.Build.0 = Release|Any CPU
		{4000337F-0539-47BB-B649-AF6D6E18E950}.Debug|Any CPU.ActiveCfg = Debug|Any CPU
		{4000337F-0539-47BB-B649-AF6D6E18E950}.Debug|Any CPU.Build.0 = Debug|Any CPU
		{4000337F-0539-47BB-B649-AF6D6E18E950}.Release|Any CPU.ActiveCfg = Release|Any CPU
		{4000337F-0539-47BB-B649-AF6D6E18E950}.Release|Any CPU.Build.0 = Release|Any CPU
		{3306A660-2365-46E4-9C45-3338308615CD}.Debug|Any CPU.ActiveCfg = Debug|Any CPU
		{3306A660-2365-46E4-9C45-3338308615CD}.Debug|Any CPU.Build.0 = Debug|Any CPU
		{3306A660-2365-46E4-9C45-3338308615CD}.Release|Any CPU.ActiveCfg = Release|Any CPU
		{3306A660-2365-46E4-9C45-3338308615CD}.Release|Any CPU.Build.0 = Release|Any CPU
		{1D5A9213-56B6-41AA-9B32-A747CD5F8416}.Debug|Any CPU.ActiveCfg = Debug|Any CPU
		{1D5A9213-56B6-41AA-9B32-A747CD5F8416}.Debug|Any CPU.Build.0 = Debug|Any CPU
		{1D5A9213-56B6-41AA-9B32-A747CD5F8416}.Release|Any CPU.ActiveCfg = Release|Any CPU
		{1D5A9213-56B6-41AA-9B32-A747CD5F8416}.Release|Any CPU.Build.0 = Release|Any CPU
	EndGlobalSection
	GlobalSection(SolutionProperties) = preSolution
		HideSolutionNode = FALSE
	EndGlobalSection
	GlobalSection(ExtensibilityGlobals) = postSolution
		SolutionGuid = {709BE4B6-264D-4FD0-BF6A-E1636B5C3789}
	EndGlobalSection
EndGlobal
