
Microsoft Visual Studio Solution File, Format Version 12.00
# Visual Studio Version 16
VisualStudioVersion = 16.0.30711.63
MinimumVisualStudioVersion = 10.0.40219.1
Project("{FAE04EC0-301F-11D3-BF4B-00C04F79EFBC}") = "AngularDemo", "AngularDemo\AngularDemo.csproj", "{DAB63268-6D27-42E4-A750-F7F6BED9A846}"
EndProject
Global
	GlobalSection(SolutionConfigurationPlatforms) = preSolution
		Debug|Any CPU = Debug|Any CPU
		Release|Any CPU = Release|Any CPU
	EndGlobalSection
	GlobalSection(ProjectConfigurationPlatforms) = postSolution
		{DAB63268-6D27-42E4-A750-F7F6BED9A846}.Debug|Any CPU.ActiveCfg = Debug|Any CPU
		{DAB63268-6D27-42E4-A750-F7F6BED9A846}.Debug|Any CPU.Build.0 = Debug|Any CPU
		{DAB63268-6D27-42E4-A750-F7F6BED9A846}.Release|Any CPU.ActiveCfg = Release|Any CPU
		{DAB63268-6D27-42E4-A750-F7F6BED9A846}.Release|Any CPU.Build.0 = Release|Any CPU
	EndGlobalSection
	GlobalSection(SolutionProperties) = preSolution
		HideSolutionNode = FALSE
	EndGlobalSection
	GlobalSection(ExtensibilityGlobals) = postSolution
		SolutionGuid = {60CEFAB8-844A-4CEF-9CF7-9C72094A4004}
	EndGlobalSection
EndGlobal
