
Microsoft Visual Studio Solution File, Format Version 12.00
# Visual Studio Version 16
VisualStudioVersion = 16.0.29009.5
MinimumVisualStudioVersion = 10.0.40219.1
Project("{9A19103F-16F7-4668-BE54-9A1E7A4F7556}") = "01-AdvertisementMessage", "01-AdvertisementMessage\01-AdvertisementMessage.csproj", "{6F1A94AC-5C0E-4E75-A946-19CE7F4059C5}"
EndProject
Project("{9A19103F-16F7-4668-BE54-9A1E7A4F7556}") = "02-Articles", "02-Articles\02-Articles.csproj", "{807591EA-B48F-4A5C-8F91-2CE0DD47FE68}"
EndProject
Project("{9A19103F-16F7-4668-BE54-9A1E7A4F7556}") = "02-Articles-v2", "02-Articles-v2\02-Articles-v2.csproj", "{6AD25F6C-7983-4889-91E4-3C0507186755}"
EndProject
Project("{9A19103F-16F7-4668-BE54-9A1E7A4F7556}") = "07-OrderByAge", "07-OrderByAge\07-OrderByAge.csproj", "{3DE85529-E7D6-43C9-8667-2E407CCC6831}"
EndProject
Project("{9A19103F-16F7-4668-BE54-9A1E7A4F7556}") = "04-Students", "04-Students\04-Students.csproj", "{8F77CC0B-E998-440B-A1F4-727C2DBB5C68}"
EndProject
Project("{9A19103F-16F7-4668-BE54-9A1E7A4F7556}") = "03-Articles-2_0", "03-Articles-2_0\03-Articles-2_0.csproj", "{A105AF55-2F38-47B4-AD73-229FC4D02DB8}"
EndProject
Project("{9A19103F-16F7-4668-BE54-9A1E7A4F7556}") = "05-Teamworkrojects", "05-Teamworkrojects\05-Teamworkrojects.csproj", "{B5FF6412-6F83-4367-ABC6-470A59E062D5}"
EndProject
Project("{FAE04EC0-301F-11D3-BF4B-00C04F79EFBC}") = "Teamwork-proba", "Teamwork-proba\Teamwork-proba.csproj", "{3480AAD5-DDA1-4174-9A0D-45A1F4E15501}"
EndProject
Global
	GlobalSection(SolutionConfigurationPlatforms) = preSolution
		Debug|Any CPU = Debug|Any CPU
		Release|Any CPU = Release|Any CPU
	EndGlobalSection
	GlobalSection(ProjectConfigurationPlatforms) = postSolution
		{6F1A94AC-5C0E-4E75-A946-19CE7F4059C5}.Debug|Any CPU.ActiveCfg = Debug|Any CPU
		{6F1A94AC-5C0E-4E75-A946-19CE7F4059C5}.Debug|Any CPU.Build.0 = Debug|Any CPU
		{6F1A94AC-5C0E-4E75-A946-19CE7F4059C5}.Release|Any CPU.ActiveCfg = Release|Any CPU
		{6F1A94AC-5C0E-4E75-A946-19CE7F4059C5}.Release|Any CPU.Build.0 = Release|Any CPU
		{807591EA-B48F-4A5C-8F91-2CE0DD47FE68}.Debug|Any CPU.ActiveCfg = Debug|Any CPU
		{807591EA-B48F-4A5C-8F91-2CE0DD47FE68}.Debug|Any CPU.Build.0 = Debug|Any CPU
		{807591EA-B48F-4A5C-8F91-2CE0DD47FE68}.Release|Any CPU.ActiveCfg = Release|Any CPU
		{807591EA-B48F-4A5C-8F91-2CE0DD47FE68}.Release|Any CPU.Build.0 = Release|Any CPU
		{6AD25F6C-7983-4889-91E4-3C0507186755}.Debug|Any CPU.ActiveCfg = Debug|Any CPU
		{6AD25F6C-7983-4889-91E4-3C0507186755}.Debug|Any CPU.Build.0 = Debug|Any CPU
		{6AD25F6C-7983-4889-91E4-3C0507186755}.Release|Any CPU.ActiveCfg = Release|Any CPU
		{6AD25F6C-7983-4889-91E4-3C0507186755}.Release|Any CPU.Build.0 = Release|Any CPU
		{3DE85529-E7D6-43C9-8667-2E407CCC6831}.Debug|Any CPU.ActiveCfg = Debug|Any CPU
		{3DE85529-E7D6-43C9-8667-2E407CCC6831}.Debug|Any CPU.Build.0 = Debug|Any CPU
		{3DE85529-E7D6-43C9-8667-2E407CCC6831}.Release|Any CPU.ActiveCfg = Release|Any CPU
		{3DE85529-E7D6-43C9-8667-2E407CCC6831}.Release|Any CPU.Build.0 = Release|Any CPU
		{8F77CC0B-E998-440B-A1F4-727C2DBB5C68}.Debug|Any CPU.ActiveCfg = Debug|Any CPU
		{8F77CC0B-E998-440B-A1F4-727C2DBB5C68}.Debug|Any CPU.Build.0 = Debug|Any CPU
		{8F77CC0B-E998-440B-A1F4-727C2DBB5C68}.Release|Any CPU.ActiveCfg = Release|Any CPU
		{8F77CC0B-E998-440B-A1F4-727C2DBB5C68}.Release|Any CPU.Build.0 = Release|Any CPU
		{A105AF55-2F38-47B4-AD73-229FC4D02DB8}.Debug|Any CPU.ActiveCfg = Debug|Any CPU
		{A105AF55-2F38-47B4-AD73-229FC4D02DB8}.Debug|Any CPU.Build.0 = Debug|Any CPU
		{A105AF55-2F38-47B4-AD73-229FC4D02DB8}.Release|Any CPU.ActiveCfg = Release|Any CPU
		{A105AF55-2F38-47B4-AD73-229FC4D02DB8}.Release|Any CPU.Build.0 = Release|Any CPU
		{B5FF6412-6F83-4367-ABC6-470A59E062D5}.Debug|Any CPU.ActiveCfg = Debug|Any CPU
		{B5FF6412-6F83-4367-ABC6-470A59E062D5}.Debug|Any CPU.Build.0 = Debug|Any CPU
		{B5FF6412-6F83-4367-ABC6-470A59E062D5}.Release|Any CPU.ActiveCfg = Release|Any CPU
		{B5FF6412-6F83-4367-ABC6-470A59E062D5}.Release|Any CPU.Build.0 = Release|Any CPU
		{3480AAD5-DDA1-4174-9A0D-45A1F4E15501}.Debug|Any CPU.ActiveCfg = Debug|Any CPU
		{3480AAD5-DDA1-4174-9A0D-45A1F4E15501}.Debug|Any CPU.Build.0 = Debug|Any CPU
		{3480AAD5-DDA1-4174-9A0D-45A1F4E15501}.Release|Any CPU.ActiveCfg = Release|Any CPU
		{3480AAD5-DDA1-4174-9A0D-45A1F4E15501}.Release|Any CPU.Build.0 = Release|Any CPU
	EndGlobalSection
	GlobalSection(SolutionProperties) = preSolution
		HideSolutionNode = FALSE
	EndGlobalSection
	GlobalSection(ExtensibilityGlobals) = postSolution
		SolutionGuid = {8225B67F-2116-4BFA-891E-2A9C8C40B69F}
	EndGlobalSection
EndGlobal
