
Microsoft Visual Studio Solution File, Format Version 12.00
# Visual Studio Version 16
VisualStudioVersion = 16.0.29411.108
MinimumVisualStudioVersion = 10.0.40219.1
Project("{FAE04EC0-301F-11D3-BF4B-00C04F79EFBC}") = "01-Socks", "01-Socks\01-Socks.csproj", "{AAAA5B30-9E25-4DE0-86B7-49A1B55A2E0B}"
EndProject
Project("{FAE04EC0-301F-11D3-BF4B-00C04F79EFBC}") = "02-ExcelFunctions", "02-ExcelFunctions\02-ExcelFunctions.csproj", "{D6DB5860-E599-4B51-8136-918A880A8E7A}"
EndProject
Project("{9A19103F-16F7-4668-BE54-9A1E7A4F7556}") = "03-Repository", "03-Repository\03-Repository.csproj", "{96B762ED-F178-4539-B0F0-F456F89A2023}"
EndProject
Global
	GlobalSection(SolutionConfigurationPlatforms) = preSolution
		Debug|Any CPU = Debug|Any CPU
		Release|Any CPU = Release|Any CPU
	EndGlobalSection
	GlobalSection(ProjectConfigurationPlatforms) = postSolution
		{AAAA5B30-9E25-4DE0-86B7-49A1B55A2E0B}.Debug|Any CPU.ActiveCfg = Debug|Any CPU
		{AAAA5B30-9E25-4DE0-86B7-49A1B55A2E0B}.Debug|Any CPU.Build.0 = Debug|Any CPU
		{AAAA5B30-9E25-4DE0-86B7-49A1B55A2E0B}.Release|Any CPU.ActiveCfg = Release|Any CPU
		{AAAA5B30-9E25-4DE0-86B7-49A1B55A2E0B}.Release|Any CPU.Build.0 = Release|Any CPU
		{D6DB5860-E599-4B51-8136-918A880A8E7A}.Debug|Any CPU.ActiveCfg = Debug|Any CPU
		{D6DB5860-E599-4B51-8136-918A880A8E7A}.Debug|Any CPU.Build.0 = Debug|Any CPU
		{D6DB5860-E599-4B51-8136-918A880A8E7A}.Release|Any CPU.ActiveCfg = Release|Any CPU
		{D6DB5860-E599-4B51-8136-918A880A8E7A}.Release|Any CPU.Build.0 = Release|Any CPU
		{96B762ED-F178-4539-B0F0-F456F89A2023}.Debug|Any CPU.ActiveCfg = Debug|Any CPU
		{96B762ED-F178-4539-B0F0-F456F89A2023}.Debug|Any CPU.Build.0 = Debug|Any CPU
		{96B762ED-F178-4539-B0F0-F456F89A2023}.Release|Any CPU.ActiveCfg = Release|Any CPU
		{96B762ED-F178-4539-B0F0-F456F89A2023}.Release|Any CPU.Build.0 = Release|Any CPU
	EndGlobalSection
	GlobalSection(SolutionProperties) = preSolution
		HideSolutionNode = FALSE
	EndGlobalSection
	GlobalSection(ExtensibilityGlobals) = postSolution
		SolutionGuid = {2C543F6A-DE84-46EE-9621-0324E078DA01}
	EndGlobalSection
EndGlobal
