
Microsoft Visual Studio Solution File, Format Version 12.00
# Visual Studio Version 16
VisualStudioVersion = 16.0.30621.155
MinimumVisualStudioVersion = 10.0.40219.1
Project("{FAE04EC0-301F-11D3-BF4B-00C04F79EFBC}") = "MiddleWareDemo", "MiddleWareDemo\MiddleWareDemo.csproj", "{373F21A5-7626-4CB3-A3F1-E40D71A5967E}"
EndProject
Global
	GlobalSection(SolutionConfigurationPlatforms) = preSolution
		Debug|Any CPU = Debug|Any CPU
		Release|Any CPU = Release|Any CPU
	EndGlobalSection
	GlobalSection(ProjectConfigurationPlatforms) = postSolution
		{373F21A5-7626-4CB3-A3F1-E40D71A5967E}.Debug|Any CPU.ActiveCfg = Debug|Any CPU
		{373F21A5-7626-4CB3-A3F1-E40D71A5967E}.Debug|Any CPU.Build.0 = Debug|Any CPU
		{373F21A5-7626-4CB3-A3F1-E40D71A5967E}.Release|Any CPU.ActiveCfg = Release|Any CPU
		{373F21A5-7626-4CB3-A3F1-E40D71A5967E}.Release|Any CPU.Build.0 = Release|Any CPU
	EndGlobalSection
	GlobalSection(SolutionProperties) = preSolution
		HideSolutionNode = FALSE
	EndGlobalSection
	GlobalSection(ExtensibilityGlobals) = postSolution
		SolutionGuid = {44ECCA8A-0D34-48B5-B43B-BEEF57E9AF08}
	EndGlobalSection
EndGlobal
