
Microsoft Visual Studio Solution File, Format Version 12.00
# Visual Studio Version 16
VisualStudioVersion = 16.0.28917.181
MinimumVisualStudioVersion = 10.0.40219.1
Project("{9A19103F-16F7-4668-BE54-9A1E7A4F7556}") = "01-EasterCozonacs", "01-EasterCozonacs\01-EasterCozonacs.csproj", "{A87B190D-C856-4589-8A99-DB123D1A23AA}"
EndProject
Project("{9A19103F-16F7-4668-BE54-9A1E7A4F7556}") = "02-EasterGifts", "02-EasterGifts\02-EasterGifts.csproj", "{E62FC5E1-A253-4863-90F3-ABF7B6FB172D}"
EndProject
Project("{9A19103F-16F7-4668-BE54-9A1E7A4F7556}") = "03-EasterShopping", "03-EasterShopping\03-EasterShopping.csproj", "{19D16426-7FD3-4006-9531-3C352EFD0E43}"
EndProject
Project("{9A19103F-16F7-4668-BE54-9A1E7A4F7556}") = "01-TheHuntingGames", "01-TheHuntingGames\01-TheHuntingGames.csproj", "{FF7556DD-C954-49BE-95FC-4D474776EE22}"
EndProject
Project("{9A19103F-16F7-4668-BE54-9A1E7A4F7556}") = "02-SeizeTheFire", "02-SeizeTheFire\02-SeizeTheFire.csproj", "{726BB6D8-5441-4B6C-8967-8BE816AEDA40}"
EndProject
Project("{9A19103F-16F7-4668-BE54-9A1E7A4F7556}") = "03-TheFinalQuest", "03-TheFinalQuest\03-TheFinalQuest.csproj", "{024F48CD-2B60-4D2E-B81E-3BA3BD165773}"
EndProject
Project("{9A19103F-16F7-4668-BE54-9A1E7A4F7556}") = "02-HelloFrance", "02-HelloFrance\02-HelloFrance.csproj", "{9A58A34C-BDDC-4EB3-B2F3-FCD40BBB0548}"
EndProject
Project("{9A19103F-16F7-4668-BE54-9A1E7A4F7556}") = "01-SpringVacationTrip", "01-SpringVacationTrip\01-SpringVacationTrip.csproj", "{D15B389B-ACFC-482A-AEB4-8D247E467819}"
EndProject
Project("{FAE04EC0-301F-11D3-BF4B-00C04F79EFBC}") = "01-CookingMasterclass", "01-CookingMasterclass\01-CookingMasterclass.csproj", "{44C4D7F5-F1E9-448C-B17D-3482B2897734}"
EndProject
Global
	GlobalSection(SolutionConfigurationPlatforms) = preSolution
		Debug|Any CPU = Debug|Any CPU
		Release|Any CPU = Release|Any CPU
	EndGlobalSection
	GlobalSection(ProjectConfigurationPlatforms) = postSolution
		{A87B190D-C856-4589-8A99-DB123D1A23AA}.Debug|Any CPU.ActiveCfg = Debug|Any CPU
		{A87B190D-C856-4589-8A99-DB123D1A23AA}.Debug|Any CPU.Build.0 = Debug|Any CPU
		{A87B190D-C856-4589-8A99-DB123D1A23AA}.Release|Any CPU.ActiveCfg = Release|Any CPU
		{A87B190D-C856-4589-8A99-DB123D1A23AA}.Release|Any CPU.Build.0 = Release|Any CPU
		{E62FC5E1-A253-4863-90F3-ABF7B6FB172D}.Debug|Any CPU.ActiveCfg = Debug|Any CPU
		{E62FC5E1-A253-4863-90F3-ABF7B6FB172D}.Debug|Any CPU.Build.0 = Debug|Any CPU
		{E62FC5E1-A253-4863-90F3-ABF7B6FB172D}.Release|Any CPU.ActiveCfg = Release|Any CPU
		{E62FC5E1-A253-4863-90F3-ABF7B6FB172D}.Release|Any CPU.Build.0 = Release|Any CPU
		{19D16426-7FD3-4006-9531-3C352EFD0E43}.Debug|Any CPU.ActiveCfg = Debug|Any CPU
		{19D16426-7FD3-4006-9531-3C352EFD0E43}.Debug|Any CPU.Build.0 = Debug|Any CPU
		{19D16426-7FD3-4006-9531-3C352EFD0E43}.Release|Any CPU.ActiveCfg = Release|Any CPU
		{19D16426-7FD3-4006-9531-3C352EFD0E43}.Release|Any CPU.Build.0 = Release|Any CPU
		{FF7556DD-C954-49BE-95FC-4D474776EE22}.Debug|Any CPU.ActiveCfg = Debug|Any CPU
		{FF7556DD-C954-49BE-95FC-4D474776EE22}.Debug|Any CPU.Build.0 = Debug|Any CPU
		{FF7556DD-C954-49BE-95FC-4D474776EE22}.Release|Any CPU.ActiveCfg = Release|Any CPU
		{FF7556DD-C954-49BE-95FC-4D474776EE22}.Release|Any CPU.Build.0 = Release|Any CPU
		{726BB6D8-5441-4B6C-8967-8BE816AEDA40}.Debug|Any CPU.ActiveCfg = Debug|Any CPU
		{726BB6D8-5441-4B6C-8967-8BE816AEDA40}.Debug|Any CPU.Build.0 = Debug|Any CPU
		{726BB6D8-5441-4B6C-8967-8BE816AEDA40}.Release|Any CPU.ActiveCfg = Release|Any CPU
		{726BB6D8-5441-4B6C-8967-8BE816AEDA40}.Release|Any CPU.Build.0 = Release|Any CPU
		{024F48CD-2B60-4D2E-B81E-3BA3BD165773}.Debug|Any CPU.ActiveCfg = Debug|Any CPU
		{024F48CD-2B60-4D2E-B81E-3BA3BD165773}.Debug|Any CPU.Build.0 = Debug|Any CPU
		{024F48CD-2B60-4D2E-B81E-3BA3BD165773}.Release|Any CPU.ActiveCfg = Release|Any CPU
		{024F48CD-2B60-4D2E-B81E-3BA3BD165773}.Release|Any CPU.Build.0 = Release|Any CPU
		{9A58A34C-BDDC-4EB3-B2F3-FCD40BBB0548}.Debug|Any CPU.ActiveCfg = Debug|Any CPU
		{9A58A34C-BDDC-4EB3-B2F3-FCD40BBB0548}.Debug|Any CPU.Build.0 = Debug|Any CPU
		{9A58A34C-BDDC-4EB3-B2F3-FCD40BBB0548}.Release|Any CPU.ActiveCfg = Release|Any CPU
		{9A58A34C-BDDC-4EB3-B2F3-FCD40BBB0548}.Release|Any CPU.Build.0 = Release|Any CPU
		{D15B389B-ACFC-482A-AEB4-8D247E467819}.Debug|Any CPU.ActiveCfg = Debug|Any CPU
		{D15B389B-ACFC-482A-AEB4-8D247E467819}.Debug|Any CPU.Build.0 = Debug|Any CPU
		{D15B389B-ACFC-482A-AEB4-8D247E467819}.Release|Any CPU.ActiveCfg = Release|Any CPU
		{D15B389B-ACFC-482A-AEB4-8D247E467819}.Release|Any CPU.Build.0 = Release|Any CPU
		{44C4D7F5-F1E9-448C-B17D-3482B2897734}.Debug|Any CPU.ActiveCfg = Debug|Any CPU
		{44C4D7F5-F1E9-448C-B17D-3482B2897734}.Debug|Any CPU.Build.0 = Debug|Any CPU
		{44C4D7F5-F1E9-448C-B17D-3482B2897734}.Release|Any CPU.ActiveCfg = Release|Any CPU
		{44C4D7F5-F1E9-448C-B17D-3482B2897734}.Release|Any CPU.Build.0 = Release|Any CPU
	EndGlobalSection
	GlobalSection(SolutionProperties) = preSolution
		HideSolutionNode = FALSE
	EndGlobalSection
	GlobalSection(ExtensibilityGlobals) = postSolution
		SolutionGuid = {9F47422E-80DA-4BD2-BAF4-3C407CA7B9C8}
	EndGlobalSection
EndGlobal
