
Microsoft Visual Studio Solution File, Format Version 12.00
# Visual Studio Version 16
VisualStudioVersion = 16.0.29215.179
MinimumVisualStudioVersion = 10.0.40219.1
Project("{9A19103F-16F7-4668-BE54-9A1E7A4F7556}") = "01-ActionPoint", "01-ActionPoint\01-ActionPoint.csproj", "{8A89F3B4-87D1-453D-B28E-60FB6FB74501}"
EndProject
Project("{9A19103F-16F7-4668-BE54-9A1E7A4F7556}") = "02-KnightsOfHonor", "02-KnightsOfHonor\02-KnightsOfHonor.csproj", "{E097BAD0-8BD3-45E3-83D7-F7DFB3AEF89A}"
EndProject
Project("{9A19103F-16F7-4668-BE54-9A1E7A4F7556}") = "03-CustomMinFunction", "03-CustomMinFunction\03-CustomMinFunction.csproj", "{66E36921-97D5-4155-96B7-C48FA1EA0AA8}"
EndProject
Project("{9A19103F-16F7-4668-BE54-9A1E7A4F7556}") = "04-FindEvensOrOdds", "04-FindEvensOrOdds\04-FindEvensOrOdds.csproj", "{0534B798-7201-46E5-A7EE-E25F9E98B5CA}"
EndProject
Project("{9A19103F-16F7-4668-BE54-9A1E7A4F7556}") = "05-AppliedArithmetics", "05-AppliedArithmetics\05-AppliedArithmetics.csproj", "{E3ECFD15-0F3E-4C1B-B249-37F3466E6945}"
EndProject
Project("{9A19103F-16F7-4668-BE54-9A1E7A4F7556}") = "06-ReverseAndExclude", "06-ReverseAndExclude\06-ReverseAndExclude.csproj", "{93743EFB-66F2-4B1B-AD95-A576385FD7DB}"
EndProject
Project("{9A19103F-16F7-4668-BE54-9A1E7A4F7556}") = "07-PredicateForNames", "07-PredicateForNames\07-PredicateForNames.csproj", "{8EF9E51D-D0B8-4CE3-A6D6-C3629B8603DC}"
EndProject
Project("{9A19103F-16F7-4668-BE54-9A1E7A4F7556}") = "11-PartyReservaionFilterModule", "11-PartyReservaionFilterModule\11-PartyReservaionFilterModule.csproj", "{C792E40C-2AD9-4DFE-9E78-E69ECDE991AE}"
EndProject
Project("{9A19103F-16F7-4668-BE54-9A1E7A4F7556}") = "08-CustomComparator", "08-CustomComparator\08-CustomComparator.csproj", "{BA1A092F-39D1-4822-811E-0419D6D63C72}"
EndProject
Project("{9A19103F-16F7-4668-BE54-9A1E7A4F7556}") = "12-TriFunction", "12-TriFunction\12-TriFunction.csproj", "{BA7C03BE-ED6E-4989-B7C1-A7A918D55CEC}"
EndProject
Project("{9A19103F-16F7-4668-BE54-9A1E7A4F7556}") = "05-Applied-v2", "05-Applied-v2\05-Applied-v2.csproj", "{8DE3EC17-CF18-4266-9480-6E9E6A47D9E8}"
EndProject
Project("{9A19103F-16F7-4668-BE54-9A1E7A4F7556}") = "11-PartyReservation-v2", "11-PartyReservation-v2\11-PartyReservation-v2.csproj", "{467E70D8-772B-4336-B79A-F076AB109359}"
EndProject
Project("{9A19103F-16F7-4668-BE54-9A1E7A4F7556}") = "09-ListOfPredicates", "09-ListOfPredicates\09-ListOfPredicates.csproj", "{612021C1-E797-438A-955B-AEEED55831C3}"
EndProject
Project("{9A19103F-16F7-4668-BE54-9A1E7A4F7556}") = "09-ListOfPredicates-v2", "09-ListOfPredicates-v2\09-ListOfPredicates-v2.csproj", "{329F73F9-4C7E-4C5E-AEC6-CEAE687D20C1}"
EndProject
Project("{9A19103F-16F7-4668-BE54-9A1E7A4F7556}") = "09-Predicates-v3", "09-Predicates-v3\09-Predicates-v3.csproj", "{9C77FC57-6596-4880-ACE2-DD47799799B8}"
EndProject
Project("{FAE04EC0-301F-11D3-BF4B-00C04F79EFBC}") = "10-PredicateParty", "01-PredicateParty\10-PredicateParty.csproj", "{ECA73931-3079-4E80-B56C-A6889E502B6A}"
EndProject
Global
	GlobalSection(SolutionConfigurationPlatforms) = preSolution
		Debug|Any CPU = Debug|Any CPU
		Release|Any CPU = Release|Any CPU
	EndGlobalSection
	GlobalSection(ProjectConfigurationPlatforms) = postSolution
		{8A89F3B4-87D1-453D-B28E-60FB6FB74501}.Debug|Any CPU.ActiveCfg = Debug|Any CPU
		{8A89F3B4-87D1-453D-B28E-60FB6FB74501}.Debug|Any CPU.Build.0 = Debug|Any CPU
		{8A89F3B4-87D1-453D-B28E-60FB6FB74501}.Release|Any CPU.ActiveCfg = Release|Any CPU
		{8A89F3B4-87D1-453D-B28E-60FB6FB74501}.Release|Any CPU.Build.0 = Release|Any CPU
		{E097BAD0-8BD3-45E3-83D7-F7DFB3AEF89A}.Debug|Any CPU.ActiveCfg = Debug|Any CPU
		{E097BAD0-8BD3-45E3-83D7-F7DFB3AEF89A}.Debug|Any CPU.Build.0 = Debug|Any CPU
		{E097BAD0-8BD3-45E3-83D7-F7DFB3AEF89A}.Release|Any CPU.ActiveCfg = Release|Any CPU
		{E097BAD0-8BD3-45E3-83D7-F7DFB3AEF89A}.Release|Any CPU.Build.0 = Release|Any CPU
		{66E36921-97D5-4155-96B7-C48FA1EA0AA8}.Debug|Any CPU.ActiveCfg = Debug|Any CPU
		{66E36921-97D5-4155-96B7-C48FA1EA0AA8}.Debug|Any CPU.Build.0 = Debug|Any CPU
		{66E36921-97D5-4155-96B7-C48FA1EA0AA8}.Release|Any CPU.ActiveCfg = Release|Any CPU
		{66E36921-97D5-4155-96B7-C48FA1EA0AA8}.Release|Any CPU.Build.0 = Release|Any CPU
		{0534B798-7201-46E5-A7EE-E25F9E98B5CA}.Debug|Any CPU.ActiveCfg = Debug|Any CPU
		{0534B798-7201-46E5-A7EE-E25F9E98B5CA}.Debug|Any CPU.Build.0 = Debug|Any CPU
		{0534B798-7201-46E5-A7EE-E25F9E98B5CA}.Release|Any CPU.ActiveCfg = Release|Any CPU
		{0534B798-7201-46E5-A7EE-E25F9E98B5CA}.Release|Any CPU.Build.0 = Release|Any CPU
		{E3ECFD15-0F3E-4C1B-B249-37F3466E6945}.Debug|Any CPU.ActiveCfg = Debug|Any CPU
		{E3ECFD15-0F3E-4C1B-B249-37F3466E6945}.Debug|Any CPU.Build.0 = Debug|Any CPU
		{E3ECFD15-0F3E-4C1B-B249-37F3466E6945}.Release|Any CPU.ActiveCfg = Release|Any CPU
		{E3ECFD15-0F3E-4C1B-B249-37F3466E6945}.Release|Any CPU.Build.0 = Release|Any CPU
		{93743EFB-66F2-4B1B-AD95-A576385FD7DB}.Debug|Any CPU.ActiveCfg = Debug|Any CPU
		{93743EFB-66F2-4B1B-AD95-A576385FD7DB}.Debug|Any CPU.Build.0 = Debug|Any CPU
		{93743EFB-66F2-4B1B-AD95-A576385FD7DB}.Release|Any CPU.ActiveCfg = Release|Any CPU
		{93743EFB-66F2-4B1B-AD95-A576385FD7DB}.Release|Any CPU.Build.0 = Release|Any CPU
		{8EF9E51D-D0B8-4CE3-A6D6-C3629B8603DC}.Debug|Any CPU.ActiveCfg = Debug|Any CPU
		{8EF9E51D-D0B8-4CE3-A6D6-C3629B8603DC}.Debug|Any CPU.Build.0 = Debug|Any CPU
		{8EF9E51D-D0B8-4CE3-A6D6-C3629B8603DC}.Release|Any CPU.ActiveCfg = Release|Any CPU
		{8EF9E51D-D0B8-4CE3-A6D6-C3629B8603DC}.Release|Any CPU.Build.0 = Release|Any CPU
		{C792E40C-2AD9-4DFE-9E78-E69ECDE991AE}.Debug|Any CPU.ActiveCfg = Debug|Any CPU
		{C792E40C-2AD9-4DFE-9E78-E69ECDE991AE}.Debug|Any CPU.Build.0 = Debug|Any CPU
		{C792E40C-2AD9-4DFE-9E78-E69ECDE991AE}.Release|Any CPU.ActiveCfg = Release|Any CPU
		{C792E40C-2AD9-4DFE-9E78-E69ECDE991AE}.Release|Any CPU.Build.0 = Release|Any CPU
		{BA1A092F-39D1-4822-811E-0419D6D63C72}.Debug|Any CPU.ActiveCfg = Debug|Any CPU
		{BA1A092F-39D1-4822-811E-0419D6D63C72}.Debug|Any CPU.Build.0 = Debug|Any CPU
		{BA1A092F-39D1-4822-811E-0419D6D63C72}.Release|Any CPU.ActiveCfg = Release|Any CPU
		{BA1A092F-39D1-4822-811E-0419D6D63C72}.Release|Any CPU.Build.0 = Release|Any CPU
		{BA7C03BE-ED6E-4989-B7C1-A7A918D55CEC}.Debug|Any CPU.ActiveCfg = Debug|Any CPU
		{BA7C03BE-ED6E-4989-B7C1-A7A918D55CEC}.Debug|Any CPU.Build.0 = Debug|Any CPU
		{BA7C03BE-ED6E-4989-B7C1-A7A918D55CEC}.Release|Any CPU.ActiveCfg = Release|Any CPU
		{BA7C03BE-ED6E-4989-B7C1-A7A918D55CEC}.Release|Any CPU.Build.0 = Release|Any CPU
		{8DE3EC17-CF18-4266-9480-6E9E6A47D9E8}.Debug|Any CPU.ActiveCfg = Debug|Any CPU
		{8DE3EC17-CF18-4266-9480-6E9E6A47D9E8}.Debug|Any CPU.Build.0 = Debug|Any CPU
		{8DE3EC17-CF18-4266-9480-6E9E6A47D9E8}.Release|Any CPU.ActiveCfg = Release|Any CPU
		{8DE3EC17-CF18-4266-9480-6E9E6A47D9E8}.Release|Any CPU.Build.0 = Release|Any CPU
		{467E70D8-772B-4336-B79A-F076AB109359}.Debug|Any CPU.ActiveCfg = Debug|Any CPU
		{467E70D8-772B-4336-B79A-F076AB109359}.Debug|Any CPU.Build.0 = Debug|Any CPU
		{467E70D8-772B-4336-B79A-F076AB109359}.Release|Any CPU.ActiveCfg = Release|Any CPU
		{467E70D8-772B-4336-B79A-F076AB109359}.Release|Any CPU.Build.0 = Release|Any CPU
		{612021C1-E797-438A-955B-AEEED55831C3}.Debug|Any CPU.ActiveCfg = Debug|Any CPU
		{612021C1-E797-438A-955B-AEEED55831C3}.Debug|Any CPU.Build.0 = Debug|Any CPU
		{612021C1-E797-438A-955B-AEEED55831C3}.Release|Any CPU.ActiveCfg = Release|Any CPU
		{612021C1-E797-438A-955B-AEEED55831C3}.Release|Any CPU.Build.0 = Release|Any CPU
		{329F73F9-4C7E-4C5E-AEC6-CEAE687D20C1}.Debug|Any CPU.ActiveCfg = Debug|Any CPU
		{329F73F9-4C7E-4C5E-AEC6-CEAE687D20C1}.Debug|Any CPU.Build.0 = Debug|Any CPU
		{329F73F9-4C7E-4C5E-AEC6-CEAE687D20C1}.Release|Any CPU.ActiveCfg = Release|Any CPU
		{329F73F9-4C7E-4C5E-AEC6-CEAE687D20C1}.Release|Any CPU.Build.0 = Release|Any CPU
		{9C77FC57-6596-4880-ACE2-DD47799799B8}.Debug|Any CPU.ActiveCfg = Debug|Any CPU
		{9C77FC57-6596-4880-ACE2-DD47799799B8}.Debug|Any CPU.Build.0 = Debug|Any CPU
		{9C77FC57-6596-4880-ACE2-DD47799799B8}.Release|Any CPU.ActiveCfg = Release|Any CPU
		{9C77FC57-6596-4880-ACE2-DD47799799B8}.Release|Any CPU.Build.0 = Release|Any CPU
		{ECA73931-3079-4E80-B56C-A6889E502B6A}.Debug|Any CPU.ActiveCfg = Debug|Any CPU
		{ECA73931-3079-4E80-B56C-A6889E502B6A}.Debug|Any CPU.Build.0 = Debug|Any CPU
		{ECA73931-3079-4E80-B56C-A6889E502B6A}.Release|Any CPU.ActiveCfg = Release|Any CPU
		{ECA73931-3079-4E80-B56C-A6889E502B6A}.Release|Any CPU.Build.0 = Release|Any CPU
	EndGlobalSection
	GlobalSection(SolutionProperties) = preSolution
		HideSolutionNode = FALSE
	EndGlobalSection
	GlobalSection(ExtensibilityGlobals) = postSolution
		SolutionGuid = {72894E73-441F-4D94-895D-BBE41871540F}
	EndGlobalSection
EndGlobal
