
Microsoft Visual Studio Solution File, Format Version 12.00
# Visual Studio 15
VisualStudioVersion = 15.0.28307.572
MinimumVisualStudioVersion = 10.0.40219.1
Project("{FAE04EC0-301F-11D3-BF4B-00C04F79EFBC}") = "01Advertisement Message", "ObjectAndClasses-Exercises\01Advertisement Message.csproj", "{AB188812-4F25-4A2D-8319-D50484C2D14B}"
EndProject
Project("{FAE04EC0-301F-11D3-BF4B-00C04F79EFBC}") = "02Articles", "02Articles\02Articles.csproj", "{4D648986-5D45-4EB1-BFFD-EF8C7F7DCF04}"
EndProject
Project("{FAE04EC0-301F-11D3-BF4B-00C04F79EFBC}") = "03Articles2-0", "03Articles2-0\03Articles2-0.csproj", "{96B34F1F-B901-4AB5-A6A6-F655692A7847}"
EndProject
Global
	GlobalSection(SolutionConfigurationPlatforms) = preSolution
		Debug|Any CPU = Debug|Any CPU
		Release|Any CPU = Release|Any CPU
	EndGlobalSection
	GlobalSection(ProjectConfigurationPlatforms) = postSolution
		{AB188812-4F25-4A2D-8319-D50484C2D14B}.Debug|Any CPU.ActiveCfg = Debug|Any CPU
		{AB188812-4F25-4A2D-8319-D50484C2D14B}.Debug|Any CPU.Build.0 = Debug|Any CPU
		{AB188812-4F25-4A2D-8319-D50484C2D14B}.Release|Any CPU.ActiveCfg = Release|Any CPU
		{AB188812-4F25-4A2D-8319-D50484C2D14B}.Release|Any CPU.Build.0 = Release|Any CPU
		{4D648986-5D45-4EB1-BFFD-EF8C7F7DCF04}.Debug|Any CPU.ActiveCfg = Debug|Any CPU
		{4D648986-5D45-4EB1-BFFD-EF8C7F7DCF04}.Debug|Any CPU.Build.0 = Debug|Any CPU
		{4D648986-5D45-4EB1-BFFD-EF8C7F7DCF04}.Release|Any CPU.ActiveCfg = Release|Any CPU
		{4D648986-5D45-4EB1-BFFD-EF8C7F7DCF04}.Release|Any CPU.Build.0 = Release|Any CPU
		{96B34F1F-B901-4AB5-A6A6-F655692A7847}.Debug|Any CPU.ActiveCfg = Debug|Any CPU
		{96B34F1F-B901-4AB5-A6A6-F655692A7847}.Debug|Any CPU.Build.0 = Debug|Any CPU
		{96B34F1F-B901-4AB5-A6A6-F655692A7847}.Release|Any CPU.ActiveCfg = Release|Any CPU
		{96B34F1F-B901-4AB5-A6A6-F655692A7847}.Release|Any CPU.Build.0 = Release|Any CPU
	EndGlobalSection
	GlobalSection(SolutionProperties) = preSolution
		HideSolutionNode = FALSE
	EndGlobalSection
	GlobalSection(ExtensibilityGlobals) = postSolution
		SolutionGuid = {0CA5612C-6A19-4C0A-9D52-D286266BEC0D}
	EndGlobalSection
EndGlobal
