
Microsoft Visual Studio Solution File, Format Version 12.00
# Visual Studio Version 16
VisualStudioVersion = 16.0.29411.108
MinimumVisualStudioVersion = 10.0.40219.1
Project("{FAE04EC0-301F-11D3-BF4B-00C04F79EFBC}") = "01-SpaceshipCrafting", "01-SpaceshipCrafting\01-SpaceshipCrafting.csproj", "{9ADC6CA2-E965-4902-A897-CF96C7DB2B50}"
EndProject
Project("{FAE04EC0-301F-11D3-BF4B-00C04F79EFBC}") = "03-SpaceStationEstabilishment", "03-SpaceStationEstabilishment\03-SpaceStationEstabilishment.csproj", "{9A718309-DBE4-4458-9E4B-CAF79499BEA9}"
EndProject
Project("{9A19103F-16F7-4668-BE54-9A1E7A4F7556}") = "02-SpaceStationRecruitment", "02-SpaceStationRecruitment\02-SpaceStationRecruitment.csproj", "{2B55678F-56A5-4582-B6E1-4BA9B8AF2913}"
EndProject
Global
	GlobalSection(SolutionConfigurationPlatforms) = preSolution
		Debug|Any CPU = Debug|Any CPU
		Release|Any CPU = Release|Any CPU
	EndGlobalSection
	GlobalSection(ProjectConfigurationPlatforms) = postSolution
		{9ADC6CA2-E965-4902-A897-CF96C7DB2B50}.Debug|Any CPU.ActiveCfg = Debug|Any CPU
		{9ADC6CA2-E965-4902-A897-CF96C7DB2B50}.Debug|Any CPU.Build.0 = Debug|Any CPU
		{9ADC6CA2-E965-4902-A897-CF96C7DB2B50}.Release|Any CPU.ActiveCfg = Release|Any CPU
		{9ADC6CA2-E965-4902-A897-CF96C7DB2B50}.Release|Any CPU.Build.0 = Release|Any CPU
		{9A718309-DBE4-4458-9E4B-CAF79499BEA9}.Debug|Any CPU.ActiveCfg = Debug|Any CPU
		{9A718309-DBE4-4458-9E4B-CAF79499BEA9}.Debug|Any CPU.Build.0 = Debug|Any CPU
		{9A718309-DBE4-4458-9E4B-CAF79499BEA9}.Release|Any CPU.ActiveCfg = Release|Any CPU
		{9A718309-DBE4-4458-9E4B-CAF79499BEA9}.Release|Any CPU.Build.0 = Release|Any CPU
		{2B55678F-56A5-4582-B6E1-4BA9B8AF2913}.Debug|Any CPU.ActiveCfg = Debug|Any CPU
		{2B55678F-56A5-4582-B6E1-4BA9B8AF2913}.Debug|Any CPU.Build.0 = Debug|Any CPU
		{2B55678F-56A5-4582-B6E1-4BA9B8AF2913}.Release|Any CPU.ActiveCfg = Release|Any CPU
		{2B55678F-56A5-4582-B6E1-4BA9B8AF2913}.Release|Any CPU.Build.0 = Release|Any CPU
	EndGlobalSection
	GlobalSection(SolutionProperties) = preSolution
		HideSolutionNode = FALSE
	EndGlobalSection
	GlobalSection(ExtensibilityGlobals) = postSolution
		SolutionGuid = {9E86DC22-9FB6-46D5-8EB7-466A5C45003A}
	EndGlobalSection
EndGlobal
