
Microsoft Visual Studio Solution File, Format Version 12.00
# Visual Studio 15
VisualStudioVersion = 15.0.28307.329
MinimumVisualStudioVersion = 10.0.40219.1
Project("{9A19103F-16F7-4668-BE54-9A1E7A4F7556}") = "NumberInRange 1-100", "11-While-Lessons\NumberInRange 1-100.csproj", "{AA33A148-5207-4BEF-AACE-ECF977BD919E}"
EndProject
Project("{9A19103F-16F7-4668-BE54-9A1E7A4F7556}") = "Sequence2k+1", "Sequence2k+1\Sequence2k+1.csproj", "{61032CB6-060C-4C87-8B92-818CC9846158}"
EndProject
Project("{9A19103F-16F7-4668-BE54-9A1E7A4F7556}") = "AccountBalance", "AccountBalance\AccountBalance.csproj", "{87A4F679-EFC3-4DC2-9655-7CE8EE0BEC4C}"
EndProject
Project("{9A19103F-16F7-4668-BE54-9A1E7A4F7556}") = "ProbaAccountBalance", "ProbaAccountBalance\ProbaAccountBalance.csproj", "{8DAF9E13-98E7-4E00-AD4A-55D56807CAC2}"
EndProject
Project("{9A19103F-16F7-4668-BE54-9A1E7A4F7556}") = "NumberSequence", "NumberSequence\NumberSequence.csproj", "{9B2693F0-3610-43B6-A6F5-1AA682B98A82}"
EndProject
Project("{9A19103F-16F7-4668-BE54-9A1E7A4F7556}") = "Walking", "Walking\Walking.csproj", "{79096F07-EBD7-4D31-8B2F-FF0295B8E7F7}"
EndProject
Project("{9A19103F-16F7-4668-BE54-9A1E7A4F7556}") = "Graduation(Zavarsvane)", "Graduation(Zavarsvane)\Graduation(Zavarsvane).csproj", "{47CEACD5-39C4-4ADA-B793-1ABDDAD1F356}"
EndProject
Project("{9A19103F-16F7-4668-BE54-9A1E7A4F7556}") = "Graduation RABOTI", "Graduation RABOTI\Graduation RABOTI.csproj", "{BF75C138-8CBF-448E-AE44-851D643A16F4}"
EndProject
Project("{9A19103F-16F7-4668-BE54-9A1E7A4F7556}") = "Moving", "Moving\Moving.csproj", "{5010CC62-710B-4DCD-AD04-7DC359EB8DF1}"
EndProject
Project("{FAE04EC0-301F-11D3-BF4B-00C04F79EFBC}") = "MovingPROBA", "MovingPROBA\MovingPROBA.csproj", "{5EF5456E-B782-4E92-BE1C-266EAB17DECE}"
EndProject
Global
	GlobalSection(SolutionConfigurationPlatforms) = preSolution
		Debug|Any CPU = Debug|Any CPU
		Release|Any CPU = Release|Any CPU
	EndGlobalSection
	GlobalSection(ProjectConfigurationPlatforms) = postSolution
		{AA33A148-5207-4BEF-AACE-ECF977BD919E}.Debug|Any CPU.ActiveCfg = Debug|Any CPU
		{AA33A148-5207-4BEF-AACE-ECF977BD919E}.Debug|Any CPU.Build.0 = Debug|Any CPU
		{AA33A148-5207-4BEF-AACE-ECF977BD919E}.Release|Any CPU.ActiveCfg = Release|Any CPU
		{AA33A148-5207-4BEF-AACE-ECF977BD919E}.Release|Any CPU.Build.0 = Release|Any CPU
		{61032CB6-060C-4C87-8B92-818CC9846158}.Debug|Any CPU.ActiveCfg = Debug|Any CPU
		{61032CB6-060C-4C87-8B92-818CC9846158}.Debug|Any CPU.Build.0 = Debug|Any CPU
		{61032CB6-060C-4C87-8B92-818CC9846158}.Release|Any CPU.ActiveCfg = Release|Any CPU
		{61032CB6-060C-4C87-8B92-818CC9846158}.Release|Any CPU.Build.0 = Release|Any CPU
		{87A4F679-EFC3-4DC2-9655-7CE8EE0BEC4C}.Debug|Any CPU.ActiveCfg = Debug|Any CPU
		{87A4F679-EFC3-4DC2-9655-7CE8EE0BEC4C}.Debug|Any CPU.Build.0 = Debug|Any CPU
		{87A4F679-EFC3-4DC2-9655-7CE8EE0BEC4C}.Release|Any CPU.ActiveCfg = Release|Any CPU
		{87A4F679-EFC3-4DC2-9655-7CE8EE0BEC4C}.Release|Any CPU.Build.0 = Release|Any CPU
		{8DAF9E13-98E7-4E00-AD4A-55D56807CAC2}.Debug|Any CPU.ActiveCfg = Debug|Any CPU
		{8DAF9E13-98E7-4E00-AD4A-55D56807CAC2}.Debug|Any CPU.Build.0 = Debug|Any CPU
		{8DAF9E13-98E7-4E00-AD4A-55D56807CAC2}.Release|Any CPU.ActiveCfg = Release|Any CPU
		{8DAF9E13-98E7-4E00-AD4A-55D56807CAC2}.Release|Any CPU.Build.0 = Release|Any CPU
		{9B2693F0-3610-43B6-A6F5-1AA682B98A82}.Debug|Any CPU.ActiveCfg = Debug|Any CPU
		{9B2693F0-3610-43B6-A6F5-1AA682B98A82}.Debug|Any CPU.Build.0 = Debug|Any CPU
		{9B2693F0-3610-43B6-A6F5-1AA682B98A82}.Release|Any CPU.ActiveCfg = Release|Any CPU
		{9B2693F0-3610-43B6-A6F5-1AA682B98A82}.Release|Any CPU.Build.0 = Release|Any CPU
		{79096F07-EBD7-4D31-8B2F-FF0295B8E7F7}.Debug|Any CPU.ActiveCfg = Debug|Any CPU
		{79096F07-EBD7-4D31-8B2F-FF0295B8E7F7}.Debug|Any CPU.Build.0 = Debug|Any CPU
		{79096F07-EBD7-4D31-8B2F-FF0295B8E7F7}.Release|Any CPU.ActiveCfg = Release|Any CPU
		{79096F07-EBD7-4D31-8B2F-FF0295B8E7F7}.Release|Any CPU.Build.0 = Release|Any CPU
		{47CEACD5-39C4-4ADA-B793-1ABDDAD1F356}.Debug|Any CPU.ActiveCfg = Debug|Any CPU
		{47CEACD5-39C4-4ADA-B793-1ABDDAD1F356}.Debug|Any CPU.Build.0 = Debug|Any CPU
		{47CEACD5-39C4-4ADA-B793-1ABDDAD1F356}.Release|Any CPU.ActiveCfg = Release|Any CPU
		{47CEACD5-39C4-4ADA-B793-1ABDDAD1F356}.Release|Any CPU.Build.0 = Release|Any CPU
		{BF75C138-8CBF-448E-AE44-851D643A16F4}.Debug|Any CPU.ActiveCfg = Debug|Any CPU
		{BF75C138-8CBF-448E-AE44-851D643A16F4}.Debug|Any CPU.Build.0 = Debug|Any CPU
		{BF75C138-8CBF-448E-AE44-851D643A16F4}.Release|Any CPU.ActiveCfg = Release|Any CPU
		{BF75C138-8CBF-448E-AE44-851D643A16F4}.Release|Any CPU.Build.0 = Release|Any CPU
		{5010CC62-710B-4DCD-AD04-7DC359EB8DF1}.Debug|Any CPU.ActiveCfg = Debug|Any CPU
		{5010CC62-710B-4DCD-AD04-7DC359EB8DF1}.Debug|Any CPU.Build.0 = Debug|Any CPU
		{5010CC62-710B-4DCD-AD04-7DC359EB8DF1}.Release|Any CPU.ActiveCfg = Release|Any CPU
		{5010CC62-710B-4DCD-AD04-7DC359EB8DF1}.Release|Any CPU.Build.0 = Release|Any CPU
		{5EF5456E-B782-4E92-BE1C-266EAB17DECE}.Debug|Any CPU.ActiveCfg = Debug|Any CPU
		{5EF5456E-B782-4E92-BE1C-266EAB17DECE}.Debug|Any CPU.Build.0 = Debug|Any CPU
		{5EF5456E-B782-4E92-BE1C-266EAB17DECE}.Release|Any CPU.ActiveCfg = Release|Any CPU
		{5EF5456E-B782-4E92-BE1C-266EAB17DECE}.Release|Any CPU.Build.0 = Release|Any CPU
	EndGlobalSection
	GlobalSection(SolutionProperties) = preSolution
		HideSolutionNode = FALSE
	EndGlobalSection
	GlobalSection(ExtensibilityGlobals) = postSolution
		SolutionGuid = {487061F2-438A-47D8-8209-9CCA16A8536C}
	EndGlobalSection
EndGlobal
