
Microsoft Visual Studio Solution File, Format Version 12.00
# Visual Studio Version 16
VisualStudioVersion = 16.0.28922.388
MinimumVisualStudioVersion = 10.0.40219.1
Project("{9A19103F-16F7-4668-BE54-9A1E7A4F7556}") = "01DayOfWeek", "ObjectAndClasses\01DayOfWeek.csproj", "{09DB230B-2070-4E89-8F7C-34FB2F6CF63E}"
EndProject
Project("{9A19103F-16F7-4668-BE54-9A1E7A4F7556}") = "02RandomizeWords", "02RandomizeWords\02RandomizeWords.csproj", "{C4DE808C-553F-4C17-9B5F-85553B2D8D49}"
EndProject
Project("{9A19103F-16F7-4668-BE54-9A1E7A4F7556}") = "03BigFactorial", "03BigFactorial\03BigFactorial.csproj", "{7BA506DE-D2D7-4AD4-852F-3A4EFAF3497F}"
EndProject
Project("{9A19103F-16F7-4668-BE54-9A1E7A4F7556}") = "SantasList", "SantasList\SantasList.csproj", "{E945206C-855C-44CC-B2B6-E1B87DBB5602}"
EndProject
Project("{9A19103F-16F7-4668-BE54-9A1E7A4F7556}") = "ChristmasSpirit", "ChristmasSpirit\ChristmasSpirit.csproj", "{20C19BAD-00C9-4B19-B92B-2266F245AEFF}"
EndProject
Project("{FAE04EC0-301F-11D3-BF4B-00C04F79EFBC}") = "Examples", "Examples\Examples.csproj", "{3E4EC9D1-BC4F-4066-A079-F669C2535547}"
EndProject
Global
	GlobalSection(SolutionConfigurationPlatforms) = preSolution
		Debug|Any CPU = Debug|Any CPU
		Release|Any CPU = Release|Any CPU
	EndGlobalSection
	GlobalSection(ProjectConfigurationPlatforms) = postSolution
		{09DB230B-2070-4E89-8F7C-34FB2F6CF63E}.Debug|Any CPU.ActiveCfg = Debug|Any CPU
		{09DB230B-2070-4E89-8F7C-34FB2F6CF63E}.Debug|Any CPU.Build.0 = Debug|Any CPU
		{09DB230B-2070-4E89-8F7C-34FB2F6CF63E}.Release|Any CPU.ActiveCfg = Release|Any CPU
		{09DB230B-2070-4E89-8F7C-34FB2F6CF63E}.Release|Any CPU.Build.0 = Release|Any CPU
		{C4DE808C-553F-4C17-9B5F-85553B2D8D49}.Debug|Any CPU.ActiveCfg = Debug|Any CPU
		{C4DE808C-553F-4C17-9B5F-85553B2D8D49}.Debug|Any CPU.Build.0 = Debug|Any CPU
		{C4DE808C-553F-4C17-9B5F-85553B2D8D49}.Release|Any CPU.ActiveCfg = Release|Any CPU
		{C4DE808C-553F-4C17-9B5F-85553B2D8D49}.Release|Any CPU.Build.0 = Release|Any CPU
		{7BA506DE-D2D7-4AD4-852F-3A4EFAF3497F}.Debug|Any CPU.ActiveCfg = Debug|Any CPU
		{7BA506DE-D2D7-4AD4-852F-3A4EFAF3497F}.Debug|Any CPU.Build.0 = Debug|Any CPU
		{7BA506DE-D2D7-4AD4-852F-3A4EFAF3497F}.Release|Any CPU.ActiveCfg = Release|Any CPU
		{7BA506DE-D2D7-4AD4-852F-3A4EFAF3497F}.Release|Any CPU.Build.0 = Release|Any CPU
		{E945206C-855C-44CC-B2B6-E1B87DBB5602}.Debug|Any CPU.ActiveCfg = Debug|Any CPU
		{E945206C-855C-44CC-B2B6-E1B87DBB5602}.Debug|Any CPU.Build.0 = Debug|Any CPU
		{E945206C-855C-44CC-B2B6-E1B87DBB5602}.Release|Any CPU.ActiveCfg = Release|Any CPU
		{E945206C-855C-44CC-B2B6-E1B87DBB5602}.Release|Any CPU.Build.0 = Release|Any CPU
		{20C19BAD-00C9-4B19-B92B-2266F245AEFF}.Debug|Any CPU.ActiveCfg = Debug|Any CPU
		{20C19BAD-00C9-4B19-B92B-2266F245AEFF}.Debug|Any CPU.Build.0 = Debug|Any CPU
		{20C19BAD-00C9-4B19-B92B-2266F245AEFF}.Release|Any CPU.ActiveCfg = Release|Any CPU
		{20C19BAD-00C9-4B19-B92B-2266F245AEFF}.Release|Any CPU.Build.0 = Release|Any CPU
		{3E4EC9D1-BC4F-4066-A079-F669C2535547}.Debug|Any CPU.ActiveCfg = Debug|Any CPU
		{3E4EC9D1-BC4F-4066-A079-F669C2535547}.Debug|Any CPU.Build.0 = Debug|Any CPU
		{3E4EC9D1-BC4F-4066-A079-F669C2535547}.Release|Any CPU.ActiveCfg = Release|Any CPU
		{3E4EC9D1-BC4F-4066-A079-F669C2535547}.Release|Any CPU.Build.0 = Release|Any CPU
	EndGlobalSection
	GlobalSection(SolutionProperties) = preSolution
		HideSolutionNode = FALSE
	EndGlobalSection
	GlobalSection(ExtensibilityGlobals) = postSolution
		SolutionGuid = {058BD018-F714-497C-BE07-5BD23F8629EA}
	EndGlobalSection
EndGlobal
