
Microsoft Visual Studio Solution File, Format Version 12.00
# Visual Studio Version 16
VisualStudioVersion = 16.0.29009.5
MinimumVisualStudioVersion = 10.0.40219.1
Project("{FAE04EC0-301F-11D3-BF4B-00C04F79EFBC}") = "02-CenterPoint", "02-CenterPoint\02-CenterPoint.csproj", "{98BB6CBB-1CAA-47D6-AE1C-10A2A10D6EBA}"
EndProject
Project("{FAE04EC0-301F-11D3-BF4B-00C04F79EFBC}") = "02-CenterPoint-v2", "02-CenterPoint-v2\02-CenterPoint-v2.csproj", "{A43FBA2A-A199-4B1F-AA97-EBBDDFEE23E5}"
EndProject
Project("{FAE04EC0-301F-11D3-BF4B-00C04F79EFBC}") = "04-TribonacciSequence", "04-TribonacciSequence\04-TribonacciSequence.csproj", "{24357E31-F028-43C7-BFBA-364F8A37B635}"
EndProject
Global
	GlobalSection(SolutionConfigurationPlatforms) = preSolution
		Debug|Any CPU = Debug|Any CPU
		Release|Any CPU = Release|Any CPU
	EndGlobalSection
	GlobalSection(ProjectConfigurationPlatforms) = postSolution
		{98BB6CBB-1CAA-47D6-AE1C-10A2A10D6EBA}.Debug|Any CPU.ActiveCfg = Debug|Any CPU
		{98BB6CBB-1CAA-47D6-AE1C-10A2A10D6EBA}.Debug|Any CPU.Build.0 = Debug|Any CPU
		{98BB6CBB-1CAA-47D6-AE1C-10A2A10D6EBA}.Release|Any CPU.ActiveCfg = Release|Any CPU
		{98BB6CBB-1CAA-47D6-AE1C-10A2A10D6EBA}.Release|Any CPU.Build.0 = Release|Any CPU
		{A43FBA2A-A199-4B1F-AA97-EBBDDFEE23E5}.Debug|Any CPU.ActiveCfg = Debug|Any CPU
		{A43FBA2A-A199-4B1F-AA97-EBBDDFEE23E5}.Debug|Any CPU.Build.0 = Debug|Any CPU
		{A43FBA2A-A199-4B1F-AA97-EBBDDFEE23E5}.Release|Any CPU.ActiveCfg = Release|Any CPU
		{A43FBA2A-A199-4B1F-AA97-EBBDDFEE23E5}.Release|Any CPU.Build.0 = Release|Any CPU
		{24357E31-F028-43C7-BFBA-364F8A37B635}.Debug|Any CPU.ActiveCfg = Debug|Any CPU
		{24357E31-F028-43C7-BFBA-364F8A37B635}.Debug|Any CPU.Build.0 = Debug|Any CPU
		{24357E31-F028-43C7-BFBA-364F8A37B635}.Release|Any CPU.ActiveCfg = Release|Any CPU
		{24357E31-F028-43C7-BFBA-364F8A37B635}.Release|Any CPU.Build.0 = Release|Any CPU
	EndGlobalSection
	GlobalSection(SolutionProperties) = preSolution
		HideSolutionNode = FALSE
	EndGlobalSection
	GlobalSection(ExtensibilityGlobals) = postSolution
		SolutionGuid = {31D7ACF9-E158-4656-9DD2-CB0C7352F38A}
	EndGlobalSection
EndGlobal
