
Microsoft Visual Studio Solution File, Format Version 12.00
# Visual Studio 15
VisualStudioVersion = 15.0.28307.421
MinimumVisualStudioVersion = 10.0.40219.1
Project("{9A19103F-16F7-4668-BE54-9A1E7A4F7556}") = "Matrix", "Nested Loops - Exercises2\Matrix.csproj", "{CE0D09E5-9128-4337-A015-8DCEB45856D3}"
EndProject
Project("{9A19103F-16F7-4668-BE54-9A1E7A4F7556}") = "Coding", "Coding\Coding.csproj", "{B5970146-CC9E-47D5-AB76-EFE3B5948FF7}"
EndProject
Project("{9A19103F-16F7-4668-BE54-9A1E7A4F7556}") = "CodingV2", "CodingV2\CodingV2.csproj", "{604DF7F9-AFF2-442B-828D-40CF4369FAB9}"
EndProject
Project("{9A19103F-16F7-4668-BE54-9A1E7A4F7556}") = "TrainTheTrainers", "TrainTheTrainers\TrainTheTrainers.csproj", "{EBD5807C-BE1D-4842-8186-203A2B6B1014}"
EndProject
Project("{9A19103F-16F7-4668-BE54-9A1E7A4F7556}") = "NumberPyramid", "NumberPyramid\NumberPyramid.csproj", "{C4ED6DEA-B0E7-4FCF-92C7-F12F72B5498B}"
EndProject
Project("{9A19103F-16F7-4668-BE54-9A1E7A4F7556}") = "SpecialNumbers", "SpecialNumbers\SpecialNumbers.csproj", "{67111CDC-8499-4459-8D8E-A0C1D8B93D57}"
EndProject
Project("{9A19103F-16F7-4668-BE54-9A1E7A4F7556}") = "SumPrimeNonPrime", "SumPrimeNonPrime\SumPrimeNonPrime.csproj", "{01B29A0A-5ACD-4336-8D37-81AE2AF2695C}"
EndProject
Project("{9A19103F-16F7-4668-BE54-9A1E7A4F7556}") = "EqualSumsEvenOddPosition", "EqualSumsEvenOddPosition\EqualSumsEvenOddPosition.csproj", "{A0B62D64-2B71-40A4-889F-01A97D0795AA}"
EndProject
Project("{FAE04EC0-301F-11D3-BF4B-00C04F79EFBC}") = "EqualSumsLeftRightPosition", "EqualSumsLeftRightPosition\EqualSumsLeftRightPosition.csproj", "{496EB367-0B12-475A-99A8-1501864EB90F}"
EndProject
Project("{FAE04EC0-301F-11D3-BF4B-00C04F79EFBC}") = "Fishing", "Fishing\Fishing.csproj", "{014853FB-C431-4AEB-B2AC-07D6B702B8B4}"
EndProject
Global
	GlobalSection(SolutionConfigurationPlatforms) = preSolution
		Debug|Any CPU = Debug|Any CPU
		Release|Any CPU = Release|Any CPU
	EndGlobalSection
	GlobalSection(ProjectConfigurationPlatforms) = postSolution
		{CE0D09E5-9128-4337-A015-8DCEB45856D3}.Debug|Any CPU.ActiveCfg = Debug|Any CPU
		{CE0D09E5-9128-4337-A015-8DCEB45856D3}.Debug|Any CPU.Build.0 = Debug|Any CPU
		{CE0D09E5-9128-4337-A015-8DCEB45856D3}.Release|Any CPU.ActiveCfg = Release|Any CPU
		{CE0D09E5-9128-4337-A015-8DCEB45856D3}.Release|Any CPU.Build.0 = Release|Any CPU
		{B5970146-CC9E-47D5-AB76-EFE3B5948FF7}.Debug|Any CPU.ActiveCfg = Debug|Any CPU
		{B5970146-CC9E-47D5-AB76-EFE3B5948FF7}.Debug|Any CPU.Build.0 = Debug|Any CPU
		{B5970146-CC9E-47D5-AB76-EFE3B5948FF7}.Release|Any CPU.ActiveCfg = Release|Any CPU
		{B5970146-CC9E-47D5-AB76-EFE3B5948FF7}.Release|Any CPU.Build.0 = Release|Any CPU
		{604DF7F9-AFF2-442B-828D-40CF4369FAB9}.Debug|Any CPU.ActiveCfg = Debug|Any CPU
		{604DF7F9-AFF2-442B-828D-40CF4369FAB9}.Debug|Any CPU.Build.0 = Debug|Any CPU
		{604DF7F9-AFF2-442B-828D-40CF4369FAB9}.Release|Any CPU.ActiveCfg = Release|Any CPU
		{604DF7F9-AFF2-442B-828D-40CF4369FAB9}.Release|Any CPU.Build.0 = Release|Any CPU
		{EBD5807C-BE1D-4842-8186-203A2B6B1014}.Debug|Any CPU.ActiveCfg = Debug|Any CPU
		{EBD5807C-BE1D-4842-8186-203A2B6B1014}.Debug|Any CPU.Build.0 = Debug|Any CPU
		{EBD5807C-BE1D-4842-8186-203A2B6B1014}.Release|Any CPU.ActiveCfg = Release|Any CPU
		{EBD5807C-BE1D-4842-8186-203A2B6B1014}.Release|Any CPU.Build.0 = Release|Any CPU
		{C4ED6DEA-B0E7-4FCF-92C7-F12F72B5498B}.Debug|Any CPU.ActiveCfg = Debug|Any CPU
		{C4ED6DEA-B0E7-4FCF-92C7-F12F72B5498B}.Debug|Any CPU.Build.0 = Debug|Any CPU
		{C4ED6DEA-B0E7-4FCF-92C7-F12F72B5498B}.Release|Any CPU.ActiveCfg = Release|Any CPU
		{C4ED6DEA-B0E7-4FCF-92C7-F12F72B5498B}.Release|Any CPU.Build.0 = Release|Any CPU
		{67111CDC-8499-4459-8D8E-A0C1D8B93D57}.Debug|Any CPU.ActiveCfg = Debug|Any CPU
		{67111CDC-8499-4459-8D8E-A0C1D8B93D57}.Debug|Any CPU.Build.0 = Debug|Any CPU
		{67111CDC-8499-4459-8D8E-A0C1D8B93D57}.Release|Any CPU.ActiveCfg = Release|Any CPU
		{67111CDC-8499-4459-8D8E-A0C1D8B93D57}.Release|Any CPU.Build.0 = Release|Any CPU
		{01B29A0A-5ACD-4336-8D37-81AE2AF2695C}.Debug|Any CPU.ActiveCfg = Debug|Any CPU
		{01B29A0A-5ACD-4336-8D37-81AE2AF2695C}.Debug|Any CPU.Build.0 = Debug|Any CPU
		{01B29A0A-5ACD-4336-8D37-81AE2AF2695C}.Release|Any CPU.ActiveCfg = Release|Any CPU
		{01B29A0A-5ACD-4336-8D37-81AE2AF2695C}.Release|Any CPU.Build.0 = Release|Any CPU
		{A0B62D64-2B71-40A4-889F-01A97D0795AA}.Debug|Any CPU.ActiveCfg = Debug|Any CPU
		{A0B62D64-2B71-40A4-889F-01A97D0795AA}.Debug|Any CPU.Build.0 = Debug|Any CPU
		{A0B62D64-2B71-40A4-889F-01A97D0795AA}.Release|Any CPU.ActiveCfg = Release|Any CPU
		{A0B62D64-2B71-40A4-889F-01A97D0795AA}.Release|Any CPU.Build.0 = Release|Any CPU
		{496EB367-0B12-475A-99A8-1501864EB90F}.Debug|Any CPU.ActiveCfg = Debug|Any CPU
		{496EB367-0B12-475A-99A8-1501864EB90F}.Debug|Any CPU.Build.0 = Debug|Any CPU
		{496EB367-0B12-475A-99A8-1501864EB90F}.Release|Any CPU.ActiveCfg = Release|Any CPU
		{496EB367-0B12-475A-99A8-1501864EB90F}.Release|Any CPU.Build.0 = Release|Any CPU
		{014853FB-C431-4AEB-B2AC-07D6B702B8B4}.Debug|Any CPU.ActiveCfg = Debug|Any CPU
		{014853FB-C431-4AEB-B2AC-07D6B702B8B4}.Debug|Any CPU.Build.0 = Debug|Any CPU
		{014853FB-C431-4AEB-B2AC-07D6B702B8B4}.Release|Any CPU.ActiveCfg = Release|Any CPU
		{014853FB-C431-4AEB-B2AC-07D6B702B8B4}.Release|Any CPU.Build.0 = Release|Any CPU
	EndGlobalSection
	GlobalSection(SolutionProperties) = preSolution
		HideSolutionNode = FALSE
	EndGlobalSection
	GlobalSection(ExtensibilityGlobals) = postSolution
		SolutionGuid = {2F8B8305-F777-4CA6-B570-97AA76E29918}
	EndGlobalSection
EndGlobal
