
Microsoft Visual Studio Solution File, Format Version 12.00
# Visual Studio Version 16
VisualStudioVersion = 16.0.28803.452
MinimumVisualStudioVersion = 10.0.40219.1
Project("{9A19103F-16F7-4668-BE54-9A1E7A4F7556}") = "01-Ages", "01-Ages\01-Ages.csproj", "{3321FDEC-EA28-4176-B50C-5C92A380C903}"
EndProject
Project("{9A19103F-16F7-4668-BE54-9A1E7A4F7556}") = "02-Division", "02-Division\02-Division.csproj", "{EC6945EA-916E-4AD5-9004-4B1BC9BF6DEF}"
EndProject
Project("{9A19103F-16F7-4668-BE54-9A1E7A4F7556}") = "05-Login", "05-Login\05-Login.csproj", "{313B7475-5108-49AD-AE7E-5750DB808924}"
EndProject
Project("{9A19103F-16F7-4668-BE54-9A1E7A4F7556}") = "06-StrongNumber", "06-StrongNumber\06-StrongNumber.csproj", "{18DD4C42-4992-40EA-A94D-A8735939DB4D}"
EndProject
Project("{9A19103F-16F7-4668-BE54-9A1E7A4F7556}") = "07-VendingMashine", "07-VendingMashine\07-VendingMashine.csproj", "{BE0AE93C-D4D0-49CF-9A20-82970C1F1991}"
EndProject
Project("{9A19103F-16F7-4668-BE54-9A1E7A4F7556}") = "07-VendmachineWithMethod", "Probi\07-VendmachineWithMethod.csproj", "{D0222F87-8541-4DE6-8A45-A6B8ABAC5BF0}"
EndProject
Project("{9A19103F-16F7-4668-BE54-9A1E7A4F7556}") = "03-Vacation", "03-Vacation\03-Vacation.csproj", "{017FC344-957D-47BC-AC3A-6C8C5C67E088}"
EndProject
Project("{9A19103F-16F7-4668-BE54-9A1E7A4F7556}") = "04-PrintAndSum", "04-PrintAndSum\04-PrintAndSum.csproj", "{1DB75314-E07A-4F2A-AEB4-7BB16FEC2982}"
EndProject
Project("{9A19103F-16F7-4668-BE54-9A1E7A4F7556}") = "08-TriangleOfNumbers", "08-TriangleOfNumbers\08-TriangleOfNumbers.csproj", "{CE0295EE-5437-47BB-9B84-1856D750CA7C}"
EndProject
Project("{9A19103F-16F7-4668-BE54-9A1E7A4F7556}") = "09-PadawanEquipment", "09-PadawanEquipment\09-PadawanEquipment.csproj", "{4F2FA97A-5F7F-4728-BF2D-1B974410F011}"
EndProject
Project("{9A19103F-16F7-4668-BE54-9A1E7A4F7556}") = "10-RageExpenses", "10-RageExpenses\10-RageExpenses.csproj", "{1539FCE1-2405-422B-9DA1-0E2C4A459E19}"
EndProject
Global
	GlobalSection(SolutionConfigurationPlatforms) = preSolution
		Debug|Any CPU = Debug|Any CPU
		Release|Any CPU = Release|Any CPU
	EndGlobalSection
	GlobalSection(ProjectConfigurationPlatforms) = postSolution
		{3321FDEC-EA28-4176-B50C-5C92A380C903}.Debug|Any CPU.ActiveCfg = Debug|Any CPU
		{3321FDEC-EA28-4176-B50C-5C92A380C903}.Debug|Any CPU.Build.0 = Debug|Any CPU
		{3321FDEC-EA28-4176-B50C-5C92A380C903}.Release|Any CPU.ActiveCfg = Release|Any CPU
		{3321FDEC-EA28-4176-B50C-5C92A380C903}.Release|Any CPU.Build.0 = Release|Any CPU
		{EC6945EA-916E-4AD5-9004-4B1BC9BF6DEF}.Debug|Any CPU.ActiveCfg = Debug|Any CPU
		{EC6945EA-916E-4AD5-9004-4B1BC9BF6DEF}.Debug|Any CPU.Build.0 = Debug|Any CPU
		{EC6945EA-916E-4AD5-9004-4B1BC9BF6DEF}.Release|Any CPU.ActiveCfg = Release|Any CPU
		{EC6945EA-916E-4AD5-9004-4B1BC9BF6DEF}.Release|Any CPU.Build.0 = Release|Any CPU
		{313B7475-5108-49AD-AE7E-5750DB808924}.Debug|Any CPU.ActiveCfg = Debug|Any CPU
		{313B7475-5108-49AD-AE7E-5750DB808924}.Debug|Any CPU.Build.0 = Debug|Any CPU
		{313B7475-5108-49AD-AE7E-5750DB808924}.Release|Any CPU.ActiveCfg = Release|Any CPU
		{313B7475-5108-49AD-AE7E-5750DB808924}.Release|Any CPU.Build.0 = Release|Any CPU
		{18DD4C42-4992-40EA-A94D-A8735939DB4D}.Debug|Any CPU.ActiveCfg = Debug|Any CPU
		{18DD4C42-4992-40EA-A94D-A8735939DB4D}.Debug|Any CPU.Build.0 = Debug|Any CPU
		{18DD4C42-4992-40EA-A94D-A8735939DB4D}.Release|Any CPU.ActiveCfg = Release|Any CPU
		{18DD4C42-4992-40EA-A94D-A8735939DB4D}.Release|Any CPU.Build.0 = Release|Any CPU
		{BE0AE93C-D4D0-49CF-9A20-82970C1F1991}.Debug|Any CPU.ActiveCfg = Debug|Any CPU
		{BE0AE93C-D4D0-49CF-9A20-82970C1F1991}.Debug|Any CPU.Build.0 = Debug|Any CPU
		{BE0AE93C-D4D0-49CF-9A20-82970C1F1991}.Release|Any CPU.ActiveCfg = Release|Any CPU
		{BE0AE93C-D4D0-49CF-9A20-82970C1F1991}.Release|Any CPU.Build.0 = Release|Any CPU
		{D0222F87-8541-4DE6-8A45-A6B8ABAC5BF0}.Debug|Any CPU.ActiveCfg = Debug|Any CPU
		{D0222F87-8541-4DE6-8A45-A6B8ABAC5BF0}.Debug|Any CPU.Build.0 = Debug|Any CPU
		{D0222F87-8541-4DE6-8A45-A6B8ABAC5BF0}.Release|Any CPU.ActiveCfg = Release|Any CPU
		{D0222F87-8541-4DE6-8A45-A6B8ABAC5BF0}.Release|Any CPU.Build.0 = Release|Any CPU
		{017FC344-957D-47BC-AC3A-6C8C5C67E088}.Debug|Any CPU.ActiveCfg = Debug|Any CPU
		{017FC344-957D-47BC-AC3A-6C8C5C67E088}.Debug|Any CPU.Build.0 = Debug|Any CPU
		{017FC344-957D-47BC-AC3A-6C8C5C67E088}.Release|Any CPU.ActiveCfg = Release|Any CPU
		{017FC344-957D-47BC-AC3A-6C8C5C67E088}.Release|Any CPU.Build.0 = Release|Any CPU
		{1DB75314-E07A-4F2A-AEB4-7BB16FEC2982}.Debug|Any CPU.ActiveCfg = Debug|Any CPU
		{1DB75314-E07A-4F2A-AEB4-7BB16FEC2982}.Debug|Any CPU.Build.0 = Debug|Any CPU
		{1DB75314-E07A-4F2A-AEB4-7BB16FEC2982}.Release|Any CPU.ActiveCfg = Release|Any CPU
		{1DB75314-E07A-4F2A-AEB4-7BB16FEC2982}.Release|Any CPU.Build.0 = Release|Any CPU
		{CE0295EE-5437-47BB-9B84-1856D750CA7C}.Debug|Any CPU.ActiveCfg = Debug|Any CPU
		{CE0295EE-5437-47BB-9B84-1856D750CA7C}.Debug|Any CPU.Build.0 = Debug|Any CPU
		{CE0295EE-5437-47BB-9B84-1856D750CA7C}.Release|Any CPU.ActiveCfg = Release|Any CPU
		{CE0295EE-5437-47BB-9B84-1856D750CA7C}.Release|Any CPU.Build.0 = Release|Any CPU
		{4F2FA97A-5F7F-4728-BF2D-1B974410F011}.Debug|Any CPU.ActiveCfg = Debug|Any CPU
		{4F2FA97A-5F7F-4728-BF2D-1B974410F011}.Debug|Any CPU.Build.0 = Debug|Any CPU
		{4F2FA97A-5F7F-4728-BF2D-1B974410F011}.Release|Any CPU.ActiveCfg = Release|Any CPU
		{4F2FA97A-5F7F-4728-BF2D-1B974410F011}.Release|Any CPU.Build.0 = Release|Any CPU
		{1539FCE1-2405-422B-9DA1-0E2C4A459E19}.Debug|Any CPU.ActiveCfg = Debug|Any CPU
		{1539FCE1-2405-422B-9DA1-0E2C4A459E19}.Debug|Any CPU.Build.0 = Debug|Any CPU
		{1539FCE1-2405-422B-9DA1-0E2C4A459E19}.Release|Any CPU.ActiveCfg = Release|Any CPU
		{1539FCE1-2405-422B-9DA1-0E2C4A459E19}.Release|Any CPU.Build.0 = Release|Any CPU
	EndGlobalSection
	GlobalSection(SolutionProperties) = preSolution
		HideSolutionNode = FALSE
	EndGlobalSection
	GlobalSection(ExtensibilityGlobals) = postSolution
		SolutionGuid = {62EB6997-72B0-497D-84BF-DD50DE1D07B9}
	EndGlobalSection
EndGlobal
